
Microsoft Visual Studio Solution File, Format Version 12.00
# Visual Studio 14
VisualStudioVersion = 14.0.24720.0
MinimumVisualStudioVersion = 10.0.40219.1
Project("{F184B08F-C81C-45F6-A57F-5ABD9991F28F}") = "GCModeller", "GCModeller\GCModeller.vbproj", "{229DEAA1-17DA-4DBD-BE16-A3D61F6CEC17}"
EndProject
Project("{F184B08F-C81C-45F6-A57F-5ABD9991F28F}") = "MEME", "MEME\MEME.vbproj", "{57F96B4E-1C2A-401E-B22A-374BDF74AFD5}"
EndProject
Project("{2150E333-8FDC-42A3-9474-1A3956D46DE8}") = "Framework", "Framework", "{494D9433-8C9C-4A0A-B137-405BBF8EB693}"
EndProject
Project("{F184B08F-C81C-45F6-A57F-5ABD9991F28F}") = "ReportBuilder", "..\..\..\GCI Project\GCModeller Workbench\ReportBuilder\ReportBuilder.vbproj", "{EEB2BB03-20B0-4381-8A9E-E2210EB568A5}"
EndProject
Project("{D954291E-2A0B-460D-934E-DC6B0785DB48}") = "MailServices", "MailServices\MailServices.shproj", "{C69BCF0F-31A9-4359-938D-3B2999031231}"
EndProject
Project("{D954291E-2A0B-460D-934E-DC6B0785DB48}") = "Settings.Configuration", "..\..\..\GCI Project\Settings\Shared\Settings.Configuration\Settings.Configuration.shproj", "{E8CABDE9-5471-4EB6-8ABC-54C95D3B1512}"
EndProject
Project("{2150E333-8FDC-42A3-9474-1A3956D46DE8}") = "Services", "Services", "{C4E7EDBE-4239-49B4-BBCF-2C8938777069}"
EndProject
Project("{2150E333-8FDC-42A3-9474-1A3956D46DE8}") = "GCModeller.Shared", "GCModeller.Shared", "{3B073DFC-6127-4CD2-A69D-B67E0A37A74D}"
EndProject
Project("{F184B08F-C81C-45F6-A57F-5ABD9991F28F}") = "GCModeller.WebAPP.Framework", "GCModeller.WebAPP.Framework\GCModeller.WebAPP.Framework.vbproj", "{52F21EEE-6852-4F63-B835-E5417060E592}"
EndProject
Project("{F184B08F-C81C-45F6-A57F-5ABD9991F28F}") = "REST", "REST\REST.vbproj", "{6AC6AFC2-BCA9-4562-8824-C3669A76C94B}"
EndProject
Project("{F184B08F-C81C-45F6-A57F-5ABD9991F28F}") = "+Microsoft.VisualBasic.Architecture.Framework", "..\..\..\..\VisualBasic_AppFramework\Microsoft.VisualBasic.Architecture.Framework\+Microsoft.VisualBasic.Architecture.Framework.vbproj", "{FECCE1FD-E1D4-49E3-A668-60BB5E7AED99}"
EndProject
Project("{F184B08F-C81C-45F6-A57F-5ABD9991F28F}") = "DocumentFormat.Csv", "..\..\..\..\VisualBasic_AppFramework\DocumentFormats\DocumentFormat.Csv\DocumentFormat.Csv.vbproj", "{1D8910C2-ADA2-4306-96DC-A61B494522ED}"
EndProject
Project("{F184B08F-C81C-45F6-A57F-5ABD9991F28F}") = "SMRUCC.HTTPInternal", "..\..\..\..\REST_Framework\HTTPServer\SMRUCC.HTTPInternal\SMRUCC.HTTPInternal.vbproj", "{FBFC1455-B232-4F16-AFC7-4054A8B864AB}"
EndProject
Project("{F184B08F-C81C-45F6-A57F-5ABD9991F28F}") = "httpd", "..\..\..\..\REST_Framework\HTTPServer\REST\httpd.vbproj", "{CE825E49-0386-4AB1-B452-B104ED3F7DEB}"
EndProject
Global
	GlobalSection(SharedMSBuildProjectFiles) = preSolution
		MailServices\MailServices.projitems*{229deaa1-17da-4dbd-be16-a3d61f6cec17}*SharedItemsImports = 4
		..\..\..\GCI Project\Settings\Shared\Settings.Configuration\Settings.Configuration.projitems*{229deaa1-17da-4dbd-be16-a3d61f6cec17}*SharedItemsImports = 4
		MailServices\MailServices.projitems*{c69bcf0f-31a9-4359-938d-3b2999031231}*SharedItemsImports = 13
		..\..\..\GCI Project\Settings\Shared\Settings.Configuration\Settings.Configuration.projitems*{52f21eee-6852-4f63-b835-e5417060e592}*SharedItemsImports = 4
		..\..\..\GCI Project\Settings\Shared\Settings.Configuration\Settings.Configuration.projitems*{e8cabde9-5471-4eb6-8abc-54c95d3b1512}*SharedItemsImports = 13
		MailServices\MailServices.projitems*{6ac6afc2-bca9-4562-8824-c3669a76c94b}*SharedItemsImports = 4
		..\..\..\GCI Project\Settings\Shared\Settings.Configuration\Settings.Configuration.projitems*{6ac6afc2-bca9-4562-8824-c3669a76c94b}*SharedItemsImports = 4
		MailServices\MailServices.projitems*{57f96b4e-1c2a-401e-b22a-374bdf74afd5}*SharedItemsImports = 4
		..\..\..\GCI Project\Settings\Shared\Settings.Configuration\Settings.Configuration.projitems*{57f96b4e-1c2a-401e-b22a-374bdf74afd5}*SharedItemsImports = 4
		..\..\..\..\VisualBasic_AppFramework\SharedProject.VB_FrameworkExtensions\SharedProject.VB_FrameworkExtensions.projitems*{fecce1fd-e1d4-49e3-a668-60bb5e7aed99}*SharedItemsImports = 4
	EndGlobalSection
	GlobalSection(SolutionConfigurationPlatforms) = preSolution
		Debug|Any CPU = Debug|Any CPU
		Debug|x64 = Debug|x64
		Debug|x86 = Debug|x86
		Release|Any CPU = Release|Any CPU
		Release|x64 = Release|x64
		Release|x86 = Release|x86
	EndGlobalSection
	GlobalSection(ProjectConfigurationPlatforms) = postSolution
		{229DEAA1-17DA-4DBD-BE16-A3D61F6CEC17}.Debug|Any CPU.ActiveCfg = Debug|Any CPU
		{229DEAA1-17DA-4DBD-BE16-A3D61F6CEC17}.Debug|Any CPU.Build.0 = Debug|Any CPU
		{229DEAA1-17DA-4DBD-BE16-A3D61F6CEC17}.Debug|x64.ActiveCfg = Debug|Any CPU
		{229DEAA1-17DA-4DBD-BE16-A3D61F6CEC17}.Debug|x64.Build.0 = Debug|Any CPU
		{229DEAA1-17DA-4DBD-BE16-A3D61F6CEC17}.Debug|x86.ActiveCfg = Debug|Any CPU
		{229DEAA1-17DA-4DBD-BE16-A3D61F6CEC17}.Debug|x86.Build.0 = Debug|Any CPU
		{229DEAA1-17DA-4DBD-BE16-A3D61F6CEC17}.Release|Any CPU.ActiveCfg = Release|Any CPU
		{229DEAA1-17DA-4DBD-BE16-A3D61F6CEC17}.Release|Any CPU.Build.0 = Release|Any CPU
		{229DEAA1-17DA-4DBD-BE16-A3D61F6CEC17}.Release|x64.ActiveCfg = Release|x64
		{229DEAA1-17DA-4DBD-BE16-A3D61F6CEC17}.Release|x64.Build.0 = Release|x64
		{229DEAA1-17DA-4DBD-BE16-A3D61F6CEC17}.Release|x86.ActiveCfg = Release|Any CPU
		{229DEAA1-17DA-4DBD-BE16-A3D61F6CEC17}.Release|x86.Build.0 = Release|Any CPU
		{57F96B4E-1C2A-401E-B22A-374BDF74AFD5}.Debug|Any CPU.ActiveCfg = Debug|Any CPU
		{57F96B4E-1C2A-401E-B22A-374BDF74AFD5}.Debug|Any CPU.Build.0 = Debug|Any CPU
		{57F96B4E-1C2A-401E-B22A-374BDF74AFD5}.Debug|x64.ActiveCfg = Debug|Any CPU
		{57F96B4E-1C2A-401E-B22A-374BDF74AFD5}.Debug|x64.Build.0 = Debug|Any CPU
		{57F96B4E-1C2A-401E-B22A-374BDF74AFD5}.Debug|x86.ActiveCfg = Debug|Any CPU
		{57F96B4E-1C2A-401E-B22A-374BDF74AFD5}.Debug|x86.Build.0 = Debug|Any CPU
		{57F96B4E-1C2A-401E-B22A-374BDF74AFD5}.Release|Any CPU.ActiveCfg = Release|Any CPU
		{57F96B4E-1C2A-401E-B22A-374BDF74AFD5}.Release|Any CPU.Build.0 = Release|Any CPU
		{57F96B4E-1C2A-401E-B22A-374BDF74AFD5}.Release|x64.ActiveCfg = Release|x64
		{57F96B4E-1C2A-401E-B22A-374BDF74AFD5}.Release|x64.Build.0 = Release|x64
		{57F96B4E-1C2A-401E-B22A-374BDF74AFD5}.Release|x86.ActiveCfg = Release|Any CPU
		{57F96B4E-1C2A-401E-B22A-374BDF74AFD5}.Release|x86.Build.0 = Release|Any CPU
		{EEB2BB03-20B0-4381-8A9E-E2210EB568A5}.Debug|Any CPU.ActiveCfg = Debug|Any CPU
		{EEB2BB03-20B0-4381-8A9E-E2210EB568A5}.Debug|Any CPU.Build.0 = Debug|Any CPU
		{EEB2BB03-20B0-4381-8A9E-E2210EB568A5}.Debug|x64.ActiveCfg = Debug|x64
		{EEB2BB03-20B0-4381-8A9E-E2210EB568A5}.Debug|x64.Build.0 = Debug|x64
		{EEB2BB03-20B0-4381-8A9E-E2210EB568A5}.Debug|x86.ActiveCfg = Debug|Any CPU
		{EEB2BB03-20B0-4381-8A9E-E2210EB568A5}.Debug|x86.Build.0 = Debug|Any CPU
		{EEB2BB03-20B0-4381-8A9E-E2210EB568A5}.Release|Any CPU.ActiveCfg = Release|Any CPU
		{EEB2BB03-20B0-4381-8A9E-E2210EB568A5}.Release|Any CPU.Build.0 = Release|Any CPU
		{EEB2BB03-20B0-4381-8A9E-E2210EB568A5}.Release|x64.ActiveCfg = Release|x64
		{EEB2BB03-20B0-4381-8A9E-E2210EB568A5}.Release|x64.Build.0 = Release|x64
		{EEB2BB03-20B0-4381-8A9E-E2210EB568A5}.Release|x86.ActiveCfg = Release|Any CPU
		{EEB2BB03-20B0-4381-8A9E-E2210EB568A5}.Release|x86.Build.0 = Release|Any CPU
		{52F21EEE-6852-4F63-B835-E5417060E592}.Debug|Any CPU.ActiveCfg = Debug|Any CPU
		{52F21EEE-6852-4F63-B835-E5417060E592}.Debug|Any CPU.Build.0 = Debug|Any CPU
		{52F21EEE-6852-4F63-B835-E5417060E592}.Debug|x64.ActiveCfg = Debug|Any CPU
		{52F21EEE-6852-4F63-B835-E5417060E592}.Debug|x64.Build.0 = Debug|Any CPU
		{52F21EEE-6852-4F63-B835-E5417060E592}.Debug|x86.ActiveCfg = Debug|Any CPU
		{52F21EEE-6852-4F63-B835-E5417060E592}.Debug|x86.Build.0 = Debug|Any CPU
		{52F21EEE-6852-4F63-B835-E5417060E592}.Release|Any CPU.ActiveCfg = Release|Any CPU
		{52F21EEE-6852-4F63-B835-E5417060E592}.Release|Any CPU.Build.0 = Release|Any CPU
		{52F21EEE-6852-4F63-B835-E5417060E592}.Release|x64.ActiveCfg = Release|x64
		{52F21EEE-6852-4F63-B835-E5417060E592}.Release|x64.Build.0 = Release|x64
		{52F21EEE-6852-4F63-B835-E5417060E592}.Release|x86.ActiveCfg = Release|Any CPU
		{52F21EEE-6852-4F63-B835-E5417060E592}.Release|x86.Build.0 = Release|Any CPU
		{6AC6AFC2-BCA9-4562-8824-C3669A76C94B}.Debug|Any CPU.ActiveCfg = Debug|Any CPU
		{6AC6AFC2-BCA9-4562-8824-C3669A76C94B}.Debug|Any CPU.Build.0 = Debug|Any CPU
		{6AC6AFC2-BCA9-4562-8824-C3669A76C94B}.Debug|x64.ActiveCfg = Debug|Any CPU
		{6AC6AFC2-BCA9-4562-8824-C3669A76C94B}.Debug|x64.Build.0 = Debug|Any CPU
		{6AC6AFC2-BCA9-4562-8824-C3669A76C94B}.Debug|x86.ActiveCfg = Debug|Any CPU
		{6AC6AFC2-BCA9-4562-8824-C3669A76C94B}.Debug|x86.Build.0 = Debug|Any CPU
		{6AC6AFC2-BCA9-4562-8824-C3669A76C94B}.Release|Any CPU.ActiveCfg = Release|Any CPU
		{6AC6AFC2-BCA9-4562-8824-C3669A76C94B}.Release|Any CPU.Build.0 = Release|Any CPU
		{6AC6AFC2-BCA9-4562-8824-C3669A76C94B}.Release|x64.ActiveCfg = Release|x64
		{6AC6AFC2-BCA9-4562-8824-C3669A76C94B}.Release|x64.Build.0 = Release|x64
		{6AC6AFC2-BCA9-4562-8824-C3669A76C94B}.Release|x86.ActiveCfg = Release|Any CPU
		{6AC6AFC2-BCA9-4562-8824-C3669A76C94B}.Release|x86.Build.0 = Release|Any CPU
		{FECCE1FD-E1D4-49E3-A668-60BB5E7AED99}.Debug|Any CPU.ActiveCfg = Debug|Any CPU
		{FECCE1FD-E1D4-49E3-A668-60BB5E7AED99}.Debug|Any CPU.Build.0 = Debug|Any CPU
		{FECCE1FD-E1D4-49E3-A668-60BB5E7AED99}.Debug|x64.ActiveCfg = Debug|x64
		{FECCE1FD-E1D4-49E3-A668-60BB5E7AED99}.Debug|x64.Build.0 = Debug|x64
		{FECCE1FD-E1D4-49E3-A668-60BB5E7AED99}.Debug|x86.ActiveCfg = Debug|x86
		{FECCE1FD-E1D4-49E3-A668-60BB5E7AED99}.Debug|x86.Build.0 = Debug|x86
		{FECCE1FD-E1D4-49E3-A668-60BB5E7AED99}.Release|Any CPU.ActiveCfg = Release|Any CPU
		{FECCE1FD-E1D4-49E3-A668-60BB5E7AED99}.Release|Any CPU.Build.0 = Release|Any CPU
		{FECCE1FD-E1D4-49E3-A668-60BB5E7AED99}.Release|x64.ActiveCfg = Release|x64
		{FECCE1FD-E1D4-49E3-A668-60BB5E7AED99}.Release|x64.Build.0 = Release|x64
		{FECCE1FD-E1D4-49E3-A668-60BB5E7AED99}.Release|x86.ActiveCfg = Release|x86
		{FECCE1FD-E1D4-49E3-A668-60BB5E7AED99}.Release|x86.Build.0 = Release|x86
		{1D8910C2-ADA2-4306-96DC-A61B494522ED}.Debug|Any CPU.ActiveCfg = Debug|Any CPU
		{1D8910C2-ADA2-4306-96DC-A61B494522ED}.Debug|Any CPU.Build.0 = Debug|Any CPU
		{1D8910C2-ADA2-4306-96DC-A61B494522ED}.Debug|x64.ActiveCfg = Debug|x64
		{1D8910C2-ADA2-4306-96DC-A61B494522ED}.Debug|x64.Build.0 = Debug|x64
		{1D8910C2-ADA2-4306-96DC-A61B494522ED}.Debug|x86.ActiveCfg = Debug|x86
		{1D8910C2-ADA2-4306-96DC-A61B494522ED}.Debug|x86.Build.0 = Debug|x86
		{1D8910C2-ADA2-4306-96DC-A61B494522ED}.Release|Any CPU.ActiveCfg = Release|Any CPU
		{1D8910C2-ADA2-4306-96DC-A61B494522ED}.Release|Any CPU.Build.0 = Release|Any CPU
		{1D8910C2-ADA2-4306-96DC-A61B494522ED}.Release|x64.ActiveCfg = Release|x64
		{1D8910C2-ADA2-4306-96DC-A61B494522ED}.Release|x64.Build.0 = Release|x64
		{1D8910C2-ADA2-4306-96DC-A61B494522ED}.Release|x86.ActiveCfg = Release|x86
		{1D8910C2-ADA2-4306-96DC-A61B494522ED}.Release|x86.Build.0 = Release|x86
		{FBFC1455-B232-4F16-AFC7-4054A8B864AB}.Debug|Any CPU.ActiveCfg = Debug|Any CPU
		{FBFC1455-B232-4F16-AFC7-4054A8B864AB}.Debug|Any CPU.Build.0 = Debug|Any CPU
		{FBFC1455-B232-4F16-AFC7-4054A8B864AB}.Debug|x64.ActiveCfg = Debug|x64
		{FBFC1455-B232-4F16-AFC7-4054A8B864AB}.Debug|x64.Build.0 = Debug|x64
		{FBFC1455-B232-4F16-AFC7-4054A8B864AB}.Debug|x86.ActiveCfg = Debug|Any CPU
		{FBFC1455-B232-4F16-AFC7-4054A8B864AB}.Debug|x86.Build.0 = Debug|Any CPU
		{FBFC1455-B232-4F16-AFC7-4054A8B864AB}.Release|Any CPU.ActiveCfg = Release|Any CPU
		{FBFC1455-B232-4F16-AFC7-4054A8B864AB}.Release|Any CPU.Build.0 = Release|Any CPU
		{FBFC1455-B232-4F16-AFC7-4054A8B864AB}.Release|x64.ActiveCfg = Release|x64
		{FBFC1455-B232-4F16-AFC7-4054A8B864AB}.Release|x64.Build.0 = Release|x64
		{FBFC1455-B232-4F16-AFC7-4054A8B864AB}.Release|x86.ActiveCfg = Release|Any CPU
		{FBFC1455-B232-4F16-AFC7-4054A8B864AB}.Release|x86.Build.0 = Release|Any CPU
		{CE825E49-0386-4AB1-B452-B104ED3F7DEB}.Debug|Any CPU.ActiveCfg = Debug|Any CPU
		{CE825E49-0386-4AB1-B452-B104ED3F7DEB}.Debug|Any CPU.Build.0 = Debug|Any CPU
		{CE825E49-0386-4AB1-B452-B104ED3F7DEB}.Debug|x64.ActiveCfg = Debug|x64
		{CE825E49-0386-4AB1-B452-B104ED3F7DEB}.Debug|x64.Build.0 = Debug|x64
		{CE825E49-0386-4AB1-B452-B104ED3F7DEB}.Debug|x86.ActiveCfg = Debug|Any CPU
		{CE825E49-0386-4AB1-B452-B104ED3F7DEB}.Debug|x86.Build.0 = Debug|Any CPU
		{CE825E49-0386-4AB1-B452-B104ED3F7DEB}.Release|Any CPU.ActiveCfg = Release|Any CPU
		{CE825E49-0386-4AB1-B452-B104ED3F7DEB}.Release|Any CPU.Build.0 = Release|Any CPU
		{CE825E49-0386-4AB1-B452-B104ED3F7DEB}.Release|x64.ActiveCfg = Release|x64
		{CE825E49-0386-4AB1-B452-B104ED3F7DEB}.Release|x64.Build.0 = Release|x64
		{CE825E49-0386-4AB1-B452-B104ED3F7DEB}.Release|x86.ActiveCfg = Release|Any CPU
		{CE825E49-0386-4AB1-B452-B104ED3F7DEB}.Release|x86.Build.0 = Release|Any CPU
	EndGlobalSection
	GlobalSection(SolutionProperties) = preSolution
		HideSolutionNode = FALSE
	EndGlobalSection
	GlobalSection(NestedProjects) = preSolution
		{229DEAA1-17DA-4DBD-BE16-A3D61F6CEC17} = {C4E7EDBE-4239-49B4-BBCF-2C8938777069}
		{57F96B4E-1C2A-401E-B22A-374BDF74AFD5} = {C4E7EDBE-4239-49B4-BBCF-2C8938777069}
		{EEB2BB03-20B0-4381-8A9E-E2210EB568A5} = {3B073DFC-6127-4CD2-A69D-B67E0A37A74D}
		{C69BCF0F-31A9-4359-938D-3B2999031231} = {3B073DFC-6127-4CD2-A69D-B67E0A37A74D}
		{E8CABDE9-5471-4EB6-8ABC-54C95D3B1512} = {3B073DFC-6127-4CD2-A69D-B67E0A37A74D}
		{52F21EEE-6852-4F63-B835-E5417060E592} = {C4E7EDBE-4239-49B4-BBCF-2C8938777069}
		{6AC6AFC2-BCA9-4562-8824-C3669A76C94B} = {C4E7EDBE-4239-49B4-BBCF-2C8938777069}
		{FECCE1FD-E1D4-49E3-A668-60BB5E7AED99} = {494D9433-8C9C-4A0A-B137-405BBF8EB693}
		{1D8910C2-ADA2-4306-96DC-A61B494522ED} = {494D9433-8C9C-4A0A-B137-405BBF8EB693}
		{FBFC1455-B232-4F16-AFC7-4054A8B864AB} = {494D9433-8C9C-4A0A-B137-405BBF8EB693}
		{CE825E49-0386-4AB1-B452-B104ED3F7DEB} = {494D9433-8C9C-4A0A-B137-405BBF8EB693}
	EndGlobalSection
EndGlobal
