
Microsoft Visual Studio Solution File, Format Version 12.00
# Visual Studio 14
VisualStudioVersion = 14.0.25402.0
MinimumVisualStudioVersion = 10.0.40219.1
Project("{2150E333-8FDC-42A3-9474-1A3956D46DE8}") = "Framework", "Framework", "{494D9433-8C9C-4A0A-B137-405BBF8EB693}"
EndProject
Project("{D954291E-2A0B-460D-934E-DC6B0785DB48}") = "MailServices", "MailServices\MailServices.shproj", "{C69BCF0F-31A9-4359-938D-3B2999031231}"
EndProject
Project("{2150E333-8FDC-42A3-9474-1A3956D46DE8}") = "Services", "Services", "{C4E7EDBE-4239-49B4-BBCF-2C8938777069}"
EndProject
Project("{2150E333-8FDC-42A3-9474-1A3956D46DE8}") = "GCModeller.Shared", "GCModeller.Shared", "{3B073DFC-6127-4CD2-A69D-B67E0A37A74D}"
EndProject
Project("{F184B08F-C81C-45F6-A57F-5ABD9991F28F}") = "SMRUCC.HTTPInternal", "..\..\REST_Framework\HTTPServer\SMRUCC.HTTPInternal\SMRUCC.HTTPInternal.vbproj", "{FBFC1455-B232-4F16-AFC7-4054A8B864AB}"
EndProject
Project("{F184B08F-C81C-45F6-A57F-5ABD9991F28F}") = "httpd", "..\..\REST_Framework\HTTPServer\REST\httpd.vbproj", "{CE825E49-0386-4AB1-B452-B104ED3F7DEB}"
EndProject
Project("{F184B08F-C81C-45F6-A57F-5ABD9991F28F}") = "+Microsoft.VisualBasic.Architecture.Framework", "..\..\VisualBasic_AppFramework\Microsoft.VisualBasic.Architecture.Framework\+Microsoft.VisualBasic.Architecture.Framework.vbproj", "{FECCE1FD-E1D4-49E3-A668-60BB5E7AED99}"
EndProject
Project("{F184B08F-C81C-45F6-A57F-5ABD9991F28F}") = "GCModeller", "GCModeller\GCModeller.vbproj", "{229DEAA1-17DA-4DBD-BE16-A3D61F6CEC17}"
EndProject
Project("{F184B08F-C81C-45F6-A57F-5ABD9991F28F}") = "GCModeller.WebAPP.Framework", "GCModeller.WebAPP.Framework\GCModeller.WebAPP.Framework.vbproj", "{52F21EEE-6852-4F63-B835-E5417060E592}"
EndProject
Project("{F184B08F-C81C-45F6-A57F-5ABD9991F28F}") = "MEME", "MEME\MEME.vbproj", "{57F96B4E-1C2A-401E-B22A-374BDF74AFD5}"
EndProject
Project("{F184B08F-C81C-45F6-A57F-5ABD9991F28F}") = "REST", "REST\REST.vbproj", "{6AC6AFC2-BCA9-4562-8824-C3669A76C94B}"
EndProject
Project("{F184B08F-C81C-45F6-A57F-5ABD9991F28F}") = "ReportBuilder", "..\..\GCModeller\src\workbench\ReportBuilder\ReportBuilder.vbproj", "{EEB2BB03-20B0-4381-8A9E-E2210EB568A5}"
EndProject
Global
	GlobalSection(SharedMSBuildProjectFiles) = preSolution
		MailServices\MailServices.projitems*{229deaa1-17da-4dbd-be16-a3d61f6cec17}*SharedItemsImports = 4
		MailServices\MailServices.projitems*{57f96b4e-1c2a-401e-b22a-374bdf74afd5}*SharedItemsImports = 4
		MailServices\MailServices.projitems*{6ac6afc2-bca9-4562-8824-c3669a76c94b}*SharedItemsImports = 4
		MailServices\MailServices.projitems*{c69bcf0f-31a9-4359-938d-3b2999031231}*SharedItemsImports = 13
	EndGlobalSection
	GlobalSection(SolutionConfigurationPlatforms) = preSolution
		Debug|Any CPU = Debug|Any CPU
		Debug|x64 = Debug|x64
		Debug|x86 = Debug|x86
		docs|Any CPU = docs|Any CPU
		docs|x64 = docs|x64
		docs|x86 = docs|x86
		Publish|Any CPU = Publish|Any CPU
		Publish|x64 = Publish|x64
		Publish|x86 = Publish|x86
		Release|Any CPU = Release|Any CPU
		Release|x64 = Release|x64
		Release|x86 = Release|x86
	EndGlobalSection
	GlobalSection(ProjectConfigurationPlatforms) = postSolution
		{FBFC1455-B232-4F16-AFC7-4054A8B864AB}.Debug|Any CPU.ActiveCfg = Debug|Any CPU
		{FBFC1455-B232-4F16-AFC7-4054A8B864AB}.Debug|Any CPU.Build.0 = Debug|Any CPU
		{FBFC1455-B232-4F16-AFC7-4054A8B864AB}.Debug|x64.ActiveCfg = Debug|x64
		{FBFC1455-B232-4F16-AFC7-4054A8B864AB}.Debug|x64.Build.0 = Debug|x64
		{FBFC1455-B232-4F16-AFC7-4054A8B864AB}.Debug|x86.ActiveCfg = Debug|Any CPU
		{FBFC1455-B232-4F16-AFC7-4054A8B864AB}.Debug|x86.Build.0 = Debug|Any CPU
		{FBFC1455-B232-4F16-AFC7-4054A8B864AB}.docs|Any CPU.ActiveCfg = docs|Any CPU
		{FBFC1455-B232-4F16-AFC7-4054A8B864AB}.docs|Any CPU.Build.0 = docs|Any CPU
		{FBFC1455-B232-4F16-AFC7-4054A8B864AB}.docs|x64.ActiveCfg = docs|x64
		{FBFC1455-B232-4F16-AFC7-4054A8B864AB}.docs|x64.Build.0 = docs|x64
		{FBFC1455-B232-4F16-AFC7-4054A8B864AB}.docs|x86.ActiveCfg = docs|x86
		{FBFC1455-B232-4F16-AFC7-4054A8B864AB}.docs|x86.Build.0 = docs|x86
		{FBFC1455-B232-4F16-AFC7-4054A8B864AB}.Publish|Any CPU.ActiveCfg = Publish|Any CPU
		{FBFC1455-B232-4F16-AFC7-4054A8B864AB}.Publish|Any CPU.Build.0 = Publish|Any CPU
		{FBFC1455-B232-4F16-AFC7-4054A8B864AB}.Publish|x64.ActiveCfg = Publish|x64
		{FBFC1455-B232-4F16-AFC7-4054A8B864AB}.Publish|x64.Build.0 = Publish|x64
		{FBFC1455-B232-4F16-AFC7-4054A8B864AB}.Publish|x86.ActiveCfg = Publish|x86
		{FBFC1455-B232-4F16-AFC7-4054A8B864AB}.Publish|x86.Build.0 = Publish|x86
		{FBFC1455-B232-4F16-AFC7-4054A8B864AB}.Release|Any CPU.ActiveCfg = Release|Any CPU
		{FBFC1455-B232-4F16-AFC7-4054A8B864AB}.Release|Any CPU.Build.0 = Release|Any CPU
		{FBFC1455-B232-4F16-AFC7-4054A8B864AB}.Release|x64.ActiveCfg = Release|x64
		{FBFC1455-B232-4F16-AFC7-4054A8B864AB}.Release|x64.Build.0 = Release|x64
		{FBFC1455-B232-4F16-AFC7-4054A8B864AB}.Release|x86.ActiveCfg = Release|Any CPU
		{FBFC1455-B232-4F16-AFC7-4054A8B864AB}.Release|x86.Build.0 = Release|Any CPU
		{CE825E49-0386-4AB1-B452-B104ED3F7DEB}.Debug|Any CPU.ActiveCfg = Debug|Any CPU
		{CE825E49-0386-4AB1-B452-B104ED3F7DEB}.Debug|Any CPU.Build.0 = Debug|Any CPU
		{CE825E49-0386-4AB1-B452-B104ED3F7DEB}.Debug|x64.ActiveCfg = Debug|x64
		{CE825E49-0386-4AB1-B452-B104ED3F7DEB}.Debug|x64.Build.0 = Debug|x64
		{CE825E49-0386-4AB1-B452-B104ED3F7DEB}.Debug|x86.ActiveCfg = Debug|Any CPU
		{CE825E49-0386-4AB1-B452-B104ED3F7DEB}.Debug|x86.Build.0 = Debug|Any CPU
		{CE825E49-0386-4AB1-B452-B104ED3F7DEB}.docs|Any CPU.ActiveCfg = docs|Any CPU
		{CE825E49-0386-4AB1-B452-B104ED3F7DEB}.docs|Any CPU.Build.0 = docs|Any CPU
		{CE825E49-0386-4AB1-B452-B104ED3F7DEB}.docs|x64.ActiveCfg = docs|x64
		{CE825E49-0386-4AB1-B452-B104ED3F7DEB}.docs|x64.Build.0 = docs|x64
		{CE825E49-0386-4AB1-B452-B104ED3F7DEB}.docs|x86.ActiveCfg = docs|x86
		{CE825E49-0386-4AB1-B452-B104ED3F7DEB}.docs|x86.Build.0 = docs|x86
		{CE825E49-0386-4AB1-B452-B104ED3F7DEB}.Publish|Any CPU.ActiveCfg = Publish|Any CPU
		{CE825E49-0386-4AB1-B452-B104ED3F7DEB}.Publish|Any CPU.Build.0 = Publish|Any CPU
		{CE825E49-0386-4AB1-B452-B104ED3F7DEB}.Publish|x64.ActiveCfg = Publish|x64
		{CE825E49-0386-4AB1-B452-B104ED3F7DEB}.Publish|x64.Build.0 = Publish|x64
		{CE825E49-0386-4AB1-B452-B104ED3F7DEB}.Publish|x86.ActiveCfg = Publish|x86
		{CE825E49-0386-4AB1-B452-B104ED3F7DEB}.Publish|x86.Build.0 = Publish|x86
		{CE825E49-0386-4AB1-B452-B104ED3F7DEB}.Release|Any CPU.ActiveCfg = Release|Any CPU
		{CE825E49-0386-4AB1-B452-B104ED3F7DEB}.Release|Any CPU.Build.0 = Release|Any CPU
		{CE825E49-0386-4AB1-B452-B104ED3F7DEB}.Release|x64.ActiveCfg = Release|x64
		{CE825E49-0386-4AB1-B452-B104ED3F7DEB}.Release|x64.Build.0 = Release|x64
		{CE825E49-0386-4AB1-B452-B104ED3F7DEB}.Release|x86.ActiveCfg = Release|Any CPU
		{CE825E49-0386-4AB1-B452-B104ED3F7DEB}.Release|x86.Build.0 = Release|Any CPU
		{FECCE1FD-E1D4-49E3-A668-60BB5E7AED99}.Debug|Any CPU.ActiveCfg = Debug|Any CPU
		{FECCE1FD-E1D4-49E3-A668-60BB5E7AED99}.Debug|Any CPU.Build.0 = Debug|Any CPU
		{FECCE1FD-E1D4-49E3-A668-60BB5E7AED99}.Debug|x64.ActiveCfg = Debug|x64
		{FECCE1FD-E1D4-49E3-A668-60BB5E7AED99}.Debug|x64.Build.0 = Debug|x64
		{FECCE1FD-E1D4-49E3-A668-60BB5E7AED99}.Debug|x86.ActiveCfg = Debug|x86
		{FECCE1FD-E1D4-49E3-A668-60BB5E7AED99}.Debug|x86.Build.0 = Debug|x86
		{FECCE1FD-E1D4-49E3-A668-60BB5E7AED99}.docs|Any CPU.ActiveCfg = docs|Any CPU
		{FECCE1FD-E1D4-49E3-A668-60BB5E7AED99}.docs|Any CPU.Build.0 = docs|Any CPU
		{FECCE1FD-E1D4-49E3-A668-60BB5E7AED99}.docs|x64.ActiveCfg = docs|x64
		{FECCE1FD-E1D4-49E3-A668-60BB5E7AED99}.docs|x64.Build.0 = docs|x64
		{FECCE1FD-E1D4-49E3-A668-60BB5E7AED99}.docs|x86.ActiveCfg = docs|x86
		{FECCE1FD-E1D4-49E3-A668-60BB5E7AED99}.docs|x86.Build.0 = docs|x86
		{FECCE1FD-E1D4-49E3-A668-60BB5E7AED99}.Publish|Any CPU.ActiveCfg = Publish|Any CPU
		{FECCE1FD-E1D4-49E3-A668-60BB5E7AED99}.Publish|Any CPU.Build.0 = Publish|Any CPU
		{FECCE1FD-E1D4-49E3-A668-60BB5E7AED99}.Publish|x64.ActiveCfg = Publish|x64
		{FECCE1FD-E1D4-49E3-A668-60BB5E7AED99}.Publish|x64.Build.0 = Publish|x64
		{FECCE1FD-E1D4-49E3-A668-60BB5E7AED99}.Publish|x86.ActiveCfg = Publish|x86
		{FECCE1FD-E1D4-49E3-A668-60BB5E7AED99}.Publish|x86.Build.0 = Publish|x86
		{FECCE1FD-E1D4-49E3-A668-60BB5E7AED99}.Release|Any CPU.ActiveCfg = Release|Any CPU
		{FECCE1FD-E1D4-49E3-A668-60BB5E7AED99}.Release|Any CPU.Build.0 = Release|Any CPU
		{FECCE1FD-E1D4-49E3-A668-60BB5E7AED99}.Release|x64.ActiveCfg = Release|x64
		{FECCE1FD-E1D4-49E3-A668-60BB5E7AED99}.Release|x64.Build.0 = Release|x64
		{FECCE1FD-E1D4-49E3-A668-60BB5E7AED99}.Release|x86.ActiveCfg = Release|x86
		{FECCE1FD-E1D4-49E3-A668-60BB5E7AED99}.Release|x86.Build.0 = Release|x86
		{229DEAA1-17DA-4DBD-BE16-A3D61F6CEC17}.Debug|Any CPU.ActiveCfg = Debug|Any CPU
		{229DEAA1-17DA-4DBD-BE16-A3D61F6CEC17}.Debug|Any CPU.Build.0 = Debug|Any CPU
		{229DEAA1-17DA-4DBD-BE16-A3D61F6CEC17}.Debug|x64.ActiveCfg = Debug|x64
		{229DEAA1-17DA-4DBD-BE16-A3D61F6CEC17}.Debug|x64.Build.0 = Debug|x64
		{229DEAA1-17DA-4DBD-BE16-A3D61F6CEC17}.Debug|x86.ActiveCfg = Debug|Any CPU
		{229DEAA1-17DA-4DBD-BE16-A3D61F6CEC17}.Debug|x86.Build.0 = Debug|Any CPU
		{229DEAA1-17DA-4DBD-BE16-A3D61F6CEC17}.docs|Any CPU.ActiveCfg = Debug|Any CPU
		{229DEAA1-17DA-4DBD-BE16-A3D61F6CEC17}.docs|Any CPU.Build.0 = Debug|Any CPU
		{229DEAA1-17DA-4DBD-BE16-A3D61F6CEC17}.docs|x64.ActiveCfg = Debug|x64
		{229DEAA1-17DA-4DBD-BE16-A3D61F6CEC17}.docs|x64.Build.0 = Debug|x64
		{229DEAA1-17DA-4DBD-BE16-A3D61F6CEC17}.docs|x86.ActiveCfg = Debug|Any CPU
		{229DEAA1-17DA-4DBD-BE16-A3D61F6CEC17}.docs|x86.Build.0 = Debug|Any CPU
		{229DEAA1-17DA-4DBD-BE16-A3D61F6CEC17}.Publish|Any CPU.ActiveCfg = Release|Any CPU
		{229DEAA1-17DA-4DBD-BE16-A3D61F6CEC17}.Publish|Any CPU.Build.0 = Release|Any CPU
		{229DEAA1-17DA-4DBD-BE16-A3D61F6CEC17}.Publish|x64.ActiveCfg = Release|x64
		{229DEAA1-17DA-4DBD-BE16-A3D61F6CEC17}.Publish|x64.Build.0 = Release|x64
		{229DEAA1-17DA-4DBD-BE16-A3D61F6CEC17}.Publish|x86.ActiveCfg = Release|Any CPU
		{229DEAA1-17DA-4DBD-BE16-A3D61F6CEC17}.Publish|x86.Build.0 = Release|Any CPU
		{229DEAA1-17DA-4DBD-BE16-A3D61F6CEC17}.Release|Any CPU.ActiveCfg = Release|Any CPU
		{229DEAA1-17DA-4DBD-BE16-A3D61F6CEC17}.Release|Any CPU.Build.0 = Release|Any CPU
		{229DEAA1-17DA-4DBD-BE16-A3D61F6CEC17}.Release|x64.ActiveCfg = Release|x64
		{229DEAA1-17DA-4DBD-BE16-A3D61F6CEC17}.Release|x64.Build.0 = Release|x64
		{229DEAA1-17DA-4DBD-BE16-A3D61F6CEC17}.Release|x86.ActiveCfg = Release|Any CPU
		{229DEAA1-17DA-4DBD-BE16-A3D61F6CEC17}.Release|x86.Build.0 = Release|Any CPU
		{52F21EEE-6852-4F63-B835-E5417060E592}.Debug|Any CPU.ActiveCfg = Debug|Any CPU
		{52F21EEE-6852-4F63-B835-E5417060E592}.Debug|Any CPU.Build.0 = Debug|Any CPU
		{52F21EEE-6852-4F63-B835-E5417060E592}.Debug|x64.ActiveCfg = Debug|x64
		{52F21EEE-6852-4F63-B835-E5417060E592}.Debug|x64.Build.0 = Debug|x64
		{52F21EEE-6852-4F63-B835-E5417060E592}.Debug|x86.ActiveCfg = Debug|Any CPU
		{52F21EEE-6852-4F63-B835-E5417060E592}.Debug|x86.Build.0 = Debug|Any CPU
		{52F21EEE-6852-4F63-B835-E5417060E592}.docs|Any CPU.ActiveCfg = Debug|Any CPU
		{52F21EEE-6852-4F63-B835-E5417060E592}.docs|Any CPU.Build.0 = Debug|Any CPU
		{52F21EEE-6852-4F63-B835-E5417060E592}.docs|x64.ActiveCfg = Debug|x64
		{52F21EEE-6852-4F63-B835-E5417060E592}.docs|x64.Build.0 = Debug|x64
		{52F21EEE-6852-4F63-B835-E5417060E592}.docs|x86.ActiveCfg = Debug|Any CPU
		{52F21EEE-6852-4F63-B835-E5417060E592}.docs|x86.Build.0 = Debug|Any CPU
		{52F21EEE-6852-4F63-B835-E5417060E592}.Publish|Any CPU.ActiveCfg = Release|Any CPU
		{52F21EEE-6852-4F63-B835-E5417060E592}.Publish|Any CPU.Build.0 = Release|Any CPU
		{52F21EEE-6852-4F63-B835-E5417060E592}.Publish|x64.ActiveCfg = Release|x64
		{52F21EEE-6852-4F63-B835-E5417060E592}.Publish|x64.Build.0 = Release|x64
		{52F21EEE-6852-4F63-B835-E5417060E592}.Publish|x86.ActiveCfg = Release|Any CPU
		{52F21EEE-6852-4F63-B835-E5417060E592}.Publish|x86.Build.0 = Release|Any CPU
		{52F21EEE-6852-4F63-B835-E5417060E592}.Release|Any CPU.ActiveCfg = Release|Any CPU
		{52F21EEE-6852-4F63-B835-E5417060E592}.Release|Any CPU.Build.0 = Release|Any CPU
		{52F21EEE-6852-4F63-B835-E5417060E592}.Release|x64.ActiveCfg = Release|x64
		{52F21EEE-6852-4F63-B835-E5417060E592}.Release|x64.Build.0 = Release|x64
		{52F21EEE-6852-4F63-B835-E5417060E592}.Release|x86.ActiveCfg = Release|Any CPU
		{52F21EEE-6852-4F63-B835-E5417060E592}.Release|x86.Build.0 = Release|Any CPU
		{57F96B4E-1C2A-401E-B22A-374BDF74AFD5}.Debug|Any CPU.ActiveCfg = Debug|Any CPU
		{57F96B4E-1C2A-401E-B22A-374BDF74AFD5}.Debug|Any CPU.Build.0 = Debug|Any CPU
		{57F96B4E-1C2A-401E-B22A-374BDF74AFD5}.Debug|x64.ActiveCfg = Debug|x64
		{57F96B4E-1C2A-401E-B22A-374BDF74AFD5}.Debug|x64.Build.0 = Debug|x64
		{57F96B4E-1C2A-401E-B22A-374BDF74AFD5}.Debug|x86.ActiveCfg = Debug|Any CPU
		{57F96B4E-1C2A-401E-B22A-374BDF74AFD5}.Debug|x86.Build.0 = Debug|Any CPU
		{57F96B4E-1C2A-401E-B22A-374BDF74AFD5}.docs|Any CPU.ActiveCfg = Debug|Any CPU
		{57F96B4E-1C2A-401E-B22A-374BDF74AFD5}.docs|Any CPU.Build.0 = Debug|Any CPU
		{57F96B4E-1C2A-401E-B22A-374BDF74AFD5}.docs|x64.ActiveCfg = Debug|x64
		{57F96B4E-1C2A-401E-B22A-374BDF74AFD5}.docs|x64.Build.0 = Debug|x64
		{57F96B4E-1C2A-401E-B22A-374BDF74AFD5}.docs|x86.ActiveCfg = Debug|Any CPU
		{57F96B4E-1C2A-401E-B22A-374BDF74AFD5}.docs|x86.Build.0 = Debug|Any CPU
		{57F96B4E-1C2A-401E-B22A-374BDF74AFD5}.Publish|Any CPU.ActiveCfg = Release|Any CPU
		{57F96B4E-1C2A-401E-B22A-374BDF74AFD5}.Publish|Any CPU.Build.0 = Release|Any CPU
		{57F96B4E-1C2A-401E-B22A-374BDF74AFD5}.Publish|x64.ActiveCfg = Release|x64
		{57F96B4E-1C2A-401E-B22A-374BDF74AFD5}.Publish|x64.Build.0 = Release|x64
		{57F96B4E-1C2A-401E-B22A-374BDF74AFD5}.Publish|x86.ActiveCfg = Release|Any CPU
		{57F96B4E-1C2A-401E-B22A-374BDF74AFD5}.Publish|x86.Build.0 = Release|Any CPU
		{57F96B4E-1C2A-401E-B22A-374BDF74AFD5}.Release|Any CPU.ActiveCfg = Release|Any CPU
		{57F96B4E-1C2A-401E-B22A-374BDF74AFD5}.Release|Any CPU.Build.0 = Release|Any CPU
		{57F96B4E-1C2A-401E-B22A-374BDF74AFD5}.Release|x64.ActiveCfg = Release|x64
		{57F96B4E-1C2A-401E-B22A-374BDF74AFD5}.Release|x64.Build.0 = Release|x64
		{57F96B4E-1C2A-401E-B22A-374BDF74AFD5}.Release|x86.ActiveCfg = Release|Any CPU
		{57F96B4E-1C2A-401E-B22A-374BDF74AFD5}.Release|x86.Build.0 = Release|Any CPU
		{6AC6AFC2-BCA9-4562-8824-C3669A76C94B}.Debug|Any CPU.ActiveCfg = Debug|Any CPU
		{6AC6AFC2-BCA9-4562-8824-C3669A76C94B}.Debug|Any CPU.Build.0 = Debug|Any CPU
		{6AC6AFC2-BCA9-4562-8824-C3669A76C94B}.Debug|x64.ActiveCfg = Debug|x64
		{6AC6AFC2-BCA9-4562-8824-C3669A76C94B}.Debug|x64.Build.0 = Debug|x64
		{6AC6AFC2-BCA9-4562-8824-C3669A76C94B}.Debug|x86.ActiveCfg = Debug|Any CPU
		{6AC6AFC2-BCA9-4562-8824-C3669A76C94B}.Debug|x86.Build.0 = Debug|Any CPU
		{6AC6AFC2-BCA9-4562-8824-C3669A76C94B}.docs|Any CPU.ActiveCfg = Debug|Any CPU
		{6AC6AFC2-BCA9-4562-8824-C3669A76C94B}.docs|Any CPU.Build.0 = Debug|Any CPU
		{6AC6AFC2-BCA9-4562-8824-C3669A76C94B}.docs|x64.ActiveCfg = Debug|x64
		{6AC6AFC2-BCA9-4562-8824-C3669A76C94B}.docs|x64.Build.0 = Debug|x64
		{6AC6AFC2-BCA9-4562-8824-C3669A76C94B}.docs|x86.ActiveCfg = Debug|Any CPU
		{6AC6AFC2-BCA9-4562-8824-C3669A76C94B}.docs|x86.Build.0 = Debug|Any CPU
		{6AC6AFC2-BCA9-4562-8824-C3669A76C94B}.Publish|Any CPU.ActiveCfg = Release|Any CPU
		{6AC6AFC2-BCA9-4562-8824-C3669A76C94B}.Publish|Any CPU.Build.0 = Release|Any CPU
		{6AC6AFC2-BCA9-4562-8824-C3669A76C94B}.Publish|x64.ActiveCfg = Release|x64
		{6AC6AFC2-BCA9-4562-8824-C3669A76C94B}.Publish|x64.Build.0 = Release|x64
		{6AC6AFC2-BCA9-4562-8824-C3669A76C94B}.Publish|x86.ActiveCfg = Release|Any CPU
		{6AC6AFC2-BCA9-4562-8824-C3669A76C94B}.Publish|x86.Build.0 = Release|Any CPU
		{6AC6AFC2-BCA9-4562-8824-C3669A76C94B}.Release|Any CPU.ActiveCfg = Release|Any CPU
		{6AC6AFC2-BCA9-4562-8824-C3669A76C94B}.Release|Any CPU.Build.0 = Release|Any CPU
		{6AC6AFC2-BCA9-4562-8824-C3669A76C94B}.Release|x64.ActiveCfg = Release|x64
		{6AC6AFC2-BCA9-4562-8824-C3669A76C94B}.Release|x64.Build.0 = Release|x64
		{6AC6AFC2-BCA9-4562-8824-C3669A76C94B}.Release|x86.ActiveCfg = Release|Any CPU
		{6AC6AFC2-BCA9-4562-8824-C3669A76C94B}.Release|x86.Build.0 = Release|Any CPU
		{EEB2BB03-20B0-4381-8A9E-E2210EB568A5}.Debug|Any CPU.ActiveCfg = Debug|Any CPU
		{EEB2BB03-20B0-4381-8A9E-E2210EB568A5}.Debug|Any CPU.Build.0 = Debug|Any CPU
		{EEB2BB03-20B0-4381-8A9E-E2210EB568A5}.Debug|x64.ActiveCfg = Debug|x64
		{EEB2BB03-20B0-4381-8A9E-E2210EB568A5}.Debug|x64.Build.0 = Debug|x64
		{EEB2BB03-20B0-4381-8A9E-E2210EB568A5}.Debug|x86.ActiveCfg = Debug|x86
		{EEB2BB03-20B0-4381-8A9E-E2210EB568A5}.Debug|x86.Build.0 = Debug|x86
		{EEB2BB03-20B0-4381-8A9E-E2210EB568A5}.docs|Any CPU.ActiveCfg = docs|Any CPU
		{EEB2BB03-20B0-4381-8A9E-E2210EB568A5}.docs|Any CPU.Build.0 = docs|Any CPU
		{EEB2BB03-20B0-4381-8A9E-E2210EB568A5}.docs|x64.ActiveCfg = docs|x64
		{EEB2BB03-20B0-4381-8A9E-E2210EB568A5}.docs|x64.Build.0 = docs|x64
		{EEB2BB03-20B0-4381-8A9E-E2210EB568A5}.docs|x86.ActiveCfg = docs|x86
		{EEB2BB03-20B0-4381-8A9E-E2210EB568A5}.docs|x86.Build.0 = docs|x86
		{EEB2BB03-20B0-4381-8A9E-E2210EB568A5}.Publish|Any CPU.ActiveCfg = Publish|Any CPU
		{EEB2BB03-20B0-4381-8A9E-E2210EB568A5}.Publish|Any CPU.Build.0 = Publish|Any CPU
		{EEB2BB03-20B0-4381-8A9E-E2210EB568A5}.Publish|x64.ActiveCfg = Publish|x64
		{EEB2BB03-20B0-4381-8A9E-E2210EB568A5}.Publish|x64.Build.0 = Publish|x64
		{EEB2BB03-20B0-4381-8A9E-E2210EB568A5}.Publish|x86.ActiveCfg = Publish|x86
		{EEB2BB03-20B0-4381-8A9E-E2210EB568A5}.Publish|x86.Build.0 = Publish|x86
		{EEB2BB03-20B0-4381-8A9E-E2210EB568A5}.Release|Any CPU.ActiveCfg = Release|Any CPU
		{EEB2BB03-20B0-4381-8A9E-E2210EB568A5}.Release|Any CPU.Build.0 = Release|Any CPU
		{EEB2BB03-20B0-4381-8A9E-E2210EB568A5}.Release|x64.ActiveCfg = Release|x64
		{EEB2BB03-20B0-4381-8A9E-E2210EB568A5}.Release|x64.Build.0 = Release|x64
		{EEB2BB03-20B0-4381-8A9E-E2210EB568A5}.Release|x86.ActiveCfg = Release|x86
		{EEB2BB03-20B0-4381-8A9E-E2210EB568A5}.Release|x86.Build.0 = Release|x86
	EndGlobalSection
	GlobalSection(SolutionProperties) = preSolution
		HideSolutionNode = FALSE
	EndGlobalSection
	GlobalSection(NestedProjects) = preSolution
		{C69BCF0F-31A9-4359-938D-3B2999031231} = {3B073DFC-6127-4CD2-A69D-B67E0A37A74D}
		{FBFC1455-B232-4F16-AFC7-4054A8B864AB} = {494D9433-8C9C-4A0A-B137-405BBF8EB693}
		{CE825E49-0386-4AB1-B452-B104ED3F7DEB} = {494D9433-8C9C-4A0A-B137-405BBF8EB693}
		{FECCE1FD-E1D4-49E3-A668-60BB5E7AED99} = {494D9433-8C9C-4A0A-B137-405BBF8EB693}
		{229DEAA1-17DA-4DBD-BE16-A3D61F6CEC17} = {C4E7EDBE-4239-49B4-BBCF-2C8938777069}
		{52F21EEE-6852-4F63-B835-E5417060E592} = {C4E7EDBE-4239-49B4-BBCF-2C8938777069}
		{57F96B4E-1C2A-401E-B22A-374BDF74AFD5} = {C4E7EDBE-4239-49B4-BBCF-2C8938777069}
		{6AC6AFC2-BCA9-4562-8824-C3669A76C94B} = {C4E7EDBE-4239-49B4-BBCF-2C8938777069}
		{EEB2BB03-20B0-4381-8A9E-E2210EB568A5} = {3B073DFC-6127-4CD2-A69D-B67E0A37A74D}
	EndGlobalSection
EndGlobal
