
Microsoft Visual Studio Solution File, Format Version 12.00
# Visual Studio 15
VisualStudioVersion = 15.0.26430.6
MinimumVisualStudioVersion = 10.0.40219.1
Project("{F184B08F-C81C-45F6-A57F-5ABD9991F28F}") = "+Microsoft.VisualBasic.Architecture.Framework", "..\..\GCModeller\src\runtime\sciBASIC#\Microsoft.VisualBasic.Architecture.Framework\+Microsoft.VisualBasic.Architecture.Framework.vbproj", "{FECCE1FD-E1D4-49E3-A668-60BB5E7AED99}"
EndProject
Project("{F184B08F-C81C-45F6-A57F-5ABD9991F28F}") = "+VB_DataFrame", "..\..\GCModeller\src\runtime\sciBASIC#\Data\DataFrame\+VB_DataFrame.vbproj", "{7283C179-F852-4EAD-8D8F-B82EF2CBD7DB}"
EndProject
Project("{2150E333-8FDC-42A3-9474-1A3956D46DE8}") = "runtime", "runtime", "{715010A5-568C-4B6F-B0E3-8655D8F97F0B}"
EndProject
Project("{F184B08F-C81C-45F6-A57F-5ABD9991F28F}") = "SMRUCC.WebCloud.HTTPInternal", "..\..\GCModeller\src\runtime\httpd\WebCloud\SMRUCC.HTTPInternal\SMRUCC.WebCloud.HTTPInternal.vbproj", "{FBFC1455-B232-4F16-AFC7-4054A8B864AB}"
EndProject
Project("{2150E333-8FDC-42A3-9474-1A3956D46DE8}") = "httpd", "httpd", "{67256FFE-FD9E-43F1-B361-92216BE97B8C}"
EndProject
Project("{F184B08F-C81C-45F6-A57F-5ABD9991F28F}") = "httpd", "..\..\GCModeller\src\runtime\httpd\httpd\httpd.vbproj", "{CE825E49-0386-4AB1-B452-B104ED3F7DEB}"
EndProject
Project("{F184B08F-C81C-45F6-A57F-5ABD9991F28F}") = "biostack", "..\biostack\biostack.vbproj", "{AB0B84DC-2373-4130-94F8-44DCEF1E737F}"
EndProject
Project("{F184B08F-C81C-45F6-A57F-5ABD9991F28F}") = "LibMySQL", "..\..\GCModeller\src\runtime\mysqli\LibMySQL\LibMySQL.vbproj", "{2C34A044-1BDE-44E8-A86E-E9971C87DA21}"
EndProject
Project("{2150E333-8FDC-42A3-9474-1A3956D46DE8}") = "GCModeller", "GCModeller", "{6447A02B-440E-473E-8930-8D3F13953097}"
EndProject
Project("{F184B08F-C81C-45F6-A57F-5ABD9991F28F}") = "KEGG", "..\..\GCModeller\src\GCModeller\data\KEGG\KEGG.vbproj", "{68849E9F-359E-4844-A6DB-0CAE421594AD}"
EndProject
Project("{F184B08F-C81C-45F6-A57F-5ABD9991F28F}") = "Bio.Assembly", "..\..\GCModeller\src\GCModeller\core\Bio.Assembly\Bio.Assembly.vbproj", "{C699D311-9923-4C19-BF70-5048D0E2CF5D}"
EndProject
Project("{F184B08F-C81C-45F6-A57F-5ABD9991F28F}") = "Microsoft.VisualBasic.Mathematical", "..\..\GCModeller\src\runtime\sciBASIC#\Data_science\Mathematical\Math\Microsoft.VisualBasic.Mathematical.vbproj", "{E3367B88-5D0C-495A-8273-331656D4B5AA}"
EndProject
Project("{2150E333-8FDC-42A3-9474-1A3956D46DE8}") = "D3.js", "D3.js", "{F4A7374A-461F-4D50-BA0C-319BB191976E}"
EndProject
Project("{F184B08F-C81C-45F6-A57F-5ABD9991F28F}") = "SMRUCC.WebCloud.d3js", "..\..\GCModeller\src\runtime\httpd\WebCloud\SMRUCC.WebCloud.d3js\SMRUCC.WebCloud.d3js.vbproj", "{D6E1FCBB-69B4-43D3-9289-A987A140A435}"
EndProject
Project("{F184B08F-C81C-45F6-A57F-5ABD9991F28F}") = "MIME-htmls", "..\..\GCModeller\src\runtime\sciBASIC#\mime\text%html\MIME-htmls.vbproj", "{2DD4BE80-DDC3-4767-94A7-10F1C3395716}"
EndProject
Project("{F184B08F-C81C-45F6-A57F-5ABD9991F28F}") = "Microsoft.VisualBasic.Imaging", "..\..\GCModeller\src\runtime\sciBASIC#\gr\Microsoft.VisualBasic.Imaging\Microsoft.VisualBasic.Imaging.vbproj", "{85E71B4B-9276-4EC8-AADC-C849205F1EA8}"
EndProject
Project("{F184B08F-C81C-45F6-A57F-5ABD9991F28F}") = "Datavisualization.Network", "..\..\GCModeller\src\runtime\sciBASIC#\gr\Datavisualization.Network\Datavisualization.Network\Datavisualization.Network.vbproj", "{076315EE-B598-40DC-9280-C71CDF9B6A48}"
EndProject
Project("{F184B08F-C81C-45F6-A57F-5ABD9991F28F}") = "NCBI.Extensions.localblast", "..\..\GCModeller\src\interops\localblast\LocalBLAST\NCBI.Extensions.localblast.vbproj", "{C6B843B8-F990-4FAF-98DE-A20EFC8B69F7}"
EndProject
Project("{D954291E-2A0B-460D-934E-DC6B0785DB48}") = "Settings.Configuration", "..\..\GCModeller\src\Settings\Shared\Settings.Configuration\Settings.Configuration.shproj", "{E8CABDE9-5471-4EB6-8ABC-54C95D3B1512}"
EndProject
Project("{D954291E-2A0B-460D-934E-DC6B0785DB48}") = "Settings.FileSystem", "..\..\GCModeller\src\Settings\Shared\Settings.FileSystem\Settings.FileSystem.shproj", "{36EE8DC2-3D23-45B7-8CE4-1942916A02AA}"
EndProject
Project("{F184B08F-C81C-45F6-A57F-5ABD9991F28F}") = "SMRUCC.WebCloud.DataCenter", "..\..\GCModeller\src\runtime\httpd\WebCloud\SMRUCC.WebCloud.DataCenter\SMRUCC.WebCloud.DataCenter.vbproj", "{B1DE5562-91D6-4AEE-AA26-72EF2DFC7C75}"
EndProject
Project("{F184B08F-C81C-45F6-A57F-5ABD9991F28F}") = "Testing", "Testing\Testing.vbproj", "{C48A87F3-13C8-498F-96B5-74F7AD0BD0DA}"
EndProject
Global
	GlobalSection(SharedMSBuildProjectFiles) = preSolution
		..\..\GCModeller\src\Settings\Shared\Settings.FileSystem\Settings.FileSystem.projitems*{36ee8dc2-3d23-45b7-8ce4-1942916a02aa}*SharedItemsImports = 13
		..\..\GCModeller\src\Settings\Shared\Settings.Configuration\Settings.Configuration.projitems*{ab0b84dc-2373-4130-94f8-44dcef1e737f}*SharedItemsImports = 4
		..\..\GCModeller\src\Settings\Shared\Settings.FileSystem\Settings.FileSystem.projitems*{ab0b84dc-2373-4130-94f8-44dcef1e737f}*SharedItemsImports = 4
		..\..\GCModeller\src\Settings\Shared\Settings.Configuration\Settings.Configuration.projitems*{e8cabde9-5471-4eb6-8abc-54c95d3b1512}*SharedItemsImports = 13
	EndGlobalSection
	GlobalSection(SolutionConfigurationPlatforms) = preSolution
		Debug|Any CPU = Debug|Any CPU
		Debug|x64 = Debug|x64
		Debug|x86 = Debug|x86
		DEMO|Any CPU = DEMO|Any CPU
		DEMO|x64 = DEMO|x64
		DEMO|x86 = DEMO|x86
		docs|Any CPU = docs|Any CPU
		docs|x64 = docs|x64
		docs|x86 = docs|x86
		Publish|Any CPU = Publish|Any CPU
		Publish|x64 = Publish|x64
		Publish|x86 = Publish|x86
		Release|Any CPU = Release|Any CPU
		Release|x64 = Release|x64
		Release|x86 = Release|x86
		Release2|Any CPU = Release2|Any CPU
		Release2|x64 = Release2|x64
		Release2|x86 = Release2|x86
	EndGlobalSection
	GlobalSection(ProjectConfigurationPlatforms) = postSolution
		{FECCE1FD-E1D4-49E3-A668-60BB5E7AED99}.Debug|Any CPU.ActiveCfg = Debug|Any CPU
		{FECCE1FD-E1D4-49E3-A668-60BB5E7AED99}.Debug|Any CPU.Build.0 = Debug|Any CPU
		{FECCE1FD-E1D4-49E3-A668-60BB5E7AED99}.Debug|x64.ActiveCfg = Debug|x64
		{FECCE1FD-E1D4-49E3-A668-60BB5E7AED99}.Debug|x64.Build.0 = Debug|x64
		{FECCE1FD-E1D4-49E3-A668-60BB5E7AED99}.Debug|x86.ActiveCfg = Debug|x86
		{FECCE1FD-E1D4-49E3-A668-60BB5E7AED99}.Debug|x86.Build.0 = Debug|x86
		{FECCE1FD-E1D4-49E3-A668-60BB5E7AED99}.DEMO|Any CPU.ActiveCfg = DEMO|Any CPU
		{FECCE1FD-E1D4-49E3-A668-60BB5E7AED99}.DEMO|Any CPU.Build.0 = DEMO|Any CPU
		{FECCE1FD-E1D4-49E3-A668-60BB5E7AED99}.DEMO|x64.ActiveCfg = DEMO|x64
		{FECCE1FD-E1D4-49E3-A668-60BB5E7AED99}.DEMO|x64.Build.0 = DEMO|x64
		{FECCE1FD-E1D4-49E3-A668-60BB5E7AED99}.DEMO|x86.ActiveCfg = DEMO|x86
		{FECCE1FD-E1D4-49E3-A668-60BB5E7AED99}.DEMO|x86.Build.0 = DEMO|x86
		{FECCE1FD-E1D4-49E3-A668-60BB5E7AED99}.docs|Any CPU.ActiveCfg = docs|Any CPU
		{FECCE1FD-E1D4-49E3-A668-60BB5E7AED99}.docs|Any CPU.Build.0 = docs|Any CPU
		{FECCE1FD-E1D4-49E3-A668-60BB5E7AED99}.docs|x64.ActiveCfg = docs|x64
		{FECCE1FD-E1D4-49E3-A668-60BB5E7AED99}.docs|x64.Build.0 = docs|x64
		{FECCE1FD-E1D4-49E3-A668-60BB5E7AED99}.docs|x86.ActiveCfg = docs|x86
		{FECCE1FD-E1D4-49E3-A668-60BB5E7AED99}.docs|x86.Build.0 = docs|x86
		{FECCE1FD-E1D4-49E3-A668-60BB5E7AED99}.Publish|Any CPU.ActiveCfg = Publish|Any CPU
		{FECCE1FD-E1D4-49E3-A668-60BB5E7AED99}.Publish|Any CPU.Build.0 = Publish|Any CPU
		{FECCE1FD-E1D4-49E3-A668-60BB5E7AED99}.Publish|x64.ActiveCfg = Publish|x64
		{FECCE1FD-E1D4-49E3-A668-60BB5E7AED99}.Publish|x64.Build.0 = Publish|x64
		{FECCE1FD-E1D4-49E3-A668-60BB5E7AED99}.Publish|x86.ActiveCfg = Publish|x86
		{FECCE1FD-E1D4-49E3-A668-60BB5E7AED99}.Publish|x86.Build.0 = Publish|x86
		{FECCE1FD-E1D4-49E3-A668-60BB5E7AED99}.Release|Any CPU.ActiveCfg = Release|Any CPU
		{FECCE1FD-E1D4-49E3-A668-60BB5E7AED99}.Release|Any CPU.Build.0 = Release|Any CPU
		{FECCE1FD-E1D4-49E3-A668-60BB5E7AED99}.Release|x64.ActiveCfg = Release|x64
		{FECCE1FD-E1D4-49E3-A668-60BB5E7AED99}.Release|x64.Build.0 = Release|x64
		{FECCE1FD-E1D4-49E3-A668-60BB5E7AED99}.Release|x86.ActiveCfg = Release|x86
		{FECCE1FD-E1D4-49E3-A668-60BB5E7AED99}.Release|x86.Build.0 = Release|x86
		{FECCE1FD-E1D4-49E3-A668-60BB5E7AED99}.Release2|Any CPU.ActiveCfg = Release2|Any CPU
		{FECCE1FD-E1D4-49E3-A668-60BB5E7AED99}.Release2|Any CPU.Build.0 = Release2|Any CPU
		{FECCE1FD-E1D4-49E3-A668-60BB5E7AED99}.Release2|x64.ActiveCfg = Release2|x64
		{FECCE1FD-E1D4-49E3-A668-60BB5E7AED99}.Release2|x64.Build.0 = Release2|x64
		{FECCE1FD-E1D4-49E3-A668-60BB5E7AED99}.Release2|x86.ActiveCfg = Release2|x86
		{FECCE1FD-E1D4-49E3-A668-60BB5E7AED99}.Release2|x86.Build.0 = Release2|x86
		{7283C179-F852-4EAD-8D8F-B82EF2CBD7DB}.Debug|Any CPU.ActiveCfg = Debug|Any CPU
		{7283C179-F852-4EAD-8D8F-B82EF2CBD7DB}.Debug|Any CPU.Build.0 = Debug|Any CPU
		{7283C179-F852-4EAD-8D8F-B82EF2CBD7DB}.Debug|x64.ActiveCfg = Debug|x64
		{7283C179-F852-4EAD-8D8F-B82EF2CBD7DB}.Debug|x64.Build.0 = Debug|x64
		{7283C179-F852-4EAD-8D8F-B82EF2CBD7DB}.Debug|x86.ActiveCfg = Debug|x86
		{7283C179-F852-4EAD-8D8F-B82EF2CBD7DB}.Debug|x86.Build.0 = Debug|x86
		{7283C179-F852-4EAD-8D8F-B82EF2CBD7DB}.DEMO|Any CPU.ActiveCfg = Debug|Any CPU
		{7283C179-F852-4EAD-8D8F-B82EF2CBD7DB}.DEMO|Any CPU.Build.0 = Debug|Any CPU
		{7283C179-F852-4EAD-8D8F-B82EF2CBD7DB}.DEMO|x64.ActiveCfg = Debug|x64
		{7283C179-F852-4EAD-8D8F-B82EF2CBD7DB}.DEMO|x64.Build.0 = Debug|x64
		{7283C179-F852-4EAD-8D8F-B82EF2CBD7DB}.DEMO|x86.ActiveCfg = Debug|x86
		{7283C179-F852-4EAD-8D8F-B82EF2CBD7DB}.DEMO|x86.Build.0 = Debug|x86
		{7283C179-F852-4EAD-8D8F-B82EF2CBD7DB}.docs|Any CPU.ActiveCfg = docs|Any CPU
		{7283C179-F852-4EAD-8D8F-B82EF2CBD7DB}.docs|Any CPU.Build.0 = docs|Any CPU
		{7283C179-F852-4EAD-8D8F-B82EF2CBD7DB}.docs|x64.ActiveCfg = docs|x64
		{7283C179-F852-4EAD-8D8F-B82EF2CBD7DB}.docs|x64.Build.0 = docs|x64
		{7283C179-F852-4EAD-8D8F-B82EF2CBD7DB}.docs|x86.ActiveCfg = docs|x86
		{7283C179-F852-4EAD-8D8F-B82EF2CBD7DB}.docs|x86.Build.0 = docs|x86
		{7283C179-F852-4EAD-8D8F-B82EF2CBD7DB}.Publish|Any CPU.ActiveCfg = Publish|Any CPU
		{7283C179-F852-4EAD-8D8F-B82EF2CBD7DB}.Publish|Any CPU.Build.0 = Publish|Any CPU
		{7283C179-F852-4EAD-8D8F-B82EF2CBD7DB}.Publish|x64.ActiveCfg = Publish|x64
		{7283C179-F852-4EAD-8D8F-B82EF2CBD7DB}.Publish|x64.Build.0 = Publish|x64
		{7283C179-F852-4EAD-8D8F-B82EF2CBD7DB}.Publish|x86.ActiveCfg = Publish|x86
		{7283C179-F852-4EAD-8D8F-B82EF2CBD7DB}.Publish|x86.Build.0 = Publish|x86
		{7283C179-F852-4EAD-8D8F-B82EF2CBD7DB}.Release|Any CPU.ActiveCfg = Release|Any CPU
		{7283C179-F852-4EAD-8D8F-B82EF2CBD7DB}.Release|Any CPU.Build.0 = Release|Any CPU
		{7283C179-F852-4EAD-8D8F-B82EF2CBD7DB}.Release|x64.ActiveCfg = Release|x64
		{7283C179-F852-4EAD-8D8F-B82EF2CBD7DB}.Release|x64.Build.0 = Release|x64
		{7283C179-F852-4EAD-8D8F-B82EF2CBD7DB}.Release|x86.ActiveCfg = Release|x86
		{7283C179-F852-4EAD-8D8F-B82EF2CBD7DB}.Release|x86.Build.0 = Release|x86
		{7283C179-F852-4EAD-8D8F-B82EF2CBD7DB}.Release2|Any CPU.ActiveCfg = Release2|Any CPU
		{7283C179-F852-4EAD-8D8F-B82EF2CBD7DB}.Release2|Any CPU.Build.0 = Release2|Any CPU
		{7283C179-F852-4EAD-8D8F-B82EF2CBD7DB}.Release2|x64.ActiveCfg = Release2|x64
		{7283C179-F852-4EAD-8D8F-B82EF2CBD7DB}.Release2|x64.Build.0 = Release2|x64
		{7283C179-F852-4EAD-8D8F-B82EF2CBD7DB}.Release2|x86.ActiveCfg = Release2|x86
		{7283C179-F852-4EAD-8D8F-B82EF2CBD7DB}.Release2|x86.Build.0 = Release2|x86
		{FBFC1455-B232-4F16-AFC7-4054A8B864AB}.Debug|Any CPU.ActiveCfg = Debug|Any CPU
		{FBFC1455-B232-4F16-AFC7-4054A8B864AB}.Debug|Any CPU.Build.0 = Debug|Any CPU
		{FBFC1455-B232-4F16-AFC7-4054A8B864AB}.Debug|x64.ActiveCfg = Debug|x64
		{FBFC1455-B232-4F16-AFC7-4054A8B864AB}.Debug|x64.Build.0 = Debug|x64
		{FBFC1455-B232-4F16-AFC7-4054A8B864AB}.Debug|x86.ActiveCfg = Debug|x86
		{FBFC1455-B232-4F16-AFC7-4054A8B864AB}.Debug|x86.Build.0 = Debug|x86
		{FBFC1455-B232-4F16-AFC7-4054A8B864AB}.DEMO|Any CPU.ActiveCfg = DEMO|Any CPU
		{FBFC1455-B232-4F16-AFC7-4054A8B864AB}.DEMO|Any CPU.Build.0 = DEMO|Any CPU
		{FBFC1455-B232-4F16-AFC7-4054A8B864AB}.DEMO|x64.ActiveCfg = DEMO|x64
		{FBFC1455-B232-4F16-AFC7-4054A8B864AB}.DEMO|x64.Build.0 = DEMO|x64
		{FBFC1455-B232-4F16-AFC7-4054A8B864AB}.DEMO|x86.ActiveCfg = DEMO|x86
		{FBFC1455-B232-4F16-AFC7-4054A8B864AB}.DEMO|x86.Build.0 = DEMO|x86
		{FBFC1455-B232-4F16-AFC7-4054A8B864AB}.docs|Any CPU.ActiveCfg = docs|Any CPU
		{FBFC1455-B232-4F16-AFC7-4054A8B864AB}.docs|Any CPU.Build.0 = docs|Any CPU
		{FBFC1455-B232-4F16-AFC7-4054A8B864AB}.docs|x64.ActiveCfg = docs|x64
		{FBFC1455-B232-4F16-AFC7-4054A8B864AB}.docs|x64.Build.0 = docs|x64
		{FBFC1455-B232-4F16-AFC7-4054A8B864AB}.docs|x86.ActiveCfg = docs|x86
		{FBFC1455-B232-4F16-AFC7-4054A8B864AB}.docs|x86.Build.0 = docs|x86
		{FBFC1455-B232-4F16-AFC7-4054A8B864AB}.Publish|Any CPU.ActiveCfg = Publish|Any CPU
		{FBFC1455-B232-4F16-AFC7-4054A8B864AB}.Publish|Any CPU.Build.0 = Publish|Any CPU
		{FBFC1455-B232-4F16-AFC7-4054A8B864AB}.Publish|x64.ActiveCfg = Publish|x64
		{FBFC1455-B232-4F16-AFC7-4054A8B864AB}.Publish|x64.Build.0 = Publish|x64
		{FBFC1455-B232-4F16-AFC7-4054A8B864AB}.Publish|x86.ActiveCfg = Publish|x86
		{FBFC1455-B232-4F16-AFC7-4054A8B864AB}.Publish|x86.Build.0 = Publish|x86
		{FBFC1455-B232-4F16-AFC7-4054A8B864AB}.Release|Any CPU.ActiveCfg = Release|Any CPU
		{FBFC1455-B232-4F16-AFC7-4054A8B864AB}.Release|Any CPU.Build.0 = Release|Any CPU
		{FBFC1455-B232-4F16-AFC7-4054A8B864AB}.Release|x64.ActiveCfg = Release|x64
		{FBFC1455-B232-4F16-AFC7-4054A8B864AB}.Release|x64.Build.0 = Release|x64
		{FBFC1455-B232-4F16-AFC7-4054A8B864AB}.Release|x86.ActiveCfg = Release|x86
		{FBFC1455-B232-4F16-AFC7-4054A8B864AB}.Release|x86.Build.0 = Release|x86
		{FBFC1455-B232-4F16-AFC7-4054A8B864AB}.Release2|Any CPU.ActiveCfg = Release2|Any CPU
		{FBFC1455-B232-4F16-AFC7-4054A8B864AB}.Release2|Any CPU.Build.0 = Release2|Any CPU
		{FBFC1455-B232-4F16-AFC7-4054A8B864AB}.Release2|x64.ActiveCfg = Release2|x64
		{FBFC1455-B232-4F16-AFC7-4054A8B864AB}.Release2|x64.Build.0 = Release2|x64
		{FBFC1455-B232-4F16-AFC7-4054A8B864AB}.Release2|x86.ActiveCfg = Release2|x86
		{FBFC1455-B232-4F16-AFC7-4054A8B864AB}.Release2|x86.Build.0 = Release2|x86
		{CE825E49-0386-4AB1-B452-B104ED3F7DEB}.Debug|Any CPU.ActiveCfg = Debug|Any CPU
		{CE825E49-0386-4AB1-B452-B104ED3F7DEB}.Debug|Any CPU.Build.0 = Debug|Any CPU
		{CE825E49-0386-4AB1-B452-B104ED3F7DEB}.Debug|x64.ActiveCfg = Debug|x64
		{CE825E49-0386-4AB1-B452-B104ED3F7DEB}.Debug|x64.Build.0 = Debug|x64
		{CE825E49-0386-4AB1-B452-B104ED3F7DEB}.Debug|x86.ActiveCfg = Debug|x86
		{CE825E49-0386-4AB1-B452-B104ED3F7DEB}.Debug|x86.Build.0 = Debug|x86
		{CE825E49-0386-4AB1-B452-B104ED3F7DEB}.DEMO|Any CPU.ActiveCfg = DEMO|Any CPU
		{CE825E49-0386-4AB1-B452-B104ED3F7DEB}.DEMO|Any CPU.Build.0 = DEMO|Any CPU
		{CE825E49-0386-4AB1-B452-B104ED3F7DEB}.DEMO|x64.ActiveCfg = DEMO|x64
		{CE825E49-0386-4AB1-B452-B104ED3F7DEB}.DEMO|x64.Build.0 = DEMO|x64
		{CE825E49-0386-4AB1-B452-B104ED3F7DEB}.DEMO|x86.ActiveCfg = DEMO|x86
		{CE825E49-0386-4AB1-B452-B104ED3F7DEB}.DEMO|x86.Build.0 = DEMO|x86
		{CE825E49-0386-4AB1-B452-B104ED3F7DEB}.docs|Any CPU.ActiveCfg = docs|Any CPU
		{CE825E49-0386-4AB1-B452-B104ED3F7DEB}.docs|Any CPU.Build.0 = docs|Any CPU
		{CE825E49-0386-4AB1-B452-B104ED3F7DEB}.docs|x64.ActiveCfg = docs|x64
		{CE825E49-0386-4AB1-B452-B104ED3F7DEB}.docs|x64.Build.0 = docs|x64
		{CE825E49-0386-4AB1-B452-B104ED3F7DEB}.docs|x86.ActiveCfg = docs|x86
		{CE825E49-0386-4AB1-B452-B104ED3F7DEB}.docs|x86.Build.0 = docs|x86
		{CE825E49-0386-4AB1-B452-B104ED3F7DEB}.Publish|Any CPU.ActiveCfg = Publish|Any CPU
		{CE825E49-0386-4AB1-B452-B104ED3F7DEB}.Publish|Any CPU.Build.0 = Publish|Any CPU
		{CE825E49-0386-4AB1-B452-B104ED3F7DEB}.Publish|x64.ActiveCfg = Publish|x64
		{CE825E49-0386-4AB1-B452-B104ED3F7DEB}.Publish|x64.Build.0 = Publish|x64
		{CE825E49-0386-4AB1-B452-B104ED3F7DEB}.Publish|x86.ActiveCfg = Publish|x86
		{CE825E49-0386-4AB1-B452-B104ED3F7DEB}.Publish|x86.Build.0 = Publish|x86
		{CE825E49-0386-4AB1-B452-B104ED3F7DEB}.Release|Any CPU.ActiveCfg = Release|Any CPU
		{CE825E49-0386-4AB1-B452-B104ED3F7DEB}.Release|Any CPU.Build.0 = Release|Any CPU
		{CE825E49-0386-4AB1-B452-B104ED3F7DEB}.Release|x64.ActiveCfg = Release|x64
		{CE825E49-0386-4AB1-B452-B104ED3F7DEB}.Release|x64.Build.0 = Release|x64
		{CE825E49-0386-4AB1-B452-B104ED3F7DEB}.Release|x86.ActiveCfg = Release|x86
		{CE825E49-0386-4AB1-B452-B104ED3F7DEB}.Release|x86.Build.0 = Release|x86
		{CE825E49-0386-4AB1-B452-B104ED3F7DEB}.Release2|Any CPU.ActiveCfg = Release2|Any CPU
		{CE825E49-0386-4AB1-B452-B104ED3F7DEB}.Release2|Any CPU.Build.0 = Release2|Any CPU
		{CE825E49-0386-4AB1-B452-B104ED3F7DEB}.Release2|x64.ActiveCfg = Release2|x64
		{CE825E49-0386-4AB1-B452-B104ED3F7DEB}.Release2|x64.Build.0 = Release2|x64
		{CE825E49-0386-4AB1-B452-B104ED3F7DEB}.Release2|x86.ActiveCfg = Release2|x86
		{CE825E49-0386-4AB1-B452-B104ED3F7DEB}.Release2|x86.Build.0 = Release2|x86
		{AB0B84DC-2373-4130-94F8-44DCEF1E737F}.Debug|Any CPU.ActiveCfg = Debug|Any CPU
		{AB0B84DC-2373-4130-94F8-44DCEF1E737F}.Debug|Any CPU.Build.0 = Debug|Any CPU
		{AB0B84DC-2373-4130-94F8-44DCEF1E737F}.Debug|x64.ActiveCfg = Debug|x64
		{AB0B84DC-2373-4130-94F8-44DCEF1E737F}.Debug|x64.Build.0 = Debug|x64
		{AB0B84DC-2373-4130-94F8-44DCEF1E737F}.Debug|x86.ActiveCfg = Debug|Any CPU
		{AB0B84DC-2373-4130-94F8-44DCEF1E737F}.Debug|x86.Build.0 = Debug|Any CPU
		{AB0B84DC-2373-4130-94F8-44DCEF1E737F}.DEMO|Any CPU.ActiveCfg = Debug|Any CPU
		{AB0B84DC-2373-4130-94F8-44DCEF1E737F}.DEMO|Any CPU.Build.0 = Debug|Any CPU
		{AB0B84DC-2373-4130-94F8-44DCEF1E737F}.DEMO|x64.ActiveCfg = Debug|Any CPU
		{AB0B84DC-2373-4130-94F8-44DCEF1E737F}.DEMO|x64.Build.0 = Debug|Any CPU
		{AB0B84DC-2373-4130-94F8-44DCEF1E737F}.DEMO|x86.ActiveCfg = Debug|Any CPU
		{AB0B84DC-2373-4130-94F8-44DCEF1E737F}.DEMO|x86.Build.0 = Debug|Any CPU
		{AB0B84DC-2373-4130-94F8-44DCEF1E737F}.docs|Any CPU.ActiveCfg = Debug|Any CPU
		{AB0B84DC-2373-4130-94F8-44DCEF1E737F}.docs|Any CPU.Build.0 = Debug|Any CPU
		{AB0B84DC-2373-4130-94F8-44DCEF1E737F}.docs|x64.ActiveCfg = Debug|Any CPU
		{AB0B84DC-2373-4130-94F8-44DCEF1E737F}.docs|x64.Build.0 = Debug|Any CPU
		{AB0B84DC-2373-4130-94F8-44DCEF1E737F}.docs|x86.ActiveCfg = Debug|Any CPU
		{AB0B84DC-2373-4130-94F8-44DCEF1E737F}.docs|x86.Build.0 = Debug|Any CPU
		{AB0B84DC-2373-4130-94F8-44DCEF1E737F}.Publish|Any CPU.ActiveCfg = Release|Any CPU
		{AB0B84DC-2373-4130-94F8-44DCEF1E737F}.Publish|Any CPU.Build.0 = Release|Any CPU
		{AB0B84DC-2373-4130-94F8-44DCEF1E737F}.Publish|x64.ActiveCfg = Release|Any CPU
		{AB0B84DC-2373-4130-94F8-44DCEF1E737F}.Publish|x64.Build.0 = Release|Any CPU
		{AB0B84DC-2373-4130-94F8-44DCEF1E737F}.Publish|x86.ActiveCfg = Release|Any CPU
		{AB0B84DC-2373-4130-94F8-44DCEF1E737F}.Publish|x86.Build.0 = Release|Any CPU
		{AB0B84DC-2373-4130-94F8-44DCEF1E737F}.Release|Any CPU.ActiveCfg = Release|Any CPU
		{AB0B84DC-2373-4130-94F8-44DCEF1E737F}.Release|Any CPU.Build.0 = Release|Any CPU
		{AB0B84DC-2373-4130-94F8-44DCEF1E737F}.Release|x64.ActiveCfg = Release|x64
		{AB0B84DC-2373-4130-94F8-44DCEF1E737F}.Release|x64.Build.0 = Release|x64
		{AB0B84DC-2373-4130-94F8-44DCEF1E737F}.Release|x86.ActiveCfg = Release|Any CPU
		{AB0B84DC-2373-4130-94F8-44DCEF1E737F}.Release|x86.Build.0 = Release|Any CPU
		{AB0B84DC-2373-4130-94F8-44DCEF1E737F}.Release2|Any CPU.ActiveCfg = Release|Any CPU
		{AB0B84DC-2373-4130-94F8-44DCEF1E737F}.Release2|Any CPU.Build.0 = Release|Any CPU
		{AB0B84DC-2373-4130-94F8-44DCEF1E737F}.Release2|x64.ActiveCfg = Release|Any CPU
		{AB0B84DC-2373-4130-94F8-44DCEF1E737F}.Release2|x64.Build.0 = Release|Any CPU
		{AB0B84DC-2373-4130-94F8-44DCEF1E737F}.Release2|x86.ActiveCfg = Release|Any CPU
		{AB0B84DC-2373-4130-94F8-44DCEF1E737F}.Release2|x86.Build.0 = Release|Any CPU
		{2C34A044-1BDE-44E8-A86E-E9971C87DA21}.Debug|Any CPU.ActiveCfg = Debug|Any CPU
		{2C34A044-1BDE-44E8-A86E-E9971C87DA21}.Debug|Any CPU.Build.0 = Debug|Any CPU
		{2C34A044-1BDE-44E8-A86E-E9971C87DA21}.Debug|x64.ActiveCfg = Debug|x64
		{2C34A044-1BDE-44E8-A86E-E9971C87DA21}.Debug|x64.Build.0 = Debug|x64
		{2C34A044-1BDE-44E8-A86E-E9971C87DA21}.Debug|x86.ActiveCfg = Debug|x86
		{2C34A044-1BDE-44E8-A86E-E9971C87DA21}.Debug|x86.Build.0 = Debug|x86
		{2C34A044-1BDE-44E8-A86E-E9971C87DA21}.DEMO|Any CPU.ActiveCfg = Debug|Any CPU
		{2C34A044-1BDE-44E8-A86E-E9971C87DA21}.DEMO|Any CPU.Build.0 = Debug|Any CPU
		{2C34A044-1BDE-44E8-A86E-E9971C87DA21}.DEMO|x64.ActiveCfg = Debug|x64
		{2C34A044-1BDE-44E8-A86E-E9971C87DA21}.DEMO|x64.Build.0 = Debug|x64
		{2C34A044-1BDE-44E8-A86E-E9971C87DA21}.DEMO|x86.ActiveCfg = Debug|x86
		{2C34A044-1BDE-44E8-A86E-E9971C87DA21}.DEMO|x86.Build.0 = Debug|x86
		{2C34A044-1BDE-44E8-A86E-E9971C87DA21}.docs|Any CPU.ActiveCfg = docs|Any CPU
		{2C34A044-1BDE-44E8-A86E-E9971C87DA21}.docs|Any CPU.Build.0 = docs|Any CPU
		{2C34A044-1BDE-44E8-A86E-E9971C87DA21}.docs|x64.ActiveCfg = docs|x64
		{2C34A044-1BDE-44E8-A86E-E9971C87DA21}.docs|x64.Build.0 = docs|x64
		{2C34A044-1BDE-44E8-A86E-E9971C87DA21}.docs|x86.ActiveCfg = docs|x86
		{2C34A044-1BDE-44E8-A86E-E9971C87DA21}.docs|x86.Build.0 = docs|x86
		{2C34A044-1BDE-44E8-A86E-E9971C87DA21}.Publish|Any CPU.ActiveCfg = Publish|Any CPU
		{2C34A044-1BDE-44E8-A86E-E9971C87DA21}.Publish|Any CPU.Build.0 = Publish|Any CPU
		{2C34A044-1BDE-44E8-A86E-E9971C87DA21}.Publish|x64.ActiveCfg = Publish|x64
		{2C34A044-1BDE-44E8-A86E-E9971C87DA21}.Publish|x64.Build.0 = Publish|x64
		{2C34A044-1BDE-44E8-A86E-E9971C87DA21}.Publish|x86.ActiveCfg = Publish|x86
		{2C34A044-1BDE-44E8-A86E-E9971C87DA21}.Publish|x86.Build.0 = Publish|x86
		{2C34A044-1BDE-44E8-A86E-E9971C87DA21}.Release|Any CPU.ActiveCfg = Release|Any CPU
		{2C34A044-1BDE-44E8-A86E-E9971C87DA21}.Release|Any CPU.Build.0 = Release|Any CPU
		{2C34A044-1BDE-44E8-A86E-E9971C87DA21}.Release|x64.ActiveCfg = Release|x64
		{2C34A044-1BDE-44E8-A86E-E9971C87DA21}.Release|x64.Build.0 = Release|x64
		{2C34A044-1BDE-44E8-A86E-E9971C87DA21}.Release|x86.ActiveCfg = Release|x86
		{2C34A044-1BDE-44E8-A86E-E9971C87DA21}.Release|x86.Build.0 = Release|x86
		{2C34A044-1BDE-44E8-A86E-E9971C87DA21}.Release2|Any CPU.ActiveCfg = Release2|Any CPU
		{2C34A044-1BDE-44E8-A86E-E9971C87DA21}.Release2|Any CPU.Build.0 = Release2|Any CPU
		{2C34A044-1BDE-44E8-A86E-E9971C87DA21}.Release2|x64.ActiveCfg = Release2|x64
		{2C34A044-1BDE-44E8-A86E-E9971C87DA21}.Release2|x64.Build.0 = Release2|x64
		{2C34A044-1BDE-44E8-A86E-E9971C87DA21}.Release2|x86.ActiveCfg = Release2|x86
		{2C34A044-1BDE-44E8-A86E-E9971C87DA21}.Release2|x86.Build.0 = Release2|x86
		{68849E9F-359E-4844-A6DB-0CAE421594AD}.Debug|Any CPU.ActiveCfg = Debug|Any CPU
		{68849E9F-359E-4844-A6DB-0CAE421594AD}.Debug|Any CPU.Build.0 = Debug|Any CPU
		{68849E9F-359E-4844-A6DB-0CAE421594AD}.Debug|x64.ActiveCfg = Debug|x64
		{68849E9F-359E-4844-A6DB-0CAE421594AD}.Debug|x64.Build.0 = Debug|x64
		{68849E9F-359E-4844-A6DB-0CAE421594AD}.Debug|x86.ActiveCfg = Debug|Any CPU
		{68849E9F-359E-4844-A6DB-0CAE421594AD}.Debug|x86.Build.0 = Debug|Any CPU
		{68849E9F-359E-4844-A6DB-0CAE421594AD}.DEMO|Any CPU.ActiveCfg = Debug|Any CPU
		{68849E9F-359E-4844-A6DB-0CAE421594AD}.DEMO|Any CPU.Build.0 = Debug|Any CPU
		{68849E9F-359E-4844-A6DB-0CAE421594AD}.DEMO|x64.ActiveCfg = Debug|x64
		{68849E9F-359E-4844-A6DB-0CAE421594AD}.DEMO|x64.Build.0 = Debug|x64
		{68849E9F-359E-4844-A6DB-0CAE421594AD}.DEMO|x86.ActiveCfg = Debug|Any CPU
		{68849E9F-359E-4844-A6DB-0CAE421594AD}.DEMO|x86.Build.0 = Debug|Any CPU
		{68849E9F-359E-4844-A6DB-0CAE421594AD}.docs|Any CPU.ActiveCfg = Debug|Any CPU
		{68849E9F-359E-4844-A6DB-0CAE421594AD}.docs|Any CPU.Build.0 = Debug|Any CPU
		{68849E9F-359E-4844-A6DB-0CAE421594AD}.docs|x64.ActiveCfg = Debug|x64
		{68849E9F-359E-4844-A6DB-0CAE421594AD}.docs|x64.Build.0 = Debug|x64
		{68849E9F-359E-4844-A6DB-0CAE421594AD}.docs|x86.ActiveCfg = Debug|Any CPU
		{68849E9F-359E-4844-A6DB-0CAE421594AD}.docs|x86.Build.0 = Debug|Any CPU
		{68849E9F-359E-4844-A6DB-0CAE421594AD}.Publish|Any CPU.ActiveCfg = Release|Any CPU
		{68849E9F-359E-4844-A6DB-0CAE421594AD}.Publish|Any CPU.Build.0 = Release|Any CPU
		{68849E9F-359E-4844-A6DB-0CAE421594AD}.Publish|x64.ActiveCfg = Release|x64
		{68849E9F-359E-4844-A6DB-0CAE421594AD}.Publish|x64.Build.0 = Release|x64
		{68849E9F-359E-4844-A6DB-0CAE421594AD}.Publish|x86.ActiveCfg = Release|Any CPU
		{68849E9F-359E-4844-A6DB-0CAE421594AD}.Publish|x86.Build.0 = Release|Any CPU
		{68849E9F-359E-4844-A6DB-0CAE421594AD}.Release|Any CPU.ActiveCfg = Release|Any CPU
		{68849E9F-359E-4844-A6DB-0CAE421594AD}.Release|Any CPU.Build.0 = Release|Any CPU
		{68849E9F-359E-4844-A6DB-0CAE421594AD}.Release|x64.ActiveCfg = Release|x64
		{68849E9F-359E-4844-A6DB-0CAE421594AD}.Release|x64.Build.0 = Release|x64
		{68849E9F-359E-4844-A6DB-0CAE421594AD}.Release|x86.ActiveCfg = Release|Any CPU
		{68849E9F-359E-4844-A6DB-0CAE421594AD}.Release|x86.Build.0 = Release|Any CPU
		{68849E9F-359E-4844-A6DB-0CAE421594AD}.Release2|Any CPU.ActiveCfg = Release|Any CPU
		{68849E9F-359E-4844-A6DB-0CAE421594AD}.Release2|Any CPU.Build.0 = Release|Any CPU
		{68849E9F-359E-4844-A6DB-0CAE421594AD}.Release2|x64.ActiveCfg = Release|x64
		{68849E9F-359E-4844-A6DB-0CAE421594AD}.Release2|x64.Build.0 = Release|x64
		{68849E9F-359E-4844-A6DB-0CAE421594AD}.Release2|x86.ActiveCfg = Release|Any CPU
		{68849E9F-359E-4844-A6DB-0CAE421594AD}.Release2|x86.Build.0 = Release|Any CPU
		{C699D311-9923-4C19-BF70-5048D0E2CF5D}.Debug|Any CPU.ActiveCfg = Debug|Any CPU
		{C699D311-9923-4C19-BF70-5048D0E2CF5D}.Debug|Any CPU.Build.0 = Debug|Any CPU
		{C699D311-9923-4C19-BF70-5048D0E2CF5D}.Debug|x64.ActiveCfg = Debug|x64
		{C699D311-9923-4C19-BF70-5048D0E2CF5D}.Debug|x64.Build.0 = Debug|x64
		{C699D311-9923-4C19-BF70-5048D0E2CF5D}.Debug|x86.ActiveCfg = Debug|x86
		{C699D311-9923-4C19-BF70-5048D0E2CF5D}.Debug|x86.Build.0 = Debug|x86
		{C699D311-9923-4C19-BF70-5048D0E2CF5D}.DEMO|Any CPU.ActiveCfg = Debug|Any CPU
		{C699D311-9923-4C19-BF70-5048D0E2CF5D}.DEMO|Any CPU.Build.0 = Debug|Any CPU
		{C699D311-9923-4C19-BF70-5048D0E2CF5D}.DEMO|x64.ActiveCfg = Debug|x64
		{C699D311-9923-4C19-BF70-5048D0E2CF5D}.DEMO|x64.Build.0 = Debug|x64
		{C699D311-9923-4C19-BF70-5048D0E2CF5D}.DEMO|x86.ActiveCfg = Debug|x86
		{C699D311-9923-4C19-BF70-5048D0E2CF5D}.DEMO|x86.Build.0 = Debug|x86
		{C699D311-9923-4C19-BF70-5048D0E2CF5D}.docs|Any CPU.ActiveCfg = docs|Any CPU
		{C699D311-9923-4C19-BF70-5048D0E2CF5D}.docs|Any CPU.Build.0 = docs|Any CPU
		{C699D311-9923-4C19-BF70-5048D0E2CF5D}.docs|x64.ActiveCfg = docs|x64
		{C699D311-9923-4C19-BF70-5048D0E2CF5D}.docs|x64.Build.0 = docs|x64
		{C699D311-9923-4C19-BF70-5048D0E2CF5D}.docs|x86.ActiveCfg = docs|x86
		{C699D311-9923-4C19-BF70-5048D0E2CF5D}.docs|x86.Build.0 = docs|x86
		{C699D311-9923-4C19-BF70-5048D0E2CF5D}.Publish|Any CPU.ActiveCfg = Publish|Any CPU
		{C699D311-9923-4C19-BF70-5048D0E2CF5D}.Publish|Any CPU.Build.0 = Publish|Any CPU
		{C699D311-9923-4C19-BF70-5048D0E2CF5D}.Publish|x64.ActiveCfg = Publish|x64
		{C699D311-9923-4C19-BF70-5048D0E2CF5D}.Publish|x64.Build.0 = Publish|x64
		{C699D311-9923-4C19-BF70-5048D0E2CF5D}.Publish|x86.ActiveCfg = Publish|x86
		{C699D311-9923-4C19-BF70-5048D0E2CF5D}.Publish|x86.Build.0 = Publish|x86
		{C699D311-9923-4C19-BF70-5048D0E2CF5D}.Release|Any CPU.ActiveCfg = Release|Any CPU
		{C699D311-9923-4C19-BF70-5048D0E2CF5D}.Release|Any CPU.Build.0 = Release|Any CPU
		{C699D311-9923-4C19-BF70-5048D0E2CF5D}.Release|x64.ActiveCfg = Release|x64
		{C699D311-9923-4C19-BF70-5048D0E2CF5D}.Release|x64.Build.0 = Release|x64
		{C699D311-9923-4C19-BF70-5048D0E2CF5D}.Release|x86.ActiveCfg = Release|x86
		{C699D311-9923-4C19-BF70-5048D0E2CF5D}.Release|x86.Build.0 = Release|x86
		{C699D311-9923-4C19-BF70-5048D0E2CF5D}.Release2|Any CPU.ActiveCfg = Release2|Any CPU
		{C699D311-9923-4C19-BF70-5048D0E2CF5D}.Release2|Any CPU.Build.0 = Release2|Any CPU
		{C699D311-9923-4C19-BF70-5048D0E2CF5D}.Release2|x64.ActiveCfg = Release2|x64
		{C699D311-9923-4C19-BF70-5048D0E2CF5D}.Release2|x64.Build.0 = Release2|x64
		{C699D311-9923-4C19-BF70-5048D0E2CF5D}.Release2|x86.ActiveCfg = Release2|x86
		{C699D311-9923-4C19-BF70-5048D0E2CF5D}.Release2|x86.Build.0 = Release2|x86
		{E3367B88-5D0C-495A-8273-331656D4B5AA}.Debug|Any CPU.ActiveCfg = Debug|Any CPU
		{E3367B88-5D0C-495A-8273-331656D4B5AA}.Debug|Any CPU.Build.0 = Debug|Any CPU
		{E3367B88-5D0C-495A-8273-331656D4B5AA}.Debug|x64.ActiveCfg = Debug|x64
		{E3367B88-5D0C-495A-8273-331656D4B5AA}.Debug|x64.Build.0 = Debug|x64
		{E3367B88-5D0C-495A-8273-331656D4B5AA}.Debug|x86.ActiveCfg = Debug|x86
		{E3367B88-5D0C-495A-8273-331656D4B5AA}.Debug|x86.Build.0 = Debug|x86
		{E3367B88-5D0C-495A-8273-331656D4B5AA}.DEMO|Any CPU.ActiveCfg = Debug|Any CPU
		{E3367B88-5D0C-495A-8273-331656D4B5AA}.DEMO|Any CPU.Build.0 = Debug|Any CPU
		{E3367B88-5D0C-495A-8273-331656D4B5AA}.DEMO|x64.ActiveCfg = Debug|x64
		{E3367B88-5D0C-495A-8273-331656D4B5AA}.DEMO|x64.Build.0 = Debug|x64
		{E3367B88-5D0C-495A-8273-331656D4B5AA}.DEMO|x86.ActiveCfg = Debug|x86
		{E3367B88-5D0C-495A-8273-331656D4B5AA}.DEMO|x86.Build.0 = Debug|x86
		{E3367B88-5D0C-495A-8273-331656D4B5AA}.docs|Any CPU.ActiveCfg = docs|Any CPU
		{E3367B88-5D0C-495A-8273-331656D4B5AA}.docs|Any CPU.Build.0 = docs|Any CPU
		{E3367B88-5D0C-495A-8273-331656D4B5AA}.docs|x64.ActiveCfg = docs|x64
		{E3367B88-5D0C-495A-8273-331656D4B5AA}.docs|x64.Build.0 = docs|x64
		{E3367B88-5D0C-495A-8273-331656D4B5AA}.docs|x86.ActiveCfg = docs|x86
		{E3367B88-5D0C-495A-8273-331656D4B5AA}.docs|x86.Build.0 = docs|x86
		{E3367B88-5D0C-495A-8273-331656D4B5AA}.Publish|Any CPU.ActiveCfg = Publish|Any CPU
		{E3367B88-5D0C-495A-8273-331656D4B5AA}.Publish|Any CPU.Build.0 = Publish|Any CPU
		{E3367B88-5D0C-495A-8273-331656D4B5AA}.Publish|x64.ActiveCfg = Publish|x64
		{E3367B88-5D0C-495A-8273-331656D4B5AA}.Publish|x64.Build.0 = Publish|x64
		{E3367B88-5D0C-495A-8273-331656D4B5AA}.Publish|x86.ActiveCfg = Publish|x86
		{E3367B88-5D0C-495A-8273-331656D4B5AA}.Publish|x86.Build.0 = Publish|x86
		{E3367B88-5D0C-495A-8273-331656D4B5AA}.Release|Any CPU.ActiveCfg = Release|Any CPU
		{E3367B88-5D0C-495A-8273-331656D4B5AA}.Release|Any CPU.Build.0 = Release|Any CPU
		{E3367B88-5D0C-495A-8273-331656D4B5AA}.Release|x64.ActiveCfg = Release|x64
		{E3367B88-5D0C-495A-8273-331656D4B5AA}.Release|x64.Build.0 = Release|x64
		{E3367B88-5D0C-495A-8273-331656D4B5AA}.Release|x86.ActiveCfg = Release|x86
		{E3367B88-5D0C-495A-8273-331656D4B5AA}.Release|x86.Build.0 = Release|x86
		{E3367B88-5D0C-495A-8273-331656D4B5AA}.Release2|Any CPU.ActiveCfg = Release2|Any CPU
		{E3367B88-5D0C-495A-8273-331656D4B5AA}.Release2|Any CPU.Build.0 = Release2|Any CPU
		{E3367B88-5D0C-495A-8273-331656D4B5AA}.Release2|x64.ActiveCfg = Release2|x64
		{E3367B88-5D0C-495A-8273-331656D4B5AA}.Release2|x64.Build.0 = Release2|x64
		{E3367B88-5D0C-495A-8273-331656D4B5AA}.Release2|x86.ActiveCfg = Release2|x86
		{E3367B88-5D0C-495A-8273-331656D4B5AA}.Release2|x86.Build.0 = Release2|x86
		{D6E1FCBB-69B4-43D3-9289-A987A140A435}.Debug|Any CPU.ActiveCfg = Debug|Any CPU
		{D6E1FCBB-69B4-43D3-9289-A987A140A435}.Debug|Any CPU.Build.0 = Debug|Any CPU
		{D6E1FCBB-69B4-43D3-9289-A987A140A435}.Debug|x64.ActiveCfg = Debug|x64
		{D6E1FCBB-69B4-43D3-9289-A987A140A435}.Debug|x64.Build.0 = Debug|x64
		{D6E1FCBB-69B4-43D3-9289-A987A140A435}.Debug|x86.ActiveCfg = Debug|Any CPU
		{D6E1FCBB-69B4-43D3-9289-A987A140A435}.Debug|x86.Build.0 = Debug|Any CPU
		{D6E1FCBB-69B4-43D3-9289-A987A140A435}.DEMO|Any CPU.ActiveCfg = Debug|Any CPU
		{D6E1FCBB-69B4-43D3-9289-A987A140A435}.DEMO|Any CPU.Build.0 = Debug|Any CPU
		{D6E1FCBB-69B4-43D3-9289-A987A140A435}.DEMO|x64.ActiveCfg = Debug|x64
		{D6E1FCBB-69B4-43D3-9289-A987A140A435}.DEMO|x64.Build.0 = Debug|x64
		{D6E1FCBB-69B4-43D3-9289-A987A140A435}.DEMO|x86.ActiveCfg = Debug|Any CPU
		{D6E1FCBB-69B4-43D3-9289-A987A140A435}.DEMO|x86.Build.0 = Debug|Any CPU
		{D6E1FCBB-69B4-43D3-9289-A987A140A435}.docs|Any CPU.ActiveCfg = Debug|Any CPU
		{D6E1FCBB-69B4-43D3-9289-A987A140A435}.docs|Any CPU.Build.0 = Debug|Any CPU
		{D6E1FCBB-69B4-43D3-9289-A987A140A435}.docs|x64.ActiveCfg = Debug|x64
		{D6E1FCBB-69B4-43D3-9289-A987A140A435}.docs|x64.Build.0 = Debug|x64
		{D6E1FCBB-69B4-43D3-9289-A987A140A435}.docs|x86.ActiveCfg = Debug|Any CPU
		{D6E1FCBB-69B4-43D3-9289-A987A140A435}.docs|x86.Build.0 = Debug|Any CPU
		{D6E1FCBB-69B4-43D3-9289-A987A140A435}.Publish|Any CPU.ActiveCfg = Publish|Any CPU
		{D6E1FCBB-69B4-43D3-9289-A987A140A435}.Publish|Any CPU.Build.0 = Publish|Any CPU
		{D6E1FCBB-69B4-43D3-9289-A987A140A435}.Publish|x64.ActiveCfg = Publish|x64
		{D6E1FCBB-69B4-43D3-9289-A987A140A435}.Publish|x64.Build.0 = Publish|x64
		{D6E1FCBB-69B4-43D3-9289-A987A140A435}.Publish|x86.ActiveCfg = Publish|Any CPU
		{D6E1FCBB-69B4-43D3-9289-A987A140A435}.Publish|x86.Build.0 = Publish|Any CPU
		{D6E1FCBB-69B4-43D3-9289-A987A140A435}.Release|Any CPU.ActiveCfg = Release|Any CPU
		{D6E1FCBB-69B4-43D3-9289-A987A140A435}.Release|Any CPU.Build.0 = Release|Any CPU
		{D6E1FCBB-69B4-43D3-9289-A987A140A435}.Release|x64.ActiveCfg = Release|x64
		{D6E1FCBB-69B4-43D3-9289-A987A140A435}.Release|x64.Build.0 = Release|x64
		{D6E1FCBB-69B4-43D3-9289-A987A140A435}.Release|x86.ActiveCfg = Release|Any CPU
		{D6E1FCBB-69B4-43D3-9289-A987A140A435}.Release|x86.Build.0 = Release|Any CPU
		{D6E1FCBB-69B4-43D3-9289-A987A140A435}.Release2|Any CPU.ActiveCfg = Release|Any CPU
		{D6E1FCBB-69B4-43D3-9289-A987A140A435}.Release2|Any CPU.Build.0 = Release|Any CPU
		{D6E1FCBB-69B4-43D3-9289-A987A140A435}.Release2|x64.ActiveCfg = Release|x64
		{D6E1FCBB-69B4-43D3-9289-A987A140A435}.Release2|x64.Build.0 = Release|x64
		{D6E1FCBB-69B4-43D3-9289-A987A140A435}.Release2|x86.ActiveCfg = Release|Any CPU
		{D6E1FCBB-69B4-43D3-9289-A987A140A435}.Release2|x86.Build.0 = Release|Any CPU
		{2DD4BE80-DDC3-4767-94A7-10F1C3395716}.Debug|Any CPU.ActiveCfg = Debug|Any CPU
		{2DD4BE80-DDC3-4767-94A7-10F1C3395716}.Debug|Any CPU.Build.0 = Debug|Any CPU
		{2DD4BE80-DDC3-4767-94A7-10F1C3395716}.Debug|x64.ActiveCfg = Debug|x64
		{2DD4BE80-DDC3-4767-94A7-10F1C3395716}.Debug|x64.Build.0 = Debug|x64
		{2DD4BE80-DDC3-4767-94A7-10F1C3395716}.Debug|x86.ActiveCfg = Debug|x86
		{2DD4BE80-DDC3-4767-94A7-10F1C3395716}.Debug|x86.Build.0 = Debug|x86
		{2DD4BE80-DDC3-4767-94A7-10F1C3395716}.DEMO|Any CPU.ActiveCfg = Debug|Any CPU
		{2DD4BE80-DDC3-4767-94A7-10F1C3395716}.DEMO|Any CPU.Build.0 = Debug|Any CPU
		{2DD4BE80-DDC3-4767-94A7-10F1C3395716}.DEMO|x64.ActiveCfg = Debug|x64
		{2DD4BE80-DDC3-4767-94A7-10F1C3395716}.DEMO|x64.Build.0 = Debug|x64
		{2DD4BE80-DDC3-4767-94A7-10F1C3395716}.DEMO|x86.ActiveCfg = Debug|x86
		{2DD4BE80-DDC3-4767-94A7-10F1C3395716}.DEMO|x86.Build.0 = Debug|x86
		{2DD4BE80-DDC3-4767-94A7-10F1C3395716}.docs|Any CPU.ActiveCfg = docs|Any CPU
		{2DD4BE80-DDC3-4767-94A7-10F1C3395716}.docs|Any CPU.Build.0 = docs|Any CPU
		{2DD4BE80-DDC3-4767-94A7-10F1C3395716}.docs|x64.ActiveCfg = docs|x64
		{2DD4BE80-DDC3-4767-94A7-10F1C3395716}.docs|x64.Build.0 = docs|x64
		{2DD4BE80-DDC3-4767-94A7-10F1C3395716}.docs|x86.ActiveCfg = docs|x86
		{2DD4BE80-DDC3-4767-94A7-10F1C3395716}.docs|x86.Build.0 = docs|x86
		{2DD4BE80-DDC3-4767-94A7-10F1C3395716}.Publish|Any CPU.ActiveCfg = Publish|Any CPU
		{2DD4BE80-DDC3-4767-94A7-10F1C3395716}.Publish|Any CPU.Build.0 = Publish|Any CPU
		{2DD4BE80-DDC3-4767-94A7-10F1C3395716}.Publish|x64.ActiveCfg = Publish|x64
		{2DD4BE80-DDC3-4767-94A7-10F1C3395716}.Publish|x64.Build.0 = Publish|x64
		{2DD4BE80-DDC3-4767-94A7-10F1C3395716}.Publish|x86.ActiveCfg = Publish|x86
		{2DD4BE80-DDC3-4767-94A7-10F1C3395716}.Publish|x86.Build.0 = Publish|x86
		{2DD4BE80-DDC3-4767-94A7-10F1C3395716}.Release|Any CPU.ActiveCfg = Release|Any CPU
		{2DD4BE80-DDC3-4767-94A7-10F1C3395716}.Release|Any CPU.Build.0 = Release|Any CPU
		{2DD4BE80-DDC3-4767-94A7-10F1C3395716}.Release|x64.ActiveCfg = Release|x64
		{2DD4BE80-DDC3-4767-94A7-10F1C3395716}.Release|x64.Build.0 = Release|x64
		{2DD4BE80-DDC3-4767-94A7-10F1C3395716}.Release|x86.ActiveCfg = Release|x86
		{2DD4BE80-DDC3-4767-94A7-10F1C3395716}.Release|x86.Build.0 = Release|x86
		{2DD4BE80-DDC3-4767-94A7-10F1C3395716}.Release2|Any CPU.ActiveCfg = Release2|Any CPU
		{2DD4BE80-DDC3-4767-94A7-10F1C3395716}.Release2|Any CPU.Build.0 = Release2|Any CPU
		{2DD4BE80-DDC3-4767-94A7-10F1C3395716}.Release2|x64.ActiveCfg = Release2|x64
		{2DD4BE80-DDC3-4767-94A7-10F1C3395716}.Release2|x64.Build.0 = Release2|x64
		{2DD4BE80-DDC3-4767-94A7-10F1C3395716}.Release2|x86.ActiveCfg = Release2|x86
		{2DD4BE80-DDC3-4767-94A7-10F1C3395716}.Release2|x86.Build.0 = Release2|x86
		{85E71B4B-9276-4EC8-AADC-C849205F1EA8}.Debug|Any CPU.ActiveCfg = Debug|Any CPU
		{85E71B4B-9276-4EC8-AADC-C849205F1EA8}.Debug|Any CPU.Build.0 = Debug|Any CPU
		{85E71B4B-9276-4EC8-AADC-C849205F1EA8}.Debug|x64.ActiveCfg = Debug|x64
		{85E71B4B-9276-4EC8-AADC-C849205F1EA8}.Debug|x64.Build.0 = Debug|x64
		{85E71B4B-9276-4EC8-AADC-C849205F1EA8}.Debug|x86.ActiveCfg = Debug|x86
		{85E71B4B-9276-4EC8-AADC-C849205F1EA8}.Debug|x86.Build.0 = Debug|x86
		{85E71B4B-9276-4EC8-AADC-C849205F1EA8}.DEMO|Any CPU.ActiveCfg = Debug|Any CPU
		{85E71B4B-9276-4EC8-AADC-C849205F1EA8}.DEMO|Any CPU.Build.0 = Debug|Any CPU
		{85E71B4B-9276-4EC8-AADC-C849205F1EA8}.DEMO|x64.ActiveCfg = Debug|x64
		{85E71B4B-9276-4EC8-AADC-C849205F1EA8}.DEMO|x64.Build.0 = Debug|x64
		{85E71B4B-9276-4EC8-AADC-C849205F1EA8}.DEMO|x86.ActiveCfg = Debug|x86
		{85E71B4B-9276-4EC8-AADC-C849205F1EA8}.DEMO|x86.Build.0 = Debug|x86
		{85E71B4B-9276-4EC8-AADC-C849205F1EA8}.docs|Any CPU.ActiveCfg = docs|Any CPU
		{85E71B4B-9276-4EC8-AADC-C849205F1EA8}.docs|Any CPU.Build.0 = docs|Any CPU
		{85E71B4B-9276-4EC8-AADC-C849205F1EA8}.docs|x64.ActiveCfg = docs|x64
		{85E71B4B-9276-4EC8-AADC-C849205F1EA8}.docs|x64.Build.0 = docs|x64
		{85E71B4B-9276-4EC8-AADC-C849205F1EA8}.docs|x86.ActiveCfg = docs|x86
		{85E71B4B-9276-4EC8-AADC-C849205F1EA8}.docs|x86.Build.0 = docs|x86
		{85E71B4B-9276-4EC8-AADC-C849205F1EA8}.Publish|Any CPU.ActiveCfg = Publish|Any CPU
		{85E71B4B-9276-4EC8-AADC-C849205F1EA8}.Publish|Any CPU.Build.0 = Publish|Any CPU
		{85E71B4B-9276-4EC8-AADC-C849205F1EA8}.Publish|x64.ActiveCfg = Publish|x64
		{85E71B4B-9276-4EC8-AADC-C849205F1EA8}.Publish|x64.Build.0 = Publish|x64
		{85E71B4B-9276-4EC8-AADC-C849205F1EA8}.Publish|x86.ActiveCfg = Publish|x86
		{85E71B4B-9276-4EC8-AADC-C849205F1EA8}.Publish|x86.Build.0 = Publish|x86
		{85E71B4B-9276-4EC8-AADC-C849205F1EA8}.Release|Any CPU.ActiveCfg = Release|Any CPU
		{85E71B4B-9276-4EC8-AADC-C849205F1EA8}.Release|Any CPU.Build.0 = Release|Any CPU
		{85E71B4B-9276-4EC8-AADC-C849205F1EA8}.Release|x64.ActiveCfg = Release|x64
		{85E71B4B-9276-4EC8-AADC-C849205F1EA8}.Release|x64.Build.0 = Release|x64
		{85E71B4B-9276-4EC8-AADC-C849205F1EA8}.Release|x86.ActiveCfg = Release|x86
		{85E71B4B-9276-4EC8-AADC-C849205F1EA8}.Release|x86.Build.0 = Release|x86
		{85E71B4B-9276-4EC8-AADC-C849205F1EA8}.Release2|Any CPU.ActiveCfg = Release2|Any CPU
		{85E71B4B-9276-4EC8-AADC-C849205F1EA8}.Release2|Any CPU.Build.0 = Release2|Any CPU
		{85E71B4B-9276-4EC8-AADC-C849205F1EA8}.Release2|x64.ActiveCfg = Release2|x64
		{85E71B4B-9276-4EC8-AADC-C849205F1EA8}.Release2|x64.Build.0 = Release2|x64
		{85E71B4B-9276-4EC8-AADC-C849205F1EA8}.Release2|x86.ActiveCfg = Release2|x86
		{85E71B4B-9276-4EC8-AADC-C849205F1EA8}.Release2|x86.Build.0 = Release2|x86
		{076315EE-B598-40DC-9280-C71CDF9B6A48}.Debug|Any CPU.ActiveCfg = Debug|Any CPU
		{076315EE-B598-40DC-9280-C71CDF9B6A48}.Debug|Any CPU.Build.0 = Debug|Any CPU
		{076315EE-B598-40DC-9280-C71CDF9B6A48}.Debug|x64.ActiveCfg = Debug|x64
		{076315EE-B598-40DC-9280-C71CDF9B6A48}.Debug|x64.Build.0 = Debug|x64
		{076315EE-B598-40DC-9280-C71CDF9B6A48}.Debug|x86.ActiveCfg = Debug|x86
		{076315EE-B598-40DC-9280-C71CDF9B6A48}.Debug|x86.Build.0 = Debug|x86
		{076315EE-B598-40DC-9280-C71CDF9B6A48}.DEMO|Any CPU.ActiveCfg = Debug|Any CPU
		{076315EE-B598-40DC-9280-C71CDF9B6A48}.DEMO|Any CPU.Build.0 = Debug|Any CPU
		{076315EE-B598-40DC-9280-C71CDF9B6A48}.DEMO|x64.ActiveCfg = Debug|x64
		{076315EE-B598-40DC-9280-C71CDF9B6A48}.DEMO|x64.Build.0 = Debug|x64
		{076315EE-B598-40DC-9280-C71CDF9B6A48}.DEMO|x86.ActiveCfg = Debug|x86
		{076315EE-B598-40DC-9280-C71CDF9B6A48}.DEMO|x86.Build.0 = Debug|x86
		{076315EE-B598-40DC-9280-C71CDF9B6A48}.docs|Any CPU.ActiveCfg = docs|Any CPU
		{076315EE-B598-40DC-9280-C71CDF9B6A48}.docs|Any CPU.Build.0 = docs|Any CPU
		{076315EE-B598-40DC-9280-C71CDF9B6A48}.docs|x64.ActiveCfg = docs|x64
		{076315EE-B598-40DC-9280-C71CDF9B6A48}.docs|x64.Build.0 = docs|x64
		{076315EE-B598-40DC-9280-C71CDF9B6A48}.docs|x86.ActiveCfg = docs|x86
		{076315EE-B598-40DC-9280-C71CDF9B6A48}.docs|x86.Build.0 = docs|x86
		{076315EE-B598-40DC-9280-C71CDF9B6A48}.Publish|Any CPU.ActiveCfg = Publish|Any CPU
		{076315EE-B598-40DC-9280-C71CDF9B6A48}.Publish|Any CPU.Build.0 = Publish|Any CPU
		{076315EE-B598-40DC-9280-C71CDF9B6A48}.Publish|x64.ActiveCfg = Publish|x64
		{076315EE-B598-40DC-9280-C71CDF9B6A48}.Publish|x64.Build.0 = Publish|x64
		{076315EE-B598-40DC-9280-C71CDF9B6A48}.Publish|x86.ActiveCfg = Publish|x86
		{076315EE-B598-40DC-9280-C71CDF9B6A48}.Publish|x86.Build.0 = Publish|x86
		{076315EE-B598-40DC-9280-C71CDF9B6A48}.Release|Any CPU.ActiveCfg = Release|Any CPU
		{076315EE-B598-40DC-9280-C71CDF9B6A48}.Release|Any CPU.Build.0 = Release|Any CPU
		{076315EE-B598-40DC-9280-C71CDF9B6A48}.Release|x64.ActiveCfg = Release|x64
		{076315EE-B598-40DC-9280-C71CDF9B6A48}.Release|x64.Build.0 = Release|x64
		{076315EE-B598-40DC-9280-C71CDF9B6A48}.Release|x86.ActiveCfg = Release|x86
		{076315EE-B598-40DC-9280-C71CDF9B6A48}.Release|x86.Build.0 = Release|x86
		{076315EE-B598-40DC-9280-C71CDF9B6A48}.Release2|Any CPU.ActiveCfg = Release2|Any CPU
		{076315EE-B598-40DC-9280-C71CDF9B6A48}.Release2|Any CPU.Build.0 = Release2|Any CPU
		{076315EE-B598-40DC-9280-C71CDF9B6A48}.Release2|x64.ActiveCfg = Release2|x64
		{076315EE-B598-40DC-9280-C71CDF9B6A48}.Release2|x64.Build.0 = Release2|x64
		{076315EE-B598-40DC-9280-C71CDF9B6A48}.Release2|x86.ActiveCfg = Release2|x86
		{076315EE-B598-40DC-9280-C71CDF9B6A48}.Release2|x86.Build.0 = Release2|x86
		{C6B843B8-F990-4FAF-98DE-A20EFC8B69F7}.Debug|Any CPU.ActiveCfg = Debug|Any CPU
		{C6B843B8-F990-4FAF-98DE-A20EFC8B69F7}.Debug|Any CPU.Build.0 = Debug|Any CPU
		{C6B843B8-F990-4FAF-98DE-A20EFC8B69F7}.Debug|x64.ActiveCfg = Debug|x64
		{C6B843B8-F990-4FAF-98DE-A20EFC8B69F7}.Debug|x64.Build.0 = Debug|x64
		{C6B843B8-F990-4FAF-98DE-A20EFC8B69F7}.Debug|x86.ActiveCfg = Debug|x86
		{C6B843B8-F990-4FAF-98DE-A20EFC8B69F7}.Debug|x86.Build.0 = Debug|x86
		{C6B843B8-F990-4FAF-98DE-A20EFC8B69F7}.DEMO|Any CPU.ActiveCfg = Debug|Any CPU
		{C6B843B8-F990-4FAF-98DE-A20EFC8B69F7}.DEMO|Any CPU.Build.0 = Debug|Any CPU
		{C6B843B8-F990-4FAF-98DE-A20EFC8B69F7}.DEMO|x64.ActiveCfg = Debug|x64
		{C6B843B8-F990-4FAF-98DE-A20EFC8B69F7}.DEMO|x64.Build.0 = Debug|x64
		{C6B843B8-F990-4FAF-98DE-A20EFC8B69F7}.DEMO|x86.ActiveCfg = Debug|x86
		{C6B843B8-F990-4FAF-98DE-A20EFC8B69F7}.DEMO|x86.Build.0 = Debug|x86
		{C6B843B8-F990-4FAF-98DE-A20EFC8B69F7}.docs|Any CPU.ActiveCfg = docs|Any CPU
		{C6B843B8-F990-4FAF-98DE-A20EFC8B69F7}.docs|Any CPU.Build.0 = docs|Any CPU
		{C6B843B8-F990-4FAF-98DE-A20EFC8B69F7}.docs|x64.ActiveCfg = docs|x64
		{C6B843B8-F990-4FAF-98DE-A20EFC8B69F7}.docs|x64.Build.0 = docs|x64
		{C6B843B8-F990-4FAF-98DE-A20EFC8B69F7}.docs|x86.ActiveCfg = docs|x86
		{C6B843B8-F990-4FAF-98DE-A20EFC8B69F7}.docs|x86.Build.0 = docs|x86
		{C6B843B8-F990-4FAF-98DE-A20EFC8B69F7}.Publish|Any CPU.ActiveCfg = Publish|Any CPU
		{C6B843B8-F990-4FAF-98DE-A20EFC8B69F7}.Publish|Any CPU.Build.0 = Publish|Any CPU
		{C6B843B8-F990-4FAF-98DE-A20EFC8B69F7}.Publish|x64.ActiveCfg = Publish|x64
		{C6B843B8-F990-4FAF-98DE-A20EFC8B69F7}.Publish|x64.Build.0 = Publish|x64
		{C6B843B8-F990-4FAF-98DE-A20EFC8B69F7}.Publish|x86.ActiveCfg = Publish|x86
		{C6B843B8-F990-4FAF-98DE-A20EFC8B69F7}.Publish|x86.Build.0 = Publish|x86
		{C6B843B8-F990-4FAF-98DE-A20EFC8B69F7}.Release|Any CPU.ActiveCfg = Release|Any CPU
		{C6B843B8-F990-4FAF-98DE-A20EFC8B69F7}.Release|Any CPU.Build.0 = Release|Any CPU
		{C6B843B8-F990-4FAF-98DE-A20EFC8B69F7}.Release|x64.ActiveCfg = Release|x64
		{C6B843B8-F990-4FAF-98DE-A20EFC8B69F7}.Release|x64.Build.0 = Release|x64
		{C6B843B8-F990-4FAF-98DE-A20EFC8B69F7}.Release|x86.ActiveCfg = Release|x86
		{C6B843B8-F990-4FAF-98DE-A20EFC8B69F7}.Release|x86.Build.0 = Release|x86
		{C6B843B8-F990-4FAF-98DE-A20EFC8B69F7}.Release2|Any CPU.ActiveCfg = Release2|Any CPU
		{C6B843B8-F990-4FAF-98DE-A20EFC8B69F7}.Release2|Any CPU.Build.0 = Release2|Any CPU
		{C6B843B8-F990-4FAF-98DE-A20EFC8B69F7}.Release2|x64.ActiveCfg = Release2|x64
		{C6B843B8-F990-4FAF-98DE-A20EFC8B69F7}.Release2|x64.Build.0 = Release2|x64
		{C6B843B8-F990-4FAF-98DE-A20EFC8B69F7}.Release2|x86.ActiveCfg = Release2|x86
		{C6B843B8-F990-4FAF-98DE-A20EFC8B69F7}.Release2|x86.Build.0 = Release2|x86
		{B1DE5562-91D6-4AEE-AA26-72EF2DFC7C75}.Debug|Any CPU.ActiveCfg = Debug|Any CPU
		{B1DE5562-91D6-4AEE-AA26-72EF2DFC7C75}.Debug|Any CPU.Build.0 = Debug|Any CPU
		{B1DE5562-91D6-4AEE-AA26-72EF2DFC7C75}.Debug|x64.ActiveCfg = Debug|x64
		{B1DE5562-91D6-4AEE-AA26-72EF2DFC7C75}.Debug|x64.Build.0 = Debug|x64
		{B1DE5562-91D6-4AEE-AA26-72EF2DFC7C75}.Debug|x86.ActiveCfg = Debug|Any CPU
		{B1DE5562-91D6-4AEE-AA26-72EF2DFC7C75}.Debug|x86.Build.0 = Debug|Any CPU
		{B1DE5562-91D6-4AEE-AA26-72EF2DFC7C75}.DEMO|Any CPU.ActiveCfg = Debug|Any CPU
		{B1DE5562-91D6-4AEE-AA26-72EF2DFC7C75}.DEMO|Any CPU.Build.0 = Debug|Any CPU
		{B1DE5562-91D6-4AEE-AA26-72EF2DFC7C75}.DEMO|x64.ActiveCfg = Debug|x64
		{B1DE5562-91D6-4AEE-AA26-72EF2DFC7C75}.DEMO|x64.Build.0 = Debug|x64
		{B1DE5562-91D6-4AEE-AA26-72EF2DFC7C75}.DEMO|x86.ActiveCfg = Debug|Any CPU
		{B1DE5562-91D6-4AEE-AA26-72EF2DFC7C75}.DEMO|x86.Build.0 = Debug|Any CPU
		{B1DE5562-91D6-4AEE-AA26-72EF2DFC7C75}.docs|Any CPU.ActiveCfg = Debug|Any CPU
		{B1DE5562-91D6-4AEE-AA26-72EF2DFC7C75}.docs|Any CPU.Build.0 = Debug|Any CPU
		{B1DE5562-91D6-4AEE-AA26-72EF2DFC7C75}.docs|x64.ActiveCfg = Debug|x64
		{B1DE5562-91D6-4AEE-AA26-72EF2DFC7C75}.docs|x64.Build.0 = Debug|x64
		{B1DE5562-91D6-4AEE-AA26-72EF2DFC7C75}.docs|x86.ActiveCfg = Debug|Any CPU
		{B1DE5562-91D6-4AEE-AA26-72EF2DFC7C75}.docs|x86.Build.0 = Debug|Any CPU
		{B1DE5562-91D6-4AEE-AA26-72EF2DFC7C75}.Publish|Any CPU.ActiveCfg = Release|Any CPU
		{B1DE5562-91D6-4AEE-AA26-72EF2DFC7C75}.Publish|Any CPU.Build.0 = Release|Any CPU
		{B1DE5562-91D6-4AEE-AA26-72EF2DFC7C75}.Publish|x64.ActiveCfg = Release|x64
		{B1DE5562-91D6-4AEE-AA26-72EF2DFC7C75}.Publish|x64.Build.0 = Release|x64
		{B1DE5562-91D6-4AEE-AA26-72EF2DFC7C75}.Publish|x86.ActiveCfg = Release|Any CPU
		{B1DE5562-91D6-4AEE-AA26-72EF2DFC7C75}.Publish|x86.Build.0 = Release|Any CPU
		{B1DE5562-91D6-4AEE-AA26-72EF2DFC7C75}.Release|Any CPU.ActiveCfg = Release|Any CPU
		{B1DE5562-91D6-4AEE-AA26-72EF2DFC7C75}.Release|Any CPU.Build.0 = Release|Any CPU
		{B1DE5562-91D6-4AEE-AA26-72EF2DFC7C75}.Release|x64.ActiveCfg = Release|x64
		{B1DE5562-91D6-4AEE-AA26-72EF2DFC7C75}.Release|x64.Build.0 = Release|x64
		{B1DE5562-91D6-4AEE-AA26-72EF2DFC7C75}.Release|x86.ActiveCfg = Release|Any CPU
		{B1DE5562-91D6-4AEE-AA26-72EF2DFC7C75}.Release|x86.Build.0 = Release|Any CPU
		{B1DE5562-91D6-4AEE-AA26-72EF2DFC7C75}.Release2|Any CPU.ActiveCfg = Release|Any CPU
		{B1DE5562-91D6-4AEE-AA26-72EF2DFC7C75}.Release2|Any CPU.Build.0 = Release|Any CPU
		{B1DE5562-91D6-4AEE-AA26-72EF2DFC7C75}.Release2|x64.ActiveCfg = Release|x64
		{B1DE5562-91D6-4AEE-AA26-72EF2DFC7C75}.Release2|x64.Build.0 = Release|x64
		{B1DE5562-91D6-4AEE-AA26-72EF2DFC7C75}.Release2|x86.ActiveCfg = Release|Any CPU
		{B1DE5562-91D6-4AEE-AA26-72EF2DFC7C75}.Release2|x86.Build.0 = Release|Any CPU
		{C48A87F3-13C8-498F-96B5-74F7AD0BD0DA}.Debug|Any CPU.ActiveCfg = Debug|Any CPU
		{C48A87F3-13C8-498F-96B5-74F7AD0BD0DA}.Debug|Any CPU.Build.0 = Debug|Any CPU
		{C48A87F3-13C8-498F-96B5-74F7AD0BD0DA}.Debug|x64.ActiveCfg = Debug|x64
		{C48A87F3-13C8-498F-96B5-74F7AD0BD0DA}.Debug|x64.Build.0 = Debug|x64
		{C48A87F3-13C8-498F-96B5-74F7AD0BD0DA}.Debug|x86.ActiveCfg = Debug|Any CPU
		{C48A87F3-13C8-498F-96B5-74F7AD0BD0DA}.Debug|x86.Build.0 = Debug|Any CPU
		{C48A87F3-13C8-498F-96B5-74F7AD0BD0DA}.DEMO|Any CPU.ActiveCfg = Debug|Any CPU
		{C48A87F3-13C8-498F-96B5-74F7AD0BD0DA}.DEMO|Any CPU.Build.0 = Debug|Any CPU
		{C48A87F3-13C8-498F-96B5-74F7AD0BD0DA}.DEMO|x64.ActiveCfg = Debug|Any CPU
		{C48A87F3-13C8-498F-96B5-74F7AD0BD0DA}.DEMO|x64.Build.0 = Debug|Any CPU
		{C48A87F3-13C8-498F-96B5-74F7AD0BD0DA}.DEMO|x86.ActiveCfg = Debug|Any CPU
		{C48A87F3-13C8-498F-96B5-74F7AD0BD0DA}.DEMO|x86.Build.0 = Debug|Any CPU
		{C48A87F3-13C8-498F-96B5-74F7AD0BD0DA}.docs|Any CPU.ActiveCfg = Debug|Any CPU
		{C48A87F3-13C8-498F-96B5-74F7AD0BD0DA}.docs|Any CPU.Build.0 = Debug|Any CPU
		{C48A87F3-13C8-498F-96B5-74F7AD0BD0DA}.docs|x64.ActiveCfg = Debug|Any CPU
		{C48A87F3-13C8-498F-96B5-74F7AD0BD0DA}.docs|x64.Build.0 = Debug|Any CPU
		{C48A87F3-13C8-498F-96B5-74F7AD0BD0DA}.docs|x86.ActiveCfg = Debug|Any CPU
		{C48A87F3-13C8-498F-96B5-74F7AD0BD0DA}.docs|x86.Build.0 = Debug|Any CPU
		{C48A87F3-13C8-498F-96B5-74F7AD0BD0DA}.Publish|Any CPU.ActiveCfg = Release|Any CPU
		{C48A87F3-13C8-498F-96B5-74F7AD0BD0DA}.Publish|Any CPU.Build.0 = Release|Any CPU
		{C48A87F3-13C8-498F-96B5-74F7AD0BD0DA}.Publish|x64.ActiveCfg = Release|Any CPU
		{C48A87F3-13C8-498F-96B5-74F7AD0BD0DA}.Publish|x64.Build.0 = Release|Any CPU
		{C48A87F3-13C8-498F-96B5-74F7AD0BD0DA}.Publish|x86.ActiveCfg = Release|Any CPU
		{C48A87F3-13C8-498F-96B5-74F7AD0BD0DA}.Publish|x86.Build.0 = Release|Any CPU
		{C48A87F3-13C8-498F-96B5-74F7AD0BD0DA}.Release|Any CPU.ActiveCfg = Release|Any CPU
		{C48A87F3-13C8-498F-96B5-74F7AD0BD0DA}.Release|Any CPU.Build.0 = Release|Any CPU
		{C48A87F3-13C8-498F-96B5-74F7AD0BD0DA}.Release|x64.ActiveCfg = Release|x64
		{C48A87F3-13C8-498F-96B5-74F7AD0BD0DA}.Release|x64.Build.0 = Release|x64
		{C48A87F3-13C8-498F-96B5-74F7AD0BD0DA}.Release|x86.ActiveCfg = Release|Any CPU
		{C48A87F3-13C8-498F-96B5-74F7AD0BD0DA}.Release|x86.Build.0 = Release|Any CPU
		{C48A87F3-13C8-498F-96B5-74F7AD0BD0DA}.Release2|Any CPU.ActiveCfg = Release|Any CPU
		{C48A87F3-13C8-498F-96B5-74F7AD0BD0DA}.Release2|Any CPU.Build.0 = Release|Any CPU
		{C48A87F3-13C8-498F-96B5-74F7AD0BD0DA}.Release2|x64.ActiveCfg = Release|Any CPU
		{C48A87F3-13C8-498F-96B5-74F7AD0BD0DA}.Release2|x64.Build.0 = Release|Any CPU
		{C48A87F3-13C8-498F-96B5-74F7AD0BD0DA}.Release2|x86.ActiveCfg = Release|Any CPU
		{C48A87F3-13C8-498F-96B5-74F7AD0BD0DA}.Release2|x86.Build.0 = Release|Any CPU
	EndGlobalSection
	GlobalSection(SolutionProperties) = preSolution
		HideSolutionNode = FALSE
	EndGlobalSection
	GlobalSection(NestedProjects) = preSolution
		{FECCE1FD-E1D4-49E3-A668-60BB5E7AED99} = {715010A5-568C-4B6F-B0E3-8655D8F97F0B}
		{7283C179-F852-4EAD-8D8F-B82EF2CBD7DB} = {715010A5-568C-4B6F-B0E3-8655D8F97F0B}
		{FBFC1455-B232-4F16-AFC7-4054A8B864AB} = {67256FFE-FD9E-43F1-B361-92216BE97B8C}
		{67256FFE-FD9E-43F1-B361-92216BE97B8C} = {715010A5-568C-4B6F-B0E3-8655D8F97F0B}
		{CE825E49-0386-4AB1-B452-B104ED3F7DEB} = {67256FFE-FD9E-43F1-B361-92216BE97B8C}
		{2C34A044-1BDE-44E8-A86E-E9971C87DA21} = {715010A5-568C-4B6F-B0E3-8655D8F97F0B}
		{68849E9F-359E-4844-A6DB-0CAE421594AD} = {6447A02B-440E-473E-8930-8D3F13953097}
		{C699D311-9923-4C19-BF70-5048D0E2CF5D} = {6447A02B-440E-473E-8930-8D3F13953097}
		{E3367B88-5D0C-495A-8273-331656D4B5AA} = {715010A5-568C-4B6F-B0E3-8655D8F97F0B}
		{F4A7374A-461F-4D50-BA0C-319BB191976E} = {715010A5-568C-4B6F-B0E3-8655D8F97F0B}
		{D6E1FCBB-69B4-43D3-9289-A987A140A435} = {F4A7374A-461F-4D50-BA0C-319BB191976E}
		{2DD4BE80-DDC3-4767-94A7-10F1C3395716} = {F4A7374A-461F-4D50-BA0C-319BB191976E}
		{85E71B4B-9276-4EC8-AADC-C849205F1EA8} = {F4A7374A-461F-4D50-BA0C-319BB191976E}
		{076315EE-B598-40DC-9280-C71CDF9B6A48} = {F4A7374A-461F-4D50-BA0C-319BB191976E}
		{C6B843B8-F990-4FAF-98DE-A20EFC8B69F7} = {6447A02B-440E-473E-8930-8D3F13953097}
		{E8CABDE9-5471-4EB6-8ABC-54C95D3B1512} = {6447A02B-440E-473E-8930-8D3F13953097}
		{36EE8DC2-3D23-45B7-8CE4-1942916A02AA} = {6447A02B-440E-473E-8930-8D3F13953097}
		{B1DE5562-91D6-4AEE-AA26-72EF2DFC7C75} = {67256FFE-FD9E-43F1-B361-92216BE97B8C}
	EndGlobalSection
EndGlobal
