
Microsoft Visual Studio Solution File, Format Version 12.00
# Visual Studio 15
VisualStudioVersion = 15.0.26724.1
MinimumVisualStudioVersion = 10.0.40219.1
Project("{F184B08F-C81C-45F6-A57F-5ABD9991F28F}") = "47-dotnet_Microsoft.VisualBasic", "E:\GCModeller\src\runtime\sciBASIC#\Microsoft.VisualBasic.Core\47-dotnet_Microsoft.VisualBasic.vbproj", "{FECCE1FD-E1D4-49E3-A668-60BB5E7AED99}"
EndProject
Project("{F184B08F-C81C-45F6-A57F-5ABD9991F28F}") = "biostack", "..\biostack\biostack.vbproj", "{AB0B84DC-2373-4130-94F8-44DCEF1E737F}"
EndProject
Project("{F184B08F-C81C-45F6-A57F-5ABD9991F28F}") = "47_dotnet_ms-vb_data.framework", "E:\GCModeller\src\runtime\sciBASIC#\Data\DataFrame\47_dotnet_ms-vb_data.framework.vbproj", "{7283C179-F852-4EAD-8D8F-B82EF2CBD7DB}"
EndProject
Project("{2150E333-8FDC-42A3-9474-1A3956D46DE8}") = "runtime", "runtime", "{273C0BB3-2385-4464-B2FB-56A7E4E8C9B1}"
EndProject
Project("{2150E333-8FDC-42A3-9474-1A3956D46DE8}") = "www", "www", "{AFE06B59-9DFC-4A8B-B771-0FBA57D36149}"
EndProject
Project("{F184B08F-C81C-45F6-A57F-5ABD9991F28F}") = "SMRUCC.WebCloud.HTTPInternal", "E:\GCModeller\src\runtime\httpd\WebCloud\SMRUCC.HTTPInternal\SMRUCC.WebCloud.HTTPInternal.vbproj", "{FBFC1455-B232-4F16-AFC7-4054A8B864AB}"
EndProject
Project("{F184B08F-C81C-45F6-A57F-5ABD9991F28F}") = "httpd", "E:\GCModeller\src\runtime\httpd\httpd\httpd.vbproj", "{CE825E49-0386-4AB1-B452-B104ED3F7DEB}"
EndProject
Project("{F184B08F-C81C-45F6-A57F-5ABD9991F28F}") = "SMRUCC.WebCloud.DataCenter", "E:\GCModeller\src\runtime\httpd\WebCloud\SMRUCC.WebCloud.DataCenter\SMRUCC.WebCloud.DataCenter.vbproj", "{B1DE5562-91D6-4AEE-AA26-72EF2DFC7C75}"
EndProject
Project("{F184B08F-C81C-45F6-A57F-5ABD9991F28F}") = "LibMySQL", "E:\GCModeller\src\runtime\mysqli\LibMySQL\LibMySQL.vbproj", "{2C34A044-1BDE-44E8-A86E-E9971C87DA21}"
EndProject
Project("{2150E333-8FDC-42A3-9474-1A3956D46DE8}") = "mysqli", "mysqli", "{2BF7E9D1-ACF6-42A6-952D-7A9AE854244E}"
EndProject
Project("{D954291E-2A0B-460D-934E-DC6B0785DB48}") = "mysqliHelper", "E:\GCModeller\src\runtime\mysqli\mysqliHelper\mysqliHelper.shproj", "{7404646F-5BBA-4E31-B108-8C551E84DD09}"
EndProject
Project("{2150E333-8FDC-42A3-9474-1A3956D46DE8}") = "GCModeller", "GCModeller", "{507B358A-8812-4EEA-9D80-5AAD2333189C}"
EndProject
Project("{D954291E-2A0B-460D-934E-DC6B0785DB48}") = "InternalApps_CLI", "E:\GCModeller\src\Settings\Shared\InternalApps_CLI\InternalApps_CLI.shproj", "{3D1FB85C-C35B-4AE8-BC0A-36FCE222551E}"
EndProject
Project("{F184B08F-C81C-45F6-A57F-5ABD9991F28F}") = "test", "test\test.vbproj", "{E6352F66-3446-4705-A775-7AED6AE643D4}"
EndProject
Global
	GlobalSection(SharedMSBuildProjectFiles) = preSolution
		E:\GCModeller\src\Settings\Shared\InternalApps_CLI\InternalApps_CLI.projitems*{3d1fb85c-c35b-4ae8-bc0a-36fce222551e}*SharedItemsImports = 13
		E:\GCModeller\src\runtime\mysqli\mysqliHelper\mysqliHelper.projitems*{7404646f-5bba-4e31-b108-8c551e84dd09}*SharedItemsImports = 13
		E:\GCModeller\src\runtime\mysqli\mysqliHelper\mysqliHelper.projitems*{ab0b84dc-2373-4130-94f8-44dcef1e737f}*SharedItemsImports = 4
		E:\GCModeller\src\Settings\Shared\InternalApps_CLI\InternalApps_CLI.projitems*{ab0b84dc-2373-4130-94f8-44dcef1e737f}*SharedItemsImports = 4
		E:\GCModeller\src\runtime\mysqli\mysqliHelper\mysqliHelper.projitems*{b1de5562-91d6-4aee-aa26-72ef2dfc7c75}*SharedItemsImports = 4
	EndGlobalSection
	GlobalSection(SolutionConfigurationPlatforms) = preSolution
		Biodeep_UNIX_x64|Any CPU = Biodeep_UNIX_x64|Any CPU
		Biodeep_UNIX_x64|x64 = Biodeep_UNIX_x64|x64
		Biodeep_UNIX_x64|x86 = Biodeep_UNIX_x64|x86
		Biodeep|Any CPU = Biodeep|Any CPU
		Biodeep|x64 = Biodeep|x64
		Biodeep|x86 = Biodeep|x86
		Debug|Any CPU = Debug|Any CPU
		Debug|x64 = Debug|x64
		Debug|x86 = Debug|x86
		DEMO|Any CPU = DEMO|Any CPU
		DEMO|x64 = DEMO|x64
		DEMO|x86 = DEMO|x86
		docs|Any CPU = docs|Any CPU
		docs|x64 = docs|x64
		docs|x86 = docs|x86
		GCModeller(Release_X64)|Any CPU = GCModeller(Release_X64)|Any CPU
		GCModeller(Release_X64)|x64 = GCModeller(Release_X64)|x64
		GCModeller(Release_X64)|x86 = GCModeller(Release_X64)|x86
		GCModeller(UNIX-Release_X64)|Any CPU = GCModeller(UNIX-Release_X64)|Any CPU
		GCModeller(UNIX-Release_X64)|x64 = GCModeller(UNIX-Release_X64)|x64
		GCModeller(UNIX-Release_X64)|x86 = GCModeller(UNIX-Release_X64)|x86
		installer_x64|Any CPU = installer_x64|Any CPU
		installer_x64|x64 = installer_x64|x64
		installer_x64|x86 = installer_x64|x86
		mysqli_X64_release|Any CPU = mysqli_X64_release|Any CPU
		mysqli_X64_release|x64 = mysqli_X64_release|x64
		mysqli_X64_release|x86 = mysqli_X64_release|x86
		ProteoWizard.d|Any CPU = ProteoWizard.d|Any CPU
		ProteoWizard.d|x64 = ProteoWizard.d|x64
		ProteoWizard.d|x86 = ProteoWizard.d|x86
		Publish|Any CPU = Publish|Any CPU
		Publish|x64 = Publish|x64
		Publish|x86 = Publish|x86
		Release|Any CPU = Release|Any CPU
		Release|x64 = Release|x64
		Release|x86 = Release|x86
		Release2|Any CPU = Release2|Any CPU
		Release2|x64 = Release2|x64
		Release2|x86 = Release2|x86
		sciBASIC.NET-test-release|Any CPU = sciBASIC.NET-test-release|Any CPU
		sciBASIC.NET-test-release|x64 = sciBASIC.NET-test-release|x64
		sciBASIC.NET-test-release|x86 = sciBASIC.NET-test-release|x86
		Surveillance-of-infectious-diseases|Any CPU = Surveillance-of-infectious-diseases|Any CPU
		Surveillance-of-infectious-diseases|x64 = Surveillance-of-infectious-diseases|x64
		Surveillance-of-infectious-diseases|x86 = Surveillance-of-infectious-diseases|x86
		Yilia-Release_x64|Any CPU = Yilia-Release_x64|Any CPU
		Yilia-Release_x64|x64 = Yilia-Release_x64|x64
		Yilia-Release_x64|x86 = Yilia-Release_x64|x86
	EndGlobalSection
	GlobalSection(ProjectConfigurationPlatforms) = postSolution
		{FECCE1FD-E1D4-49E3-A668-60BB5E7AED99}.Biodeep_UNIX_x64|Any CPU.ActiveCfg = Biodeep_UNIX_x64|Any CPU
		{FECCE1FD-E1D4-49E3-A668-60BB5E7AED99}.Biodeep_UNIX_x64|Any CPU.Build.0 = Biodeep_UNIX_x64|Any CPU
		{FECCE1FD-E1D4-49E3-A668-60BB5E7AED99}.Biodeep_UNIX_x64|x64.ActiveCfg = Biodeep_UNIX_x64|x64
		{FECCE1FD-E1D4-49E3-A668-60BB5E7AED99}.Biodeep_UNIX_x64|x64.Build.0 = Biodeep_UNIX_x64|x64
		{FECCE1FD-E1D4-49E3-A668-60BB5E7AED99}.Biodeep_UNIX_x64|x86.ActiveCfg = Biodeep_UNIX_x64|x86
		{FECCE1FD-E1D4-49E3-A668-60BB5E7AED99}.Biodeep_UNIX_x64|x86.Build.0 = Biodeep_UNIX_x64|x86
		{FECCE1FD-E1D4-49E3-A668-60BB5E7AED99}.Biodeep|Any CPU.ActiveCfg = Biodeep|Any CPU
		{FECCE1FD-E1D4-49E3-A668-60BB5E7AED99}.Biodeep|Any CPU.Build.0 = Biodeep|Any CPU
		{FECCE1FD-E1D4-49E3-A668-60BB5E7AED99}.Biodeep|x64.ActiveCfg = Biodeep|x64
		{FECCE1FD-E1D4-49E3-A668-60BB5E7AED99}.Biodeep|x64.Build.0 = Biodeep|x64
		{FECCE1FD-E1D4-49E3-A668-60BB5E7AED99}.Biodeep|x86.ActiveCfg = Biodeep|x86
		{FECCE1FD-E1D4-49E3-A668-60BB5E7AED99}.Biodeep|x86.Build.0 = Biodeep|x86
		{FECCE1FD-E1D4-49E3-A668-60BB5E7AED99}.Debug|Any CPU.ActiveCfg = Debug|Any CPU
		{FECCE1FD-E1D4-49E3-A668-60BB5E7AED99}.Debug|Any CPU.Build.0 = Debug|Any CPU
		{FECCE1FD-E1D4-49E3-A668-60BB5E7AED99}.Debug|x64.ActiveCfg = Debug|x64
		{FECCE1FD-E1D4-49E3-A668-60BB5E7AED99}.Debug|x64.Build.0 = Debug|x64
		{FECCE1FD-E1D4-49E3-A668-60BB5E7AED99}.Debug|x86.ActiveCfg = Debug|x86
		{FECCE1FD-E1D4-49E3-A668-60BB5E7AED99}.Debug|x86.Build.0 = Debug|x86
		{FECCE1FD-E1D4-49E3-A668-60BB5E7AED99}.DEMO|Any CPU.ActiveCfg = DEMO|Any CPU
		{FECCE1FD-E1D4-49E3-A668-60BB5E7AED99}.DEMO|Any CPU.Build.0 = DEMO|Any CPU
		{FECCE1FD-E1D4-49E3-A668-60BB5E7AED99}.DEMO|x64.ActiveCfg = DEMO|x64
		{FECCE1FD-E1D4-49E3-A668-60BB5E7AED99}.DEMO|x64.Build.0 = DEMO|x64
		{FECCE1FD-E1D4-49E3-A668-60BB5E7AED99}.DEMO|x86.ActiveCfg = DEMO|x86
		{FECCE1FD-E1D4-49E3-A668-60BB5E7AED99}.DEMO|x86.Build.0 = DEMO|x86
		{FECCE1FD-E1D4-49E3-A668-60BB5E7AED99}.docs|Any CPU.ActiveCfg = docs|Any CPU
		{FECCE1FD-E1D4-49E3-A668-60BB5E7AED99}.docs|Any CPU.Build.0 = docs|Any CPU
		{FECCE1FD-E1D4-49E3-A668-60BB5E7AED99}.docs|x64.ActiveCfg = docs|x64
		{FECCE1FD-E1D4-49E3-A668-60BB5E7AED99}.docs|x64.Build.0 = docs|x64
		{FECCE1FD-E1D4-49E3-A668-60BB5E7AED99}.docs|x86.ActiveCfg = docs|x86
		{FECCE1FD-E1D4-49E3-A668-60BB5E7AED99}.docs|x86.Build.0 = docs|x86
		{FECCE1FD-E1D4-49E3-A668-60BB5E7AED99}.GCModeller(Release_X64)|Any CPU.ActiveCfg = GCModeller(Release_X64)|Any CPU
		{FECCE1FD-E1D4-49E3-A668-60BB5E7AED99}.GCModeller(Release_X64)|Any CPU.Build.0 = GCModeller(Release_X64)|Any CPU
		{FECCE1FD-E1D4-49E3-A668-60BB5E7AED99}.GCModeller(Release_X64)|x64.ActiveCfg = GCModeller(Release_X64)|x64
		{FECCE1FD-E1D4-49E3-A668-60BB5E7AED99}.GCModeller(Release_X64)|x64.Build.0 = GCModeller(Release_X64)|x64
		{FECCE1FD-E1D4-49E3-A668-60BB5E7AED99}.GCModeller(Release_X64)|x86.ActiveCfg = GCModeller(Release_X64)|x86
		{FECCE1FD-E1D4-49E3-A668-60BB5E7AED99}.GCModeller(Release_X64)|x86.Build.0 = GCModeller(Release_X64)|x86
		{FECCE1FD-E1D4-49E3-A668-60BB5E7AED99}.GCModeller(UNIX-Release_X64)|Any CPU.ActiveCfg = GCModeller(UNIX-Release_X64)|Any CPU
		{FECCE1FD-E1D4-49E3-A668-60BB5E7AED99}.GCModeller(UNIX-Release_X64)|Any CPU.Build.0 = GCModeller(UNIX-Release_X64)|Any CPU
		{FECCE1FD-E1D4-49E3-A668-60BB5E7AED99}.GCModeller(UNIX-Release_X64)|x64.ActiveCfg = GCModeller(UNIX-Release_X64)|x64
		{FECCE1FD-E1D4-49E3-A668-60BB5E7AED99}.GCModeller(UNIX-Release_X64)|x64.Build.0 = GCModeller(UNIX-Release_X64)|x64
		{FECCE1FD-E1D4-49E3-A668-60BB5E7AED99}.GCModeller(UNIX-Release_X64)|x86.ActiveCfg = GCModeller(UNIX-Release_X64)|x86
		{FECCE1FD-E1D4-49E3-A668-60BB5E7AED99}.GCModeller(UNIX-Release_X64)|x86.Build.0 = GCModeller(UNIX-Release_X64)|x86
		{FECCE1FD-E1D4-49E3-A668-60BB5E7AED99}.installer_x64|Any CPU.ActiveCfg = installer_x64|Any CPU
		{FECCE1FD-E1D4-49E3-A668-60BB5E7AED99}.installer_x64|Any CPU.Build.0 = installer_x64|Any CPU
		{FECCE1FD-E1D4-49E3-A668-60BB5E7AED99}.installer_x64|x64.ActiveCfg = installer_x64|x64
		{FECCE1FD-E1D4-49E3-A668-60BB5E7AED99}.installer_x64|x64.Build.0 = installer_x64|x64
		{FECCE1FD-E1D4-49E3-A668-60BB5E7AED99}.installer_x64|x86.ActiveCfg = installer_x64|x86
		{FECCE1FD-E1D4-49E3-A668-60BB5E7AED99}.installer_x64|x86.Build.0 = installer_x64|x86
		{FECCE1FD-E1D4-49E3-A668-60BB5E7AED99}.mysqli_X64_release|Any CPU.ActiveCfg = mysqli_X64_release|Any CPU
		{FECCE1FD-E1D4-49E3-A668-60BB5E7AED99}.mysqli_X64_release|Any CPU.Build.0 = mysqli_X64_release|Any CPU
		{FECCE1FD-E1D4-49E3-A668-60BB5E7AED99}.mysqli_X64_release|x64.ActiveCfg = mysqli_X64_release|x64
		{FECCE1FD-E1D4-49E3-A668-60BB5E7AED99}.mysqli_X64_release|x64.Build.0 = mysqli_X64_release|x64
		{FECCE1FD-E1D4-49E3-A668-60BB5E7AED99}.mysqli_X64_release|x86.ActiveCfg = mysqli_X64_release|x86
		{FECCE1FD-E1D4-49E3-A668-60BB5E7AED99}.mysqli_X64_release|x86.Build.0 = mysqli_X64_release|x86
		{FECCE1FD-E1D4-49E3-A668-60BB5E7AED99}.ProteoWizard.d|Any CPU.ActiveCfg = ProteoWizard.d|Any CPU
		{FECCE1FD-E1D4-49E3-A668-60BB5E7AED99}.ProteoWizard.d|Any CPU.Build.0 = ProteoWizard.d|Any CPU
		{FECCE1FD-E1D4-49E3-A668-60BB5E7AED99}.ProteoWizard.d|x64.ActiveCfg = ProteoWizard.d|x64
		{FECCE1FD-E1D4-49E3-A668-60BB5E7AED99}.ProteoWizard.d|x64.Build.0 = ProteoWizard.d|x64
		{FECCE1FD-E1D4-49E3-A668-60BB5E7AED99}.ProteoWizard.d|x86.ActiveCfg = ProteoWizard.d|x86
		{FECCE1FD-E1D4-49E3-A668-60BB5E7AED99}.ProteoWizard.d|x86.Build.0 = ProteoWizard.d|x86
		{FECCE1FD-E1D4-49E3-A668-60BB5E7AED99}.Publish|Any CPU.ActiveCfg = Publish|Any CPU
		{FECCE1FD-E1D4-49E3-A668-60BB5E7AED99}.Publish|Any CPU.Build.0 = Publish|Any CPU
		{FECCE1FD-E1D4-49E3-A668-60BB5E7AED99}.Publish|x64.ActiveCfg = Publish|x64
		{FECCE1FD-E1D4-49E3-A668-60BB5E7AED99}.Publish|x64.Build.0 = Publish|x64
		{FECCE1FD-E1D4-49E3-A668-60BB5E7AED99}.Publish|x86.ActiveCfg = Publish|x86
		{FECCE1FD-E1D4-49E3-A668-60BB5E7AED99}.Publish|x86.Build.0 = Publish|x86
		{FECCE1FD-E1D4-49E3-A668-60BB5E7AED99}.Release|Any CPU.ActiveCfg = Release|Any CPU
		{FECCE1FD-E1D4-49E3-A668-60BB5E7AED99}.Release|Any CPU.Build.0 = Release|Any CPU
		{FECCE1FD-E1D4-49E3-A668-60BB5E7AED99}.Release|x64.ActiveCfg = Release|x64
		{FECCE1FD-E1D4-49E3-A668-60BB5E7AED99}.Release|x64.Build.0 = Release|x64
		{FECCE1FD-E1D4-49E3-A668-60BB5E7AED99}.Release|x86.ActiveCfg = Release|x86
		{FECCE1FD-E1D4-49E3-A668-60BB5E7AED99}.Release|x86.Build.0 = Release|x86
		{FECCE1FD-E1D4-49E3-A668-60BB5E7AED99}.Release2|Any CPU.ActiveCfg = Release|Any CPU
		{FECCE1FD-E1D4-49E3-A668-60BB5E7AED99}.Release2|Any CPU.Build.0 = Release|Any CPU
		{FECCE1FD-E1D4-49E3-A668-60BB5E7AED99}.Release2|x64.ActiveCfg = Release|x64
		{FECCE1FD-E1D4-49E3-A668-60BB5E7AED99}.Release2|x64.Build.0 = Release|x64
		{FECCE1FD-E1D4-49E3-A668-60BB5E7AED99}.Release2|x86.ActiveCfg = Release|x86
		{FECCE1FD-E1D4-49E3-A668-60BB5E7AED99}.Release2|x86.Build.0 = Release|x86
		{FECCE1FD-E1D4-49E3-A668-60BB5E7AED99}.sciBASIC.NET-test-release|Any CPU.ActiveCfg = sciBASIC.NET-test-release|Any CPU
		{FECCE1FD-E1D4-49E3-A668-60BB5E7AED99}.sciBASIC.NET-test-release|Any CPU.Build.0 = sciBASIC.NET-test-release|Any CPU
		{FECCE1FD-E1D4-49E3-A668-60BB5E7AED99}.sciBASIC.NET-test-release|x64.ActiveCfg = sciBASIC.NET-test-release|x64
		{FECCE1FD-E1D4-49E3-A668-60BB5E7AED99}.sciBASIC.NET-test-release|x64.Build.0 = sciBASIC.NET-test-release|x64
		{FECCE1FD-E1D4-49E3-A668-60BB5E7AED99}.sciBASIC.NET-test-release|x86.ActiveCfg = sciBASIC.NET-test-release|x86
		{FECCE1FD-E1D4-49E3-A668-60BB5E7AED99}.sciBASIC.NET-test-release|x86.Build.0 = sciBASIC.NET-test-release|x86
		{FECCE1FD-E1D4-49E3-A668-60BB5E7AED99}.Surveillance-of-infectious-diseases|Any CPU.ActiveCfg = Surveillance-of-infectious-diseases|Any CPU
		{FECCE1FD-E1D4-49E3-A668-60BB5E7AED99}.Surveillance-of-infectious-diseases|Any CPU.Build.0 = Surveillance-of-infectious-diseases|Any CPU
		{FECCE1FD-E1D4-49E3-A668-60BB5E7AED99}.Surveillance-of-infectious-diseases|x64.ActiveCfg = Surveillance-of-infectious-diseases|x64
		{FECCE1FD-E1D4-49E3-A668-60BB5E7AED99}.Surveillance-of-infectious-diseases|x64.Build.0 = Surveillance-of-infectious-diseases|x64
		{FECCE1FD-E1D4-49E3-A668-60BB5E7AED99}.Surveillance-of-infectious-diseases|x86.ActiveCfg = Surveillance-of-infectious-diseases|x86
		{FECCE1FD-E1D4-49E3-A668-60BB5E7AED99}.Surveillance-of-infectious-diseases|x86.Build.0 = Surveillance-of-infectious-diseases|x86
		{FECCE1FD-E1D4-49E3-A668-60BB5E7AED99}.Yilia-Release_x64|Any CPU.ActiveCfg = Yilia-Release_x64|Any CPU
		{FECCE1FD-E1D4-49E3-A668-60BB5E7AED99}.Yilia-Release_x64|Any CPU.Build.0 = Yilia-Release_x64|Any CPU
		{FECCE1FD-E1D4-49E3-A668-60BB5E7AED99}.Yilia-Release_x64|x64.ActiveCfg = Yilia-Release_x64|x64
		{FECCE1FD-E1D4-49E3-A668-60BB5E7AED99}.Yilia-Release_x64|x64.Build.0 = Yilia-Release_x64|x64
		{FECCE1FD-E1D4-49E3-A668-60BB5E7AED99}.Yilia-Release_x64|x86.ActiveCfg = Yilia-Release_x64|x86
		{FECCE1FD-E1D4-49E3-A668-60BB5E7AED99}.Yilia-Release_x64|x86.Build.0 = Yilia-Release_x64|x86
		{AB0B84DC-2373-4130-94F8-44DCEF1E737F}.Biodeep_UNIX_x64|Any CPU.ActiveCfg = Release|Any CPU
		{AB0B84DC-2373-4130-94F8-44DCEF1E737F}.Biodeep_UNIX_x64|Any CPU.Build.0 = Release|Any CPU
		{AB0B84DC-2373-4130-94F8-44DCEF1E737F}.Biodeep_UNIX_x64|x64.ActiveCfg = Release|x64
		{AB0B84DC-2373-4130-94F8-44DCEF1E737F}.Biodeep_UNIX_x64|x64.Build.0 = Release|x64
		{AB0B84DC-2373-4130-94F8-44DCEF1E737F}.Biodeep_UNIX_x64|x86.ActiveCfg = Release|Any CPU
		{AB0B84DC-2373-4130-94F8-44DCEF1E737F}.Biodeep_UNIX_x64|x86.Build.0 = Release|Any CPU
		{AB0B84DC-2373-4130-94F8-44DCEF1E737F}.Biodeep|Any CPU.ActiveCfg = Release|Any CPU
		{AB0B84DC-2373-4130-94F8-44DCEF1E737F}.Biodeep|Any CPU.Build.0 = Release|Any CPU
		{AB0B84DC-2373-4130-94F8-44DCEF1E737F}.Biodeep|x64.ActiveCfg = Release|x64
		{AB0B84DC-2373-4130-94F8-44DCEF1E737F}.Biodeep|x64.Build.0 = Release|x64
		{AB0B84DC-2373-4130-94F8-44DCEF1E737F}.Biodeep|x86.ActiveCfg = Release|Any CPU
		{AB0B84DC-2373-4130-94F8-44DCEF1E737F}.Biodeep|x86.Build.0 = Release|Any CPU
		{AB0B84DC-2373-4130-94F8-44DCEF1E737F}.Debug|Any CPU.ActiveCfg = Debug|Any CPU
		{AB0B84DC-2373-4130-94F8-44DCEF1E737F}.Debug|Any CPU.Build.0 = Debug|Any CPU
		{AB0B84DC-2373-4130-94F8-44DCEF1E737F}.Debug|x64.ActiveCfg = Debug|x64
		{AB0B84DC-2373-4130-94F8-44DCEF1E737F}.Debug|x64.Build.0 = Debug|x64
		{AB0B84DC-2373-4130-94F8-44DCEF1E737F}.Debug|x86.ActiveCfg = Debug|Any CPU
		{AB0B84DC-2373-4130-94F8-44DCEF1E737F}.Debug|x86.Build.0 = Debug|Any CPU
		{AB0B84DC-2373-4130-94F8-44DCEF1E737F}.DEMO|Any CPU.ActiveCfg = Debug|Any CPU
		{AB0B84DC-2373-4130-94F8-44DCEF1E737F}.DEMO|Any CPU.Build.0 = Debug|Any CPU
		{AB0B84DC-2373-4130-94F8-44DCEF1E737F}.DEMO|x64.ActiveCfg = Debug|x64
		{AB0B84DC-2373-4130-94F8-44DCEF1E737F}.DEMO|x64.Build.0 = Debug|x64
		{AB0B84DC-2373-4130-94F8-44DCEF1E737F}.DEMO|x86.ActiveCfg = Debug|Any CPU
		{AB0B84DC-2373-4130-94F8-44DCEF1E737F}.DEMO|x86.Build.0 = Debug|Any CPU
		{AB0B84DC-2373-4130-94F8-44DCEF1E737F}.docs|Any CPU.ActiveCfg = Debug|Any CPU
		{AB0B84DC-2373-4130-94F8-44DCEF1E737F}.docs|Any CPU.Build.0 = Debug|Any CPU
		{AB0B84DC-2373-4130-94F8-44DCEF1E737F}.docs|x64.ActiveCfg = Debug|x64
		{AB0B84DC-2373-4130-94F8-44DCEF1E737F}.docs|x64.Build.0 = Debug|x64
		{AB0B84DC-2373-4130-94F8-44DCEF1E737F}.docs|x86.ActiveCfg = Debug|Any CPU
		{AB0B84DC-2373-4130-94F8-44DCEF1E737F}.docs|x86.Build.0 = Debug|Any CPU
		{AB0B84DC-2373-4130-94F8-44DCEF1E737F}.GCModeller(Release_X64)|Any CPU.ActiveCfg = Release|Any CPU
		{AB0B84DC-2373-4130-94F8-44DCEF1E737F}.GCModeller(Release_X64)|Any CPU.Build.0 = Release|Any CPU
		{AB0B84DC-2373-4130-94F8-44DCEF1E737F}.GCModeller(Release_X64)|x64.ActiveCfg = Release|x64
		{AB0B84DC-2373-4130-94F8-44DCEF1E737F}.GCModeller(Release_X64)|x64.Build.0 = Release|x64
		{AB0B84DC-2373-4130-94F8-44DCEF1E737F}.GCModeller(Release_X64)|x86.ActiveCfg = Release|Any CPU
		{AB0B84DC-2373-4130-94F8-44DCEF1E737F}.GCModeller(Release_X64)|x86.Build.0 = Release|Any CPU
		{AB0B84DC-2373-4130-94F8-44DCEF1E737F}.GCModeller(UNIX-Release_X64)|Any CPU.ActiveCfg = Release|Any CPU
		{AB0B84DC-2373-4130-94F8-44DCEF1E737F}.GCModeller(UNIX-Release_X64)|Any CPU.Build.0 = Release|Any CPU
		{AB0B84DC-2373-4130-94F8-44DCEF1E737F}.GCModeller(UNIX-Release_X64)|x64.ActiveCfg = Release|x64
		{AB0B84DC-2373-4130-94F8-44DCEF1E737F}.GCModeller(UNIX-Release_X64)|x64.Build.0 = Release|x64
		{AB0B84DC-2373-4130-94F8-44DCEF1E737F}.GCModeller(UNIX-Release_X64)|x86.ActiveCfg = Release|Any CPU
		{AB0B84DC-2373-4130-94F8-44DCEF1E737F}.GCModeller(UNIX-Release_X64)|x86.Build.0 = Release|Any CPU
		{AB0B84DC-2373-4130-94F8-44DCEF1E737F}.installer_x64|Any CPU.ActiveCfg = Release|Any CPU
		{AB0B84DC-2373-4130-94F8-44DCEF1E737F}.installer_x64|Any CPU.Build.0 = Release|Any CPU
		{AB0B84DC-2373-4130-94F8-44DCEF1E737F}.installer_x64|x64.ActiveCfg = Release|x64
		{AB0B84DC-2373-4130-94F8-44DCEF1E737F}.installer_x64|x64.Build.0 = Release|x64
		{AB0B84DC-2373-4130-94F8-44DCEF1E737F}.installer_x64|x86.ActiveCfg = Release|Any CPU
		{AB0B84DC-2373-4130-94F8-44DCEF1E737F}.installer_x64|x86.Build.0 = Release|Any CPU
		{AB0B84DC-2373-4130-94F8-44DCEF1E737F}.mysqli_X64_release|Any CPU.ActiveCfg = Release|Any CPU
		{AB0B84DC-2373-4130-94F8-44DCEF1E737F}.mysqli_X64_release|Any CPU.Build.0 = Release|Any CPU
		{AB0B84DC-2373-4130-94F8-44DCEF1E737F}.mysqli_X64_release|x64.ActiveCfg = Release|x64
		{AB0B84DC-2373-4130-94F8-44DCEF1E737F}.mysqli_X64_release|x64.Build.0 = Release|x64
		{AB0B84DC-2373-4130-94F8-44DCEF1E737F}.mysqli_X64_release|x86.ActiveCfg = Release|Any CPU
		{AB0B84DC-2373-4130-94F8-44DCEF1E737F}.mysqli_X64_release|x86.Build.0 = Release|Any CPU
		{AB0B84DC-2373-4130-94F8-44DCEF1E737F}.ProteoWizard.d|Any CPU.ActiveCfg = Release|Any CPU
		{AB0B84DC-2373-4130-94F8-44DCEF1E737F}.ProteoWizard.d|Any CPU.Build.0 = Release|Any CPU
		{AB0B84DC-2373-4130-94F8-44DCEF1E737F}.ProteoWizard.d|x64.ActiveCfg = Release|x64
		{AB0B84DC-2373-4130-94F8-44DCEF1E737F}.ProteoWizard.d|x64.Build.0 = Release|x64
		{AB0B84DC-2373-4130-94F8-44DCEF1E737F}.ProteoWizard.d|x86.ActiveCfg = Release|Any CPU
		{AB0B84DC-2373-4130-94F8-44DCEF1E737F}.ProteoWizard.d|x86.Build.0 = Release|Any CPU
		{AB0B84DC-2373-4130-94F8-44DCEF1E737F}.Publish|Any CPU.ActiveCfg = Release|Any CPU
		{AB0B84DC-2373-4130-94F8-44DCEF1E737F}.Publish|Any CPU.Build.0 = Release|Any CPU
		{AB0B84DC-2373-4130-94F8-44DCEF1E737F}.Publish|x64.ActiveCfg = Release|x64
		{AB0B84DC-2373-4130-94F8-44DCEF1E737F}.Publish|x64.Build.0 = Release|x64
		{AB0B84DC-2373-4130-94F8-44DCEF1E737F}.Publish|x86.ActiveCfg = Release|Any CPU
		{AB0B84DC-2373-4130-94F8-44DCEF1E737F}.Publish|x86.Build.0 = Release|Any CPU
		{AB0B84DC-2373-4130-94F8-44DCEF1E737F}.Release|Any CPU.ActiveCfg = Release|Any CPU
		{AB0B84DC-2373-4130-94F8-44DCEF1E737F}.Release|Any CPU.Build.0 = Release|Any CPU
		{AB0B84DC-2373-4130-94F8-44DCEF1E737F}.Release|x64.ActiveCfg = Release|x64
		{AB0B84DC-2373-4130-94F8-44DCEF1E737F}.Release|x64.Build.0 = Release|x64
		{AB0B84DC-2373-4130-94F8-44DCEF1E737F}.Release|x86.ActiveCfg = Release|Any CPU
		{AB0B84DC-2373-4130-94F8-44DCEF1E737F}.Release|x86.Build.0 = Release|Any CPU
		{AB0B84DC-2373-4130-94F8-44DCEF1E737F}.Release2|Any CPU.ActiveCfg = Release|Any CPU
		{AB0B84DC-2373-4130-94F8-44DCEF1E737F}.Release2|Any CPU.Build.0 = Release|Any CPU
		{AB0B84DC-2373-4130-94F8-44DCEF1E737F}.Release2|x64.ActiveCfg = Release|x64
		{AB0B84DC-2373-4130-94F8-44DCEF1E737F}.Release2|x64.Build.0 = Release|x64
		{AB0B84DC-2373-4130-94F8-44DCEF1E737F}.Release2|x86.ActiveCfg = Release|Any CPU
		{AB0B84DC-2373-4130-94F8-44DCEF1E737F}.Release2|x86.Build.0 = Release|Any CPU
		{AB0B84DC-2373-4130-94F8-44DCEF1E737F}.sciBASIC.NET-test-release|Any CPU.ActiveCfg = Release|Any CPU
		{AB0B84DC-2373-4130-94F8-44DCEF1E737F}.sciBASIC.NET-test-release|Any CPU.Build.0 = Release|Any CPU
		{AB0B84DC-2373-4130-94F8-44DCEF1E737F}.sciBASIC.NET-test-release|x64.ActiveCfg = Release|x64
		{AB0B84DC-2373-4130-94F8-44DCEF1E737F}.sciBASIC.NET-test-release|x64.Build.0 = Release|x64
		{AB0B84DC-2373-4130-94F8-44DCEF1E737F}.sciBASIC.NET-test-release|x86.ActiveCfg = Release|Any CPU
		{AB0B84DC-2373-4130-94F8-44DCEF1E737F}.sciBASIC.NET-test-release|x86.Build.0 = Release|Any CPU
		{AB0B84DC-2373-4130-94F8-44DCEF1E737F}.Surveillance-of-infectious-diseases|Any CPU.ActiveCfg = Release|Any CPU
		{AB0B84DC-2373-4130-94F8-44DCEF1E737F}.Surveillance-of-infectious-diseases|Any CPU.Build.0 = Release|Any CPU
		{AB0B84DC-2373-4130-94F8-44DCEF1E737F}.Surveillance-of-infectious-diseases|x64.ActiveCfg = Release|x64
		{AB0B84DC-2373-4130-94F8-44DCEF1E737F}.Surveillance-of-infectious-diseases|x64.Build.0 = Release|x64
		{AB0B84DC-2373-4130-94F8-44DCEF1E737F}.Surveillance-of-infectious-diseases|x86.ActiveCfg = Release|Any CPU
		{AB0B84DC-2373-4130-94F8-44DCEF1E737F}.Surveillance-of-infectious-diseases|x86.Build.0 = Release|Any CPU
		{AB0B84DC-2373-4130-94F8-44DCEF1E737F}.Yilia-Release_x64|Any CPU.ActiveCfg = Release|Any CPU
		{AB0B84DC-2373-4130-94F8-44DCEF1E737F}.Yilia-Release_x64|Any CPU.Build.0 = Release|Any CPU
		{AB0B84DC-2373-4130-94F8-44DCEF1E737F}.Yilia-Release_x64|x64.ActiveCfg = Release|x64
		{AB0B84DC-2373-4130-94F8-44DCEF1E737F}.Yilia-Release_x64|x64.Build.0 = Release|x64
		{AB0B84DC-2373-4130-94F8-44DCEF1E737F}.Yilia-Release_x64|x86.ActiveCfg = Release|Any CPU
		{AB0B84DC-2373-4130-94F8-44DCEF1E737F}.Yilia-Release_x64|x86.Build.0 = Release|Any CPU
		{7283C179-F852-4EAD-8D8F-B82EF2CBD7DB}.Biodeep_UNIX_x64|Any CPU.ActiveCfg = Biodeep_UNIX_x64|Any CPU
		{7283C179-F852-4EAD-8D8F-B82EF2CBD7DB}.Biodeep_UNIX_x64|Any CPU.Build.0 = Biodeep_UNIX_x64|Any CPU
		{7283C179-F852-4EAD-8D8F-B82EF2CBD7DB}.Biodeep_UNIX_x64|x64.ActiveCfg = Biodeep_UNIX_x64|x64
		{7283C179-F852-4EAD-8D8F-B82EF2CBD7DB}.Biodeep_UNIX_x64|x64.Build.0 = Biodeep_UNIX_x64|x64
		{7283C179-F852-4EAD-8D8F-B82EF2CBD7DB}.Biodeep_UNIX_x64|x86.ActiveCfg = Biodeep_UNIX_x64|x86
		{7283C179-F852-4EAD-8D8F-B82EF2CBD7DB}.Biodeep_UNIX_x64|x86.Build.0 = Biodeep_UNIX_x64|x86
		{7283C179-F852-4EAD-8D8F-B82EF2CBD7DB}.Biodeep|Any CPU.ActiveCfg = Biodeep|Any CPU
		{7283C179-F852-4EAD-8D8F-B82EF2CBD7DB}.Biodeep|Any CPU.Build.0 = Biodeep|Any CPU
		{7283C179-F852-4EAD-8D8F-B82EF2CBD7DB}.Biodeep|x64.ActiveCfg = Biodeep|x64
		{7283C179-F852-4EAD-8D8F-B82EF2CBD7DB}.Biodeep|x64.Build.0 = Biodeep|x64
		{7283C179-F852-4EAD-8D8F-B82EF2CBD7DB}.Biodeep|x86.ActiveCfg = Biodeep|x86
		{7283C179-F852-4EAD-8D8F-B82EF2CBD7DB}.Biodeep|x86.Build.0 = Biodeep|x86
		{7283C179-F852-4EAD-8D8F-B82EF2CBD7DB}.Debug|Any CPU.ActiveCfg = Debug|Any CPU
		{7283C179-F852-4EAD-8D8F-B82EF2CBD7DB}.Debug|Any CPU.Build.0 = Debug|Any CPU
		{7283C179-F852-4EAD-8D8F-B82EF2CBD7DB}.Debug|x64.ActiveCfg = Debug|x64
		{7283C179-F852-4EAD-8D8F-B82EF2CBD7DB}.Debug|x64.Build.0 = Debug|x64
		{7283C179-F852-4EAD-8D8F-B82EF2CBD7DB}.Debug|x86.ActiveCfg = Debug|x86
		{7283C179-F852-4EAD-8D8F-B82EF2CBD7DB}.Debug|x86.Build.0 = Debug|x86
		{7283C179-F852-4EAD-8D8F-B82EF2CBD7DB}.DEMO|Any CPU.ActiveCfg = Debug|Any CPU
		{7283C179-F852-4EAD-8D8F-B82EF2CBD7DB}.DEMO|Any CPU.Build.0 = Debug|Any CPU
		{7283C179-F852-4EAD-8D8F-B82EF2CBD7DB}.DEMO|x64.ActiveCfg = Debug|x64
		{7283C179-F852-4EAD-8D8F-B82EF2CBD7DB}.DEMO|x64.Build.0 = Debug|x64
		{7283C179-F852-4EAD-8D8F-B82EF2CBD7DB}.DEMO|x86.ActiveCfg = Debug|x86
		{7283C179-F852-4EAD-8D8F-B82EF2CBD7DB}.DEMO|x86.Build.0 = Debug|x86
		{7283C179-F852-4EAD-8D8F-B82EF2CBD7DB}.docs|Any CPU.ActiveCfg = docs|Any CPU
		{7283C179-F852-4EAD-8D8F-B82EF2CBD7DB}.docs|Any CPU.Build.0 = docs|Any CPU
		{7283C179-F852-4EAD-8D8F-B82EF2CBD7DB}.docs|x64.ActiveCfg = docs|x64
		{7283C179-F852-4EAD-8D8F-B82EF2CBD7DB}.docs|x64.Build.0 = docs|x64
		{7283C179-F852-4EAD-8D8F-B82EF2CBD7DB}.docs|x86.ActiveCfg = docs|x86
		{7283C179-F852-4EAD-8D8F-B82EF2CBD7DB}.docs|x86.Build.0 = docs|x86
		{7283C179-F852-4EAD-8D8F-B82EF2CBD7DB}.GCModeller(Release_X64)|Any CPU.ActiveCfg = GCModeller(Release_X64)|Any CPU
		{7283C179-F852-4EAD-8D8F-B82EF2CBD7DB}.GCModeller(Release_X64)|Any CPU.Build.0 = GCModeller(Release_X64)|Any CPU
		{7283C179-F852-4EAD-8D8F-B82EF2CBD7DB}.GCModeller(Release_X64)|x64.ActiveCfg = GCModeller(Release_X64)|x64
		{7283C179-F852-4EAD-8D8F-B82EF2CBD7DB}.GCModeller(Release_X64)|x64.Build.0 = GCModeller(Release_X64)|x64
		{7283C179-F852-4EAD-8D8F-B82EF2CBD7DB}.GCModeller(Release_X64)|x86.ActiveCfg = GCModeller(Release_X64)|x86
		{7283C179-F852-4EAD-8D8F-B82EF2CBD7DB}.GCModeller(Release_X64)|x86.Build.0 = GCModeller(Release_X64)|x86
		{7283C179-F852-4EAD-8D8F-B82EF2CBD7DB}.GCModeller(UNIX-Release_X64)|Any CPU.ActiveCfg = GCModeller(UNIX-Release_X64)|Any CPU
		{7283C179-F852-4EAD-8D8F-B82EF2CBD7DB}.GCModeller(UNIX-Release_X64)|Any CPU.Build.0 = GCModeller(UNIX-Release_X64)|Any CPU
		{7283C179-F852-4EAD-8D8F-B82EF2CBD7DB}.GCModeller(UNIX-Release_X64)|x64.ActiveCfg = GCModeller(UNIX-Release_X64)|x64
		{7283C179-F852-4EAD-8D8F-B82EF2CBD7DB}.GCModeller(UNIX-Release_X64)|x64.Build.0 = GCModeller(UNIX-Release_X64)|x64
		{7283C179-F852-4EAD-8D8F-B82EF2CBD7DB}.GCModeller(UNIX-Release_X64)|x86.ActiveCfg = GCModeller(UNIX-Release_X64)|x86
		{7283C179-F852-4EAD-8D8F-B82EF2CBD7DB}.GCModeller(UNIX-Release_X64)|x86.Build.0 = GCModeller(UNIX-Release_X64)|x86
		{7283C179-F852-4EAD-8D8F-B82EF2CBD7DB}.installer_x64|Any CPU.ActiveCfg = installer_x64|Any CPU
		{7283C179-F852-4EAD-8D8F-B82EF2CBD7DB}.installer_x64|Any CPU.Build.0 = installer_x64|Any CPU
		{7283C179-F852-4EAD-8D8F-B82EF2CBD7DB}.installer_x64|x64.ActiveCfg = installer_x64|x64
		{7283C179-F852-4EAD-8D8F-B82EF2CBD7DB}.installer_x64|x64.Build.0 = installer_x64|x64
		{7283C179-F852-4EAD-8D8F-B82EF2CBD7DB}.installer_x64|x86.ActiveCfg = installer_x64|x86
		{7283C179-F852-4EAD-8D8F-B82EF2CBD7DB}.installer_x64|x86.Build.0 = installer_x64|x86
		{7283C179-F852-4EAD-8D8F-B82EF2CBD7DB}.mysqli_X64_release|Any CPU.ActiveCfg = Biodeep_UNIX_x64|Any CPU
		{7283C179-F852-4EAD-8D8F-B82EF2CBD7DB}.mysqli_X64_release|Any CPU.Build.0 = Biodeep_UNIX_x64|Any CPU
		{7283C179-F852-4EAD-8D8F-B82EF2CBD7DB}.mysqli_X64_release|x64.ActiveCfg = Biodeep_UNIX_x64|x64
		{7283C179-F852-4EAD-8D8F-B82EF2CBD7DB}.mysqli_X64_release|x64.Build.0 = Biodeep_UNIX_x64|x64
		{7283C179-F852-4EAD-8D8F-B82EF2CBD7DB}.mysqli_X64_release|x86.ActiveCfg = Biodeep_UNIX_x64|x86
		{7283C179-F852-4EAD-8D8F-B82EF2CBD7DB}.mysqli_X64_release|x86.Build.0 = Biodeep_UNIX_x64|x86
		{7283C179-F852-4EAD-8D8F-B82EF2CBD7DB}.ProteoWizard.d|Any CPU.ActiveCfg = Publish|Any CPU
		{7283C179-F852-4EAD-8D8F-B82EF2CBD7DB}.ProteoWizard.d|Any CPU.Build.0 = Publish|Any CPU
		{7283C179-F852-4EAD-8D8F-B82EF2CBD7DB}.ProteoWizard.d|x64.ActiveCfg = Publish|x64
		{7283C179-F852-4EAD-8D8F-B82EF2CBD7DB}.ProteoWizard.d|x64.Build.0 = Publish|x64
		{7283C179-F852-4EAD-8D8F-B82EF2CBD7DB}.ProteoWizard.d|x86.ActiveCfg = Publish|x86
		{7283C179-F852-4EAD-8D8F-B82EF2CBD7DB}.ProteoWizard.d|x86.Build.0 = Publish|x86
		{7283C179-F852-4EAD-8D8F-B82EF2CBD7DB}.Publish|Any CPU.ActiveCfg = Publish|Any CPU
		{7283C179-F852-4EAD-8D8F-B82EF2CBD7DB}.Publish|Any CPU.Build.0 = Publish|Any CPU
		{7283C179-F852-4EAD-8D8F-B82EF2CBD7DB}.Publish|x64.ActiveCfg = Publish|x64
		{7283C179-F852-4EAD-8D8F-B82EF2CBD7DB}.Publish|x64.Build.0 = Publish|x64
		{7283C179-F852-4EAD-8D8F-B82EF2CBD7DB}.Publish|x86.ActiveCfg = Publish|x86
		{7283C179-F852-4EAD-8D8F-B82EF2CBD7DB}.Publish|x86.Build.0 = Publish|x86
		{7283C179-F852-4EAD-8D8F-B82EF2CBD7DB}.Release|Any CPU.ActiveCfg = Release|Any CPU
		{7283C179-F852-4EAD-8D8F-B82EF2CBD7DB}.Release|Any CPU.Build.0 = Release|Any CPU
		{7283C179-F852-4EAD-8D8F-B82EF2CBD7DB}.Release|x64.ActiveCfg = Release|x64
		{7283C179-F852-4EAD-8D8F-B82EF2CBD7DB}.Release|x64.Build.0 = Release|x64
		{7283C179-F852-4EAD-8D8F-B82EF2CBD7DB}.Release|x86.ActiveCfg = Release|x86
		{7283C179-F852-4EAD-8D8F-B82EF2CBD7DB}.Release|x86.Build.0 = Release|x86
		{7283C179-F852-4EAD-8D8F-B82EF2CBD7DB}.Release2|Any CPU.ActiveCfg = Release|Any CPU
		{7283C179-F852-4EAD-8D8F-B82EF2CBD7DB}.Release2|Any CPU.Build.0 = Release|Any CPU
		{7283C179-F852-4EAD-8D8F-B82EF2CBD7DB}.Release2|x64.ActiveCfg = Release|x64
		{7283C179-F852-4EAD-8D8F-B82EF2CBD7DB}.Release2|x64.Build.0 = Release|x64
		{7283C179-F852-4EAD-8D8F-B82EF2CBD7DB}.Release2|x86.ActiveCfg = Release|x86
		{7283C179-F852-4EAD-8D8F-B82EF2CBD7DB}.Release2|x86.Build.0 = Release|x86
		{7283C179-F852-4EAD-8D8F-B82EF2CBD7DB}.sciBASIC.NET-test-release|Any CPU.ActiveCfg = Surveillance-of-infectious-diseases|Any CPU
		{7283C179-F852-4EAD-8D8F-B82EF2CBD7DB}.sciBASIC.NET-test-release|Any CPU.Build.0 = Surveillance-of-infectious-diseases|Any CPU
		{7283C179-F852-4EAD-8D8F-B82EF2CBD7DB}.sciBASIC.NET-test-release|x64.ActiveCfg = Surveillance-of-infectious-diseases|x64
		{7283C179-F852-4EAD-8D8F-B82EF2CBD7DB}.sciBASIC.NET-test-release|x64.Build.0 = Surveillance-of-infectious-diseases|x64
		{7283C179-F852-4EAD-8D8F-B82EF2CBD7DB}.sciBASIC.NET-test-release|x86.ActiveCfg = Surveillance-of-infectious-diseases|x86
		{7283C179-F852-4EAD-8D8F-B82EF2CBD7DB}.sciBASIC.NET-test-release|x86.Build.0 = Surveillance-of-infectious-diseases|x86
		{7283C179-F852-4EAD-8D8F-B82EF2CBD7DB}.Surveillance-of-infectious-diseases|Any CPU.ActiveCfg = Surveillance-of-infectious-diseases|Any CPU
		{7283C179-F852-4EAD-8D8F-B82EF2CBD7DB}.Surveillance-of-infectious-diseases|Any CPU.Build.0 = Surveillance-of-infectious-diseases|Any CPU
		{7283C179-F852-4EAD-8D8F-B82EF2CBD7DB}.Surveillance-of-infectious-diseases|x64.ActiveCfg = Surveillance-of-infectious-diseases|x64
		{7283C179-F852-4EAD-8D8F-B82EF2CBD7DB}.Surveillance-of-infectious-diseases|x64.Build.0 = Surveillance-of-infectious-diseases|x64
		{7283C179-F852-4EAD-8D8F-B82EF2CBD7DB}.Surveillance-of-infectious-diseases|x86.ActiveCfg = Surveillance-of-infectious-diseases|x86
		{7283C179-F852-4EAD-8D8F-B82EF2CBD7DB}.Surveillance-of-infectious-diseases|x86.Build.0 = Surveillance-of-infectious-diseases|x86
		{7283C179-F852-4EAD-8D8F-B82EF2CBD7DB}.Yilia-Release_x64|Any CPU.ActiveCfg = Release|Any CPU
		{7283C179-F852-4EAD-8D8F-B82EF2CBD7DB}.Yilia-Release_x64|Any CPU.Build.0 = Release|Any CPU
		{7283C179-F852-4EAD-8D8F-B82EF2CBD7DB}.Yilia-Release_x64|x64.ActiveCfg = Release|x64
		{7283C179-F852-4EAD-8D8F-B82EF2CBD7DB}.Yilia-Release_x64|x64.Build.0 = Release|x64
		{7283C179-F852-4EAD-8D8F-B82EF2CBD7DB}.Yilia-Release_x64|x86.ActiveCfg = Release|x86
		{7283C179-F852-4EAD-8D8F-B82EF2CBD7DB}.Yilia-Release_x64|x86.Build.0 = Release|x86
		{FBFC1455-B232-4F16-AFC7-4054A8B864AB}.Biodeep_UNIX_x64|Any CPU.ActiveCfg = Biodeep|Any CPU
		{FBFC1455-B232-4F16-AFC7-4054A8B864AB}.Biodeep_UNIX_x64|Any CPU.Build.0 = Biodeep|Any CPU
		{FBFC1455-B232-4F16-AFC7-4054A8B864AB}.Biodeep_UNIX_x64|x64.ActiveCfg = Biodeep|x64
		{FBFC1455-B232-4F16-AFC7-4054A8B864AB}.Biodeep_UNIX_x64|x64.Build.0 = Biodeep|x64
		{FBFC1455-B232-4F16-AFC7-4054A8B864AB}.Biodeep_UNIX_x64|x86.ActiveCfg = Biodeep|x86
		{FBFC1455-B232-4F16-AFC7-4054A8B864AB}.Biodeep_UNIX_x64|x86.Build.0 = Biodeep|x86
		{FBFC1455-B232-4F16-AFC7-4054A8B864AB}.Biodeep|Any CPU.ActiveCfg = Biodeep|Any CPU
		{FBFC1455-B232-4F16-AFC7-4054A8B864AB}.Biodeep|Any CPU.Build.0 = Biodeep|Any CPU
		{FBFC1455-B232-4F16-AFC7-4054A8B864AB}.Biodeep|x64.ActiveCfg = Biodeep|x64
		{FBFC1455-B232-4F16-AFC7-4054A8B864AB}.Biodeep|x64.Build.0 = Biodeep|x64
		{FBFC1455-B232-4F16-AFC7-4054A8B864AB}.Biodeep|x86.ActiveCfg = Biodeep|x86
		{FBFC1455-B232-4F16-AFC7-4054A8B864AB}.Biodeep|x86.Build.0 = Biodeep|x86
		{FBFC1455-B232-4F16-AFC7-4054A8B864AB}.Debug|Any CPU.ActiveCfg = Debug|Any CPU
		{FBFC1455-B232-4F16-AFC7-4054A8B864AB}.Debug|Any CPU.Build.0 = Debug|Any CPU
		{FBFC1455-B232-4F16-AFC7-4054A8B864AB}.Debug|x64.ActiveCfg = Debug|x64
		{FBFC1455-B232-4F16-AFC7-4054A8B864AB}.Debug|x64.Build.0 = Debug|x64
		{FBFC1455-B232-4F16-AFC7-4054A8B864AB}.Debug|x86.ActiveCfg = Debug|x86
		{FBFC1455-B232-4F16-AFC7-4054A8B864AB}.Debug|x86.Build.0 = Debug|x86
		{FBFC1455-B232-4F16-AFC7-4054A8B864AB}.DEMO|Any CPU.ActiveCfg = DEMO|Any CPU
		{FBFC1455-B232-4F16-AFC7-4054A8B864AB}.DEMO|Any CPU.Build.0 = DEMO|Any CPU
		{FBFC1455-B232-4F16-AFC7-4054A8B864AB}.DEMO|x64.ActiveCfg = DEMO|x64
		{FBFC1455-B232-4F16-AFC7-4054A8B864AB}.DEMO|x64.Build.0 = DEMO|x64
		{FBFC1455-B232-4F16-AFC7-4054A8B864AB}.DEMO|x86.ActiveCfg = DEMO|x86
		{FBFC1455-B232-4F16-AFC7-4054A8B864AB}.DEMO|x86.Build.0 = DEMO|x86
		{FBFC1455-B232-4F16-AFC7-4054A8B864AB}.docs|Any CPU.ActiveCfg = docs|Any CPU
		{FBFC1455-B232-4F16-AFC7-4054A8B864AB}.docs|Any CPU.Build.0 = docs|Any CPU
		{FBFC1455-B232-4F16-AFC7-4054A8B864AB}.docs|x64.ActiveCfg = docs|x64
		{FBFC1455-B232-4F16-AFC7-4054A8B864AB}.docs|x64.Build.0 = docs|x64
		{FBFC1455-B232-4F16-AFC7-4054A8B864AB}.docs|x86.ActiveCfg = docs|x86
		{FBFC1455-B232-4F16-AFC7-4054A8B864AB}.docs|x86.Build.0 = docs|x86
		{FBFC1455-B232-4F16-AFC7-4054A8B864AB}.GCModeller(Release_X64)|Any CPU.ActiveCfg = GCModeller(Release_X64)|Any CPU
		{FBFC1455-B232-4F16-AFC7-4054A8B864AB}.GCModeller(Release_X64)|Any CPU.Build.0 = GCModeller(Release_X64)|Any CPU
		{FBFC1455-B232-4F16-AFC7-4054A8B864AB}.GCModeller(Release_X64)|x64.ActiveCfg = GCModeller(Release_X64)|x64
		{FBFC1455-B232-4F16-AFC7-4054A8B864AB}.GCModeller(Release_X64)|x64.Build.0 = GCModeller(Release_X64)|x64
		{FBFC1455-B232-4F16-AFC7-4054A8B864AB}.GCModeller(Release_X64)|x86.ActiveCfg = GCModeller(Release_X64)|x86
		{FBFC1455-B232-4F16-AFC7-4054A8B864AB}.GCModeller(Release_X64)|x86.Build.0 = GCModeller(Release_X64)|x86
		{FBFC1455-B232-4F16-AFC7-4054A8B864AB}.GCModeller(UNIX-Release_X64)|Any CPU.ActiveCfg = GCModeller(UNIX-Release_X64)|Any CPU
		{FBFC1455-B232-4F16-AFC7-4054A8B864AB}.GCModeller(UNIX-Release_X64)|Any CPU.Build.0 = GCModeller(UNIX-Release_X64)|Any CPU
		{FBFC1455-B232-4F16-AFC7-4054A8B864AB}.GCModeller(UNIX-Release_X64)|x64.ActiveCfg = GCModeller(UNIX-Release_X64)|x64
		{FBFC1455-B232-4F16-AFC7-4054A8B864AB}.GCModeller(UNIX-Release_X64)|x64.Build.0 = GCModeller(UNIX-Release_X64)|x64
		{FBFC1455-B232-4F16-AFC7-4054A8B864AB}.GCModeller(UNIX-Release_X64)|x86.ActiveCfg = GCModeller(UNIX-Release_X64)|x86
		{FBFC1455-B232-4F16-AFC7-4054A8B864AB}.GCModeller(UNIX-Release_X64)|x86.Build.0 = GCModeller(UNIX-Release_X64)|x86
		{FBFC1455-B232-4F16-AFC7-4054A8B864AB}.installer_x64|Any CPU.ActiveCfg = installer_x64|Any CPU
		{FBFC1455-B232-4F16-AFC7-4054A8B864AB}.installer_x64|Any CPU.Build.0 = installer_x64|Any CPU
		{FBFC1455-B232-4F16-AFC7-4054A8B864AB}.installer_x64|x64.ActiveCfg = installer_x64|x64
		{FBFC1455-B232-4F16-AFC7-4054A8B864AB}.installer_x64|x64.Build.0 = installer_x64|x64
		{FBFC1455-B232-4F16-AFC7-4054A8B864AB}.installer_x64|x86.ActiveCfg = installer_x64|x86
		{FBFC1455-B232-4F16-AFC7-4054A8B864AB}.installer_x64|x86.Build.0 = installer_x64|x86
		{FBFC1455-B232-4F16-AFC7-4054A8B864AB}.mysqli_X64_release|Any CPU.ActiveCfg = installer_x64|Any CPU
		{FBFC1455-B232-4F16-AFC7-4054A8B864AB}.mysqli_X64_release|Any CPU.Build.0 = installer_x64|Any CPU
		{FBFC1455-B232-4F16-AFC7-4054A8B864AB}.mysqli_X64_release|x64.ActiveCfg = installer_x64|x64
		{FBFC1455-B232-4F16-AFC7-4054A8B864AB}.mysqli_X64_release|x64.Build.0 = installer_x64|x64
		{FBFC1455-B232-4F16-AFC7-4054A8B864AB}.mysqli_X64_release|x86.ActiveCfg = installer_x64|x86
		{FBFC1455-B232-4F16-AFC7-4054A8B864AB}.mysqli_X64_release|x86.Build.0 = installer_x64|x86
		{FBFC1455-B232-4F16-AFC7-4054A8B864AB}.ProteoWizard.d|Any CPU.ActiveCfg = ProteoWizard.d|Any CPU
		{FBFC1455-B232-4F16-AFC7-4054A8B864AB}.ProteoWizard.d|Any CPU.Build.0 = ProteoWizard.d|Any CPU
		{FBFC1455-B232-4F16-AFC7-4054A8B864AB}.ProteoWizard.d|x64.ActiveCfg = ProteoWizard.d|x64
		{FBFC1455-B232-4F16-AFC7-4054A8B864AB}.ProteoWizard.d|x64.Build.0 = ProteoWizard.d|x64
		{FBFC1455-B232-4F16-AFC7-4054A8B864AB}.ProteoWizard.d|x86.ActiveCfg = ProteoWizard.d|x86
		{FBFC1455-B232-4F16-AFC7-4054A8B864AB}.ProteoWizard.d|x86.Build.0 = ProteoWizard.d|x86
		{FBFC1455-B232-4F16-AFC7-4054A8B864AB}.Publish|Any CPU.ActiveCfg = Publish|Any CPU
		{FBFC1455-B232-4F16-AFC7-4054A8B864AB}.Publish|Any CPU.Build.0 = Publish|Any CPU
		{FBFC1455-B232-4F16-AFC7-4054A8B864AB}.Publish|x64.ActiveCfg = Publish|x64
		{FBFC1455-B232-4F16-AFC7-4054A8B864AB}.Publish|x64.Build.0 = Publish|x64
		{FBFC1455-B232-4F16-AFC7-4054A8B864AB}.Publish|x86.ActiveCfg = Publish|x86
		{FBFC1455-B232-4F16-AFC7-4054A8B864AB}.Publish|x86.Build.0 = Publish|x86
		{FBFC1455-B232-4F16-AFC7-4054A8B864AB}.Release|Any CPU.ActiveCfg = Release|Any CPU
		{FBFC1455-B232-4F16-AFC7-4054A8B864AB}.Release|Any CPU.Build.0 = Release|Any CPU
		{FBFC1455-B232-4F16-AFC7-4054A8B864AB}.Release|x64.ActiveCfg = Release|x64
		{FBFC1455-B232-4F16-AFC7-4054A8B864AB}.Release|x64.Build.0 = Release|x64
		{FBFC1455-B232-4F16-AFC7-4054A8B864AB}.Release|x86.ActiveCfg = Release|x86
		{FBFC1455-B232-4F16-AFC7-4054A8B864AB}.Release|x86.Build.0 = Release|x86
		{FBFC1455-B232-4F16-AFC7-4054A8B864AB}.Release2|Any CPU.ActiveCfg = Release|Any CPU
		{FBFC1455-B232-4F16-AFC7-4054A8B864AB}.Release2|Any CPU.Build.0 = Release|Any CPU
		{FBFC1455-B232-4F16-AFC7-4054A8B864AB}.Release2|x64.ActiveCfg = Release|x64
		{FBFC1455-B232-4F16-AFC7-4054A8B864AB}.Release2|x64.Build.0 = Release|x64
		{FBFC1455-B232-4F16-AFC7-4054A8B864AB}.Release2|x86.ActiveCfg = Release|x86
		{FBFC1455-B232-4F16-AFC7-4054A8B864AB}.Release2|x86.Build.0 = Release|x86
		{FBFC1455-B232-4F16-AFC7-4054A8B864AB}.sciBASIC.NET-test-release|Any CPU.ActiveCfg = Surveillance-of-infectious-diseases|Any CPU
		{FBFC1455-B232-4F16-AFC7-4054A8B864AB}.sciBASIC.NET-test-release|Any CPU.Build.0 = Surveillance-of-infectious-diseases|Any CPU
		{FBFC1455-B232-4F16-AFC7-4054A8B864AB}.sciBASIC.NET-test-release|x64.ActiveCfg = Surveillance-of-infectious-diseases|x64
		{FBFC1455-B232-4F16-AFC7-4054A8B864AB}.sciBASIC.NET-test-release|x64.Build.0 = Surveillance-of-infectious-diseases|x64
		{FBFC1455-B232-4F16-AFC7-4054A8B864AB}.sciBASIC.NET-test-release|x86.ActiveCfg = Surveillance-of-infectious-diseases|x86
		{FBFC1455-B232-4F16-AFC7-4054A8B864AB}.sciBASIC.NET-test-release|x86.Build.0 = Surveillance-of-infectious-diseases|x86
		{FBFC1455-B232-4F16-AFC7-4054A8B864AB}.Surveillance-of-infectious-diseases|Any CPU.ActiveCfg = Surveillance-of-infectious-diseases|Any CPU
		{FBFC1455-B232-4F16-AFC7-4054A8B864AB}.Surveillance-of-infectious-diseases|Any CPU.Build.0 = Surveillance-of-infectious-diseases|Any CPU
		{FBFC1455-B232-4F16-AFC7-4054A8B864AB}.Surveillance-of-infectious-diseases|x64.ActiveCfg = Surveillance-of-infectious-diseases|x64
		{FBFC1455-B232-4F16-AFC7-4054A8B864AB}.Surveillance-of-infectious-diseases|x64.Build.0 = Surveillance-of-infectious-diseases|x64
		{FBFC1455-B232-4F16-AFC7-4054A8B864AB}.Surveillance-of-infectious-diseases|x86.ActiveCfg = Surveillance-of-infectious-diseases|x86
		{FBFC1455-B232-4F16-AFC7-4054A8B864AB}.Surveillance-of-infectious-diseases|x86.Build.0 = Surveillance-of-infectious-diseases|x86
		{FBFC1455-B232-4F16-AFC7-4054A8B864AB}.Yilia-Release_x64|Any CPU.ActiveCfg = Yilia-Release_x64|Any CPU
		{FBFC1455-B232-4F16-AFC7-4054A8B864AB}.Yilia-Release_x64|Any CPU.Build.0 = Yilia-Release_x64|Any CPU
		{FBFC1455-B232-4F16-AFC7-4054A8B864AB}.Yilia-Release_x64|x64.ActiveCfg = Yilia-Release_x64|x64
		{FBFC1455-B232-4F16-AFC7-4054A8B864AB}.Yilia-Release_x64|x64.Build.0 = Yilia-Release_x64|x64
		{FBFC1455-B232-4F16-AFC7-4054A8B864AB}.Yilia-Release_x64|x86.ActiveCfg = Yilia-Release_x64|x86
		{FBFC1455-B232-4F16-AFC7-4054A8B864AB}.Yilia-Release_x64|x86.Build.0 = Yilia-Release_x64|x86
		{CE825E49-0386-4AB1-B452-B104ED3F7DEB}.Biodeep_UNIX_x64|Any CPU.ActiveCfg = Biodeep|Any CPU
		{CE825E49-0386-4AB1-B452-B104ED3F7DEB}.Biodeep_UNIX_x64|Any CPU.Build.0 = Biodeep|Any CPU
		{CE825E49-0386-4AB1-B452-B104ED3F7DEB}.Biodeep_UNIX_x64|x64.ActiveCfg = Biodeep|x64
		{CE825E49-0386-4AB1-B452-B104ED3F7DEB}.Biodeep_UNIX_x64|x64.Build.0 = Biodeep|x64
		{CE825E49-0386-4AB1-B452-B104ED3F7DEB}.Biodeep_UNIX_x64|x86.ActiveCfg = Biodeep|x86
		{CE825E49-0386-4AB1-B452-B104ED3F7DEB}.Biodeep_UNIX_x64|x86.Build.0 = Biodeep|x86
		{CE825E49-0386-4AB1-B452-B104ED3F7DEB}.Biodeep|Any CPU.ActiveCfg = Biodeep|Any CPU
		{CE825E49-0386-4AB1-B452-B104ED3F7DEB}.Biodeep|Any CPU.Build.0 = Biodeep|Any CPU
		{CE825E49-0386-4AB1-B452-B104ED3F7DEB}.Biodeep|x64.ActiveCfg = Biodeep|x64
		{CE825E49-0386-4AB1-B452-B104ED3F7DEB}.Biodeep|x64.Build.0 = Biodeep|x64
		{CE825E49-0386-4AB1-B452-B104ED3F7DEB}.Biodeep|x86.ActiveCfg = Biodeep|x86
		{CE825E49-0386-4AB1-B452-B104ED3F7DEB}.Biodeep|x86.Build.0 = Biodeep|x86
		{CE825E49-0386-4AB1-B452-B104ED3F7DEB}.Debug|Any CPU.ActiveCfg = Debug|Any CPU
		{CE825E49-0386-4AB1-B452-B104ED3F7DEB}.Debug|Any CPU.Build.0 = Debug|Any CPU
		{CE825E49-0386-4AB1-B452-B104ED3F7DEB}.Debug|x64.ActiveCfg = Debug|x64
		{CE825E49-0386-4AB1-B452-B104ED3F7DEB}.Debug|x64.Build.0 = Debug|x64
		{CE825E49-0386-4AB1-B452-B104ED3F7DEB}.Debug|x86.ActiveCfg = Debug|x86
		{CE825E49-0386-4AB1-B452-B104ED3F7DEB}.Debug|x86.Build.0 = Debug|x86
		{CE825E49-0386-4AB1-B452-B104ED3F7DEB}.DEMO|Any CPU.ActiveCfg = DEMO|Any CPU
		{CE825E49-0386-4AB1-B452-B104ED3F7DEB}.DEMO|Any CPU.Build.0 = DEMO|Any CPU
		{CE825E49-0386-4AB1-B452-B104ED3F7DEB}.DEMO|x64.ActiveCfg = DEMO|x64
		{CE825E49-0386-4AB1-B452-B104ED3F7DEB}.DEMO|x64.Build.0 = DEMO|x64
		{CE825E49-0386-4AB1-B452-B104ED3F7DEB}.DEMO|x86.ActiveCfg = DEMO|x86
		{CE825E49-0386-4AB1-B452-B104ED3F7DEB}.DEMO|x86.Build.0 = DEMO|x86
		{CE825E49-0386-4AB1-B452-B104ED3F7DEB}.docs|Any CPU.ActiveCfg = docs|Any CPU
		{CE825E49-0386-4AB1-B452-B104ED3F7DEB}.docs|Any CPU.Build.0 = docs|Any CPU
		{CE825E49-0386-4AB1-B452-B104ED3F7DEB}.docs|x64.ActiveCfg = docs|x64
		{CE825E49-0386-4AB1-B452-B104ED3F7DEB}.docs|x64.Build.0 = docs|x64
		{CE825E49-0386-4AB1-B452-B104ED3F7DEB}.docs|x86.ActiveCfg = docs|x86
		{CE825E49-0386-4AB1-B452-B104ED3F7DEB}.docs|x86.Build.0 = docs|x86
		{CE825E49-0386-4AB1-B452-B104ED3F7DEB}.GCModeller(Release_X64)|Any CPU.ActiveCfg = GCModeller(Release_X64)|Any CPU
		{CE825E49-0386-4AB1-B452-B104ED3F7DEB}.GCModeller(Release_X64)|Any CPU.Build.0 = GCModeller(Release_X64)|Any CPU
		{CE825E49-0386-4AB1-B452-B104ED3F7DEB}.GCModeller(Release_X64)|x64.ActiveCfg = GCModeller(Release_X64)|x64
		{CE825E49-0386-4AB1-B452-B104ED3F7DEB}.GCModeller(Release_X64)|x64.Build.0 = GCModeller(Release_X64)|x64
		{CE825E49-0386-4AB1-B452-B104ED3F7DEB}.GCModeller(Release_X64)|x86.ActiveCfg = GCModeller(Release_X64)|x86
		{CE825E49-0386-4AB1-B452-B104ED3F7DEB}.GCModeller(Release_X64)|x86.Build.0 = GCModeller(Release_X64)|x86
		{CE825E49-0386-4AB1-B452-B104ED3F7DEB}.GCModeller(UNIX-Release_X64)|Any CPU.ActiveCfg = GCModeller(UNIX-Release_X64)|Any CPU
		{CE825E49-0386-4AB1-B452-B104ED3F7DEB}.GCModeller(UNIX-Release_X64)|Any CPU.Build.0 = GCModeller(UNIX-Release_X64)|Any CPU
		{CE825E49-0386-4AB1-B452-B104ED3F7DEB}.GCModeller(UNIX-Release_X64)|x64.ActiveCfg = GCModeller(UNIX-Release_X64)|x64
		{CE825E49-0386-4AB1-B452-B104ED3F7DEB}.GCModeller(UNIX-Release_X64)|x64.Build.0 = GCModeller(UNIX-Release_X64)|x64
		{CE825E49-0386-4AB1-B452-B104ED3F7DEB}.GCModeller(UNIX-Release_X64)|x86.ActiveCfg = GCModeller(UNIX-Release_X64)|x86
		{CE825E49-0386-4AB1-B452-B104ED3F7DEB}.GCModeller(UNIX-Release_X64)|x86.Build.0 = GCModeller(UNIX-Release_X64)|x86
		{CE825E49-0386-4AB1-B452-B104ED3F7DEB}.installer_x64|Any CPU.ActiveCfg = installer_x64|Any CPU
		{CE825E49-0386-4AB1-B452-B104ED3F7DEB}.installer_x64|Any CPU.Build.0 = installer_x64|Any CPU
		{CE825E49-0386-4AB1-B452-B104ED3F7DEB}.installer_x64|x64.ActiveCfg = installer_x64|x64
		{CE825E49-0386-4AB1-B452-B104ED3F7DEB}.installer_x64|x64.Build.0 = installer_x64|x64
		{CE825E49-0386-4AB1-B452-B104ED3F7DEB}.installer_x64|x86.ActiveCfg = installer_x64|x86
		{CE825E49-0386-4AB1-B452-B104ED3F7DEB}.installer_x64|x86.Build.0 = installer_x64|x86
		{CE825E49-0386-4AB1-B452-B104ED3F7DEB}.mysqli_X64_release|Any CPU.ActiveCfg = installer_x64|Any CPU
		{CE825E49-0386-4AB1-B452-B104ED3F7DEB}.mysqli_X64_release|Any CPU.Build.0 = installer_x64|Any CPU
		{CE825E49-0386-4AB1-B452-B104ED3F7DEB}.mysqli_X64_release|x64.ActiveCfg = installer_x64|x64
		{CE825E49-0386-4AB1-B452-B104ED3F7DEB}.mysqli_X64_release|x64.Build.0 = installer_x64|x64
		{CE825E49-0386-4AB1-B452-B104ED3F7DEB}.mysqli_X64_release|x86.ActiveCfg = installer_x64|x86
		{CE825E49-0386-4AB1-B452-B104ED3F7DEB}.mysqli_X64_release|x86.Build.0 = installer_x64|x86
		{CE825E49-0386-4AB1-B452-B104ED3F7DEB}.ProteoWizard.d|Any CPU.ActiveCfg = ProteoWizard.d|Any CPU
		{CE825E49-0386-4AB1-B452-B104ED3F7DEB}.ProteoWizard.d|Any CPU.Build.0 = ProteoWizard.d|Any CPU
		{CE825E49-0386-4AB1-B452-B104ED3F7DEB}.ProteoWizard.d|x64.ActiveCfg = ProteoWizard.d|x64
		{CE825E49-0386-4AB1-B452-B104ED3F7DEB}.ProteoWizard.d|x64.Build.0 = ProteoWizard.d|x64
		{CE825E49-0386-4AB1-B452-B104ED3F7DEB}.ProteoWizard.d|x86.ActiveCfg = ProteoWizard.d|x86
		{CE825E49-0386-4AB1-B452-B104ED3F7DEB}.ProteoWizard.d|x86.Build.0 = ProteoWizard.d|x86
		{CE825E49-0386-4AB1-B452-B104ED3F7DEB}.Publish|Any CPU.ActiveCfg = Publish|Any CPU
		{CE825E49-0386-4AB1-B452-B104ED3F7DEB}.Publish|Any CPU.Build.0 = Publish|Any CPU
		{CE825E49-0386-4AB1-B452-B104ED3F7DEB}.Publish|x64.ActiveCfg = Publish|x64
		{CE825E49-0386-4AB1-B452-B104ED3F7DEB}.Publish|x64.Build.0 = Publish|x64
		{CE825E49-0386-4AB1-B452-B104ED3F7DEB}.Publish|x86.ActiveCfg = Publish|x86
		{CE825E49-0386-4AB1-B452-B104ED3F7DEB}.Publish|x86.Build.0 = Publish|x86
		{CE825E49-0386-4AB1-B452-B104ED3F7DEB}.Release|Any CPU.ActiveCfg = Release|Any CPU
		{CE825E49-0386-4AB1-B452-B104ED3F7DEB}.Release|Any CPU.Build.0 = Release|Any CPU
		{CE825E49-0386-4AB1-B452-B104ED3F7DEB}.Release|x64.ActiveCfg = Release|x64
		{CE825E49-0386-4AB1-B452-B104ED3F7DEB}.Release|x64.Build.0 = Release|x64
		{CE825E49-0386-4AB1-B452-B104ED3F7DEB}.Release|x86.ActiveCfg = Release|x86
		{CE825E49-0386-4AB1-B452-B104ED3F7DEB}.Release|x86.Build.0 = Release|x86
		{CE825E49-0386-4AB1-B452-B104ED3F7DEB}.Release2|Any CPU.ActiveCfg = Release|Any CPU
		{CE825E49-0386-4AB1-B452-B104ED3F7DEB}.Release2|Any CPU.Build.0 = Release|Any CPU
		{CE825E49-0386-4AB1-B452-B104ED3F7DEB}.Release2|x64.ActiveCfg = Release|x64
		{CE825E49-0386-4AB1-B452-B104ED3F7DEB}.Release2|x64.Build.0 = Release|x64
		{CE825E49-0386-4AB1-B452-B104ED3F7DEB}.Release2|x86.ActiveCfg = Release|x86
		{CE825E49-0386-4AB1-B452-B104ED3F7DEB}.Release2|x86.Build.0 = Release|x86
		{CE825E49-0386-4AB1-B452-B104ED3F7DEB}.sciBASIC.NET-test-release|Any CPU.ActiveCfg = Surveillance-of-infectious-diseases|Any CPU
		{CE825E49-0386-4AB1-B452-B104ED3F7DEB}.sciBASIC.NET-test-release|Any CPU.Build.0 = Surveillance-of-infectious-diseases|Any CPU
		{CE825E49-0386-4AB1-B452-B104ED3F7DEB}.sciBASIC.NET-test-release|x64.ActiveCfg = Surveillance-of-infectious-diseases|x64
		{CE825E49-0386-4AB1-B452-B104ED3F7DEB}.sciBASIC.NET-test-release|x64.Build.0 = Surveillance-of-infectious-diseases|x64
		{CE825E49-0386-4AB1-B452-B104ED3F7DEB}.sciBASIC.NET-test-release|x86.ActiveCfg = Surveillance-of-infectious-diseases|x86
		{CE825E49-0386-4AB1-B452-B104ED3F7DEB}.sciBASIC.NET-test-release|x86.Build.0 = Surveillance-of-infectious-diseases|x86
		{CE825E49-0386-4AB1-B452-B104ED3F7DEB}.Surveillance-of-infectious-diseases|Any CPU.ActiveCfg = Surveillance-of-infectious-diseases|Any CPU
		{CE825E49-0386-4AB1-B452-B104ED3F7DEB}.Surveillance-of-infectious-diseases|Any CPU.Build.0 = Surveillance-of-infectious-diseases|Any CPU
		{CE825E49-0386-4AB1-B452-B104ED3F7DEB}.Surveillance-of-infectious-diseases|x64.ActiveCfg = Surveillance-of-infectious-diseases|x64
		{CE825E49-0386-4AB1-B452-B104ED3F7DEB}.Surveillance-of-infectious-diseases|x64.Build.0 = Surveillance-of-infectious-diseases|x64
		{CE825E49-0386-4AB1-B452-B104ED3F7DEB}.Surveillance-of-infectious-diseases|x86.ActiveCfg = Surveillance-of-infectious-diseases|x86
		{CE825E49-0386-4AB1-B452-B104ED3F7DEB}.Surveillance-of-infectious-diseases|x86.Build.0 = Surveillance-of-infectious-diseases|x86
		{CE825E49-0386-4AB1-B452-B104ED3F7DEB}.Yilia-Release_x64|Any CPU.ActiveCfg = Yilia-Release_x64|Any CPU
		{CE825E49-0386-4AB1-B452-B104ED3F7DEB}.Yilia-Release_x64|Any CPU.Build.0 = Yilia-Release_x64|Any CPU
		{CE825E49-0386-4AB1-B452-B104ED3F7DEB}.Yilia-Release_x64|x64.ActiveCfg = Yilia-Release_x64|x64
		{CE825E49-0386-4AB1-B452-B104ED3F7DEB}.Yilia-Release_x64|x64.Build.0 = Yilia-Release_x64|x64
		{CE825E49-0386-4AB1-B452-B104ED3F7DEB}.Yilia-Release_x64|x86.ActiveCfg = Yilia-Release_x64|x86
		{CE825E49-0386-4AB1-B452-B104ED3F7DEB}.Yilia-Release_x64|x86.Build.0 = Yilia-Release_x64|x86
		{B1DE5562-91D6-4AEE-AA26-72EF2DFC7C75}.Biodeep_UNIX_x64|Any CPU.ActiveCfg = GCModeller(UNIX-Release_X64)|Any CPU
		{B1DE5562-91D6-4AEE-AA26-72EF2DFC7C75}.Biodeep_UNIX_x64|Any CPU.Build.0 = GCModeller(UNIX-Release_X64)|Any CPU
		{B1DE5562-91D6-4AEE-AA26-72EF2DFC7C75}.Biodeep_UNIX_x64|x64.ActiveCfg = GCModeller(UNIX-Release_X64)|x64
		{B1DE5562-91D6-4AEE-AA26-72EF2DFC7C75}.Biodeep_UNIX_x64|x64.Build.0 = GCModeller(UNIX-Release_X64)|x64
		{B1DE5562-91D6-4AEE-AA26-72EF2DFC7C75}.Biodeep_UNIX_x64|x86.ActiveCfg = GCModeller(UNIX-Release_X64)|x86
		{B1DE5562-91D6-4AEE-AA26-72EF2DFC7C75}.Biodeep_UNIX_x64|x86.Build.0 = GCModeller(UNIX-Release_X64)|x86
		{B1DE5562-91D6-4AEE-AA26-72EF2DFC7C75}.Biodeep|Any CPU.ActiveCfg = GCModeller(UNIX-Release_X64)|Any CPU
		{B1DE5562-91D6-4AEE-AA26-72EF2DFC7C75}.Biodeep|Any CPU.Build.0 = GCModeller(UNIX-Release_X64)|Any CPU
		{B1DE5562-91D6-4AEE-AA26-72EF2DFC7C75}.Biodeep|x64.ActiveCfg = GCModeller(UNIX-Release_X64)|x64
		{B1DE5562-91D6-4AEE-AA26-72EF2DFC7C75}.Biodeep|x64.Build.0 = GCModeller(UNIX-Release_X64)|x64
		{B1DE5562-91D6-4AEE-AA26-72EF2DFC7C75}.Biodeep|x86.ActiveCfg = GCModeller(UNIX-Release_X64)|x86
		{B1DE5562-91D6-4AEE-AA26-72EF2DFC7C75}.Biodeep|x86.Build.0 = GCModeller(UNIX-Release_X64)|x86
		{B1DE5562-91D6-4AEE-AA26-72EF2DFC7C75}.Debug|Any CPU.ActiveCfg = Debug|Any CPU
		{B1DE5562-91D6-4AEE-AA26-72EF2DFC7C75}.Debug|Any CPU.Build.0 = Debug|Any CPU
		{B1DE5562-91D6-4AEE-AA26-72EF2DFC7C75}.Debug|x64.ActiveCfg = Debug|x64
		{B1DE5562-91D6-4AEE-AA26-72EF2DFC7C75}.Debug|x64.Build.0 = Debug|x64
		{B1DE5562-91D6-4AEE-AA26-72EF2DFC7C75}.Debug|x86.ActiveCfg = Debug|x86
		{B1DE5562-91D6-4AEE-AA26-72EF2DFC7C75}.Debug|x86.Build.0 = Debug|x86
		{B1DE5562-91D6-4AEE-AA26-72EF2DFC7C75}.DEMO|Any CPU.ActiveCfg = Debug|Any CPU
		{B1DE5562-91D6-4AEE-AA26-72EF2DFC7C75}.DEMO|Any CPU.Build.0 = Debug|Any CPU
		{B1DE5562-91D6-4AEE-AA26-72EF2DFC7C75}.DEMO|x64.ActiveCfg = Debug|x64
		{B1DE5562-91D6-4AEE-AA26-72EF2DFC7C75}.DEMO|x64.Build.0 = Debug|x64
		{B1DE5562-91D6-4AEE-AA26-72EF2DFC7C75}.DEMO|x86.ActiveCfg = Debug|x86
		{B1DE5562-91D6-4AEE-AA26-72EF2DFC7C75}.DEMO|x86.Build.0 = Debug|x86
		{B1DE5562-91D6-4AEE-AA26-72EF2DFC7C75}.docs|Any CPU.ActiveCfg = Debug|Any CPU
		{B1DE5562-91D6-4AEE-AA26-72EF2DFC7C75}.docs|Any CPU.Build.0 = Debug|Any CPU
		{B1DE5562-91D6-4AEE-AA26-72EF2DFC7C75}.docs|x64.ActiveCfg = Debug|x64
		{B1DE5562-91D6-4AEE-AA26-72EF2DFC7C75}.docs|x64.Build.0 = Debug|x64
		{B1DE5562-91D6-4AEE-AA26-72EF2DFC7C75}.docs|x86.ActiveCfg = Debug|x86
		{B1DE5562-91D6-4AEE-AA26-72EF2DFC7C75}.docs|x86.Build.0 = Debug|x86
		{B1DE5562-91D6-4AEE-AA26-72EF2DFC7C75}.GCModeller(Release_X64)|Any CPU.ActiveCfg = GCModeller(Release_X64)|Any CPU
		{B1DE5562-91D6-4AEE-AA26-72EF2DFC7C75}.GCModeller(Release_X64)|Any CPU.Build.0 = GCModeller(Release_X64)|Any CPU
		{B1DE5562-91D6-4AEE-AA26-72EF2DFC7C75}.GCModeller(Release_X64)|x64.ActiveCfg = GCModeller(Release_X64)|x64
		{B1DE5562-91D6-4AEE-AA26-72EF2DFC7C75}.GCModeller(Release_X64)|x64.Build.0 = GCModeller(Release_X64)|x64
		{B1DE5562-91D6-4AEE-AA26-72EF2DFC7C75}.GCModeller(Release_X64)|x86.ActiveCfg = GCModeller(Release_X64)|x86
		{B1DE5562-91D6-4AEE-AA26-72EF2DFC7C75}.GCModeller(Release_X64)|x86.Build.0 = GCModeller(Release_X64)|x86
		{B1DE5562-91D6-4AEE-AA26-72EF2DFC7C75}.GCModeller(UNIX-Release_X64)|Any CPU.ActiveCfg = GCModeller(UNIX-Release_X64)|Any CPU
		{B1DE5562-91D6-4AEE-AA26-72EF2DFC7C75}.GCModeller(UNIX-Release_X64)|Any CPU.Build.0 = GCModeller(UNIX-Release_X64)|Any CPU
		{B1DE5562-91D6-4AEE-AA26-72EF2DFC7C75}.GCModeller(UNIX-Release_X64)|x64.ActiveCfg = GCModeller(UNIX-Release_X64)|x64
		{B1DE5562-91D6-4AEE-AA26-72EF2DFC7C75}.GCModeller(UNIX-Release_X64)|x64.Build.0 = GCModeller(UNIX-Release_X64)|x64
		{B1DE5562-91D6-4AEE-AA26-72EF2DFC7C75}.GCModeller(UNIX-Release_X64)|x86.ActiveCfg = GCModeller(UNIX-Release_X64)|x86
		{B1DE5562-91D6-4AEE-AA26-72EF2DFC7C75}.GCModeller(UNIX-Release_X64)|x86.Build.0 = GCModeller(UNIX-Release_X64)|x86
		{B1DE5562-91D6-4AEE-AA26-72EF2DFC7C75}.installer_x64|Any CPU.ActiveCfg = GCModeller(UNIX-Release_X64)|Any CPU
		{B1DE5562-91D6-4AEE-AA26-72EF2DFC7C75}.installer_x64|Any CPU.Build.0 = GCModeller(UNIX-Release_X64)|Any CPU
		{B1DE5562-91D6-4AEE-AA26-72EF2DFC7C75}.installer_x64|x64.ActiveCfg = GCModeller(UNIX-Release_X64)|x64
		{B1DE5562-91D6-4AEE-AA26-72EF2DFC7C75}.installer_x64|x64.Build.0 = GCModeller(UNIX-Release_X64)|x64
		{B1DE5562-91D6-4AEE-AA26-72EF2DFC7C75}.installer_x64|x86.ActiveCfg = GCModeller(UNIX-Release_X64)|x86
		{B1DE5562-91D6-4AEE-AA26-72EF2DFC7C75}.installer_x64|x86.Build.0 = GCModeller(UNIX-Release_X64)|x86
		{B1DE5562-91D6-4AEE-AA26-72EF2DFC7C75}.mysqli_X64_release|Any CPU.ActiveCfg = GCModeller(UNIX-Release_X64)|Any CPU
		{B1DE5562-91D6-4AEE-AA26-72EF2DFC7C75}.mysqli_X64_release|Any CPU.Build.0 = GCModeller(UNIX-Release_X64)|Any CPU
		{B1DE5562-91D6-4AEE-AA26-72EF2DFC7C75}.mysqli_X64_release|x64.ActiveCfg = GCModeller(UNIX-Release_X64)|x64
		{B1DE5562-91D6-4AEE-AA26-72EF2DFC7C75}.mysqli_X64_release|x64.Build.0 = GCModeller(UNIX-Release_X64)|x64
		{B1DE5562-91D6-4AEE-AA26-72EF2DFC7C75}.mysqli_X64_release|x86.ActiveCfg = GCModeller(UNIX-Release_X64)|x86
		{B1DE5562-91D6-4AEE-AA26-72EF2DFC7C75}.mysqli_X64_release|x86.Build.0 = GCModeller(UNIX-Release_X64)|x86
		{B1DE5562-91D6-4AEE-AA26-72EF2DFC7C75}.ProteoWizard.d|Any CPU.ActiveCfg = GCModeller(UNIX-Release_X64)|Any CPU
		{B1DE5562-91D6-4AEE-AA26-72EF2DFC7C75}.ProteoWizard.d|Any CPU.Build.0 = GCModeller(UNIX-Release_X64)|Any CPU
		{B1DE5562-91D6-4AEE-AA26-72EF2DFC7C75}.ProteoWizard.d|x64.ActiveCfg = GCModeller(UNIX-Release_X64)|x64
		{B1DE5562-91D6-4AEE-AA26-72EF2DFC7C75}.ProteoWizard.d|x64.Build.0 = GCModeller(UNIX-Release_X64)|x64
		{B1DE5562-91D6-4AEE-AA26-72EF2DFC7C75}.ProteoWizard.d|x86.ActiveCfg = GCModeller(UNIX-Release_X64)|x86
		{B1DE5562-91D6-4AEE-AA26-72EF2DFC7C75}.ProteoWizard.d|x86.Build.0 = GCModeller(UNIX-Release_X64)|x86
		{B1DE5562-91D6-4AEE-AA26-72EF2DFC7C75}.Publish|Any CPU.ActiveCfg = GCModeller(UNIX-Release_X64)|Any CPU
		{B1DE5562-91D6-4AEE-AA26-72EF2DFC7C75}.Publish|Any CPU.Build.0 = GCModeller(UNIX-Release_X64)|Any CPU
		{B1DE5562-91D6-4AEE-AA26-72EF2DFC7C75}.Publish|x64.ActiveCfg = GCModeller(UNIX-Release_X64)|x64
		{B1DE5562-91D6-4AEE-AA26-72EF2DFC7C75}.Publish|x64.Build.0 = GCModeller(UNIX-Release_X64)|x64
		{B1DE5562-91D6-4AEE-AA26-72EF2DFC7C75}.Publish|x86.ActiveCfg = GCModeller(UNIX-Release_X64)|x86
		{B1DE5562-91D6-4AEE-AA26-72EF2DFC7C75}.Publish|x86.Build.0 = GCModeller(UNIX-Release_X64)|x86
		{B1DE5562-91D6-4AEE-AA26-72EF2DFC7C75}.Release|Any CPU.ActiveCfg = Release|Any CPU
		{B1DE5562-91D6-4AEE-AA26-72EF2DFC7C75}.Release|Any CPU.Build.0 = Release|Any CPU
		{B1DE5562-91D6-4AEE-AA26-72EF2DFC7C75}.Release|x64.ActiveCfg = Release|x64
		{B1DE5562-91D6-4AEE-AA26-72EF2DFC7C75}.Release|x64.Build.0 = Release|x64
		{B1DE5562-91D6-4AEE-AA26-72EF2DFC7C75}.Release|x86.ActiveCfg = Release|x86
		{B1DE5562-91D6-4AEE-AA26-72EF2DFC7C75}.Release|x86.Build.0 = Release|x86
		{B1DE5562-91D6-4AEE-AA26-72EF2DFC7C75}.Release2|Any CPU.ActiveCfg = Release|Any CPU
		{B1DE5562-91D6-4AEE-AA26-72EF2DFC7C75}.Release2|Any CPU.Build.0 = Release|Any CPU
		{B1DE5562-91D6-4AEE-AA26-72EF2DFC7C75}.Release2|x64.ActiveCfg = Release|x64
		{B1DE5562-91D6-4AEE-AA26-72EF2DFC7C75}.Release2|x64.Build.0 = Release|x64
		{B1DE5562-91D6-4AEE-AA26-72EF2DFC7C75}.Release2|x86.ActiveCfg = Release|x86
		{B1DE5562-91D6-4AEE-AA26-72EF2DFC7C75}.Release2|x86.Build.0 = Release|x86
		{B1DE5562-91D6-4AEE-AA26-72EF2DFC7C75}.sciBASIC.NET-test-release|Any CPU.ActiveCfg = Surveillance-of-infectious-diseases|Any CPU
		{B1DE5562-91D6-4AEE-AA26-72EF2DFC7C75}.sciBASIC.NET-test-release|Any CPU.Build.0 = Surveillance-of-infectious-diseases|Any CPU
		{B1DE5562-91D6-4AEE-AA26-72EF2DFC7C75}.sciBASIC.NET-test-release|x64.ActiveCfg = Surveillance-of-infectious-diseases|x64
		{B1DE5562-91D6-4AEE-AA26-72EF2DFC7C75}.sciBASIC.NET-test-release|x64.Build.0 = Surveillance-of-infectious-diseases|x64
		{B1DE5562-91D6-4AEE-AA26-72EF2DFC7C75}.sciBASIC.NET-test-release|x86.ActiveCfg = Surveillance-of-infectious-diseases|x86
		{B1DE5562-91D6-4AEE-AA26-72EF2DFC7C75}.sciBASIC.NET-test-release|x86.Build.0 = Surveillance-of-infectious-diseases|x86
		{B1DE5562-91D6-4AEE-AA26-72EF2DFC7C75}.Surveillance-of-infectious-diseases|Any CPU.ActiveCfg = Surveillance-of-infectious-diseases|Any CPU
		{B1DE5562-91D6-4AEE-AA26-72EF2DFC7C75}.Surveillance-of-infectious-diseases|Any CPU.Build.0 = Surveillance-of-infectious-diseases|Any CPU
		{B1DE5562-91D6-4AEE-AA26-72EF2DFC7C75}.Surveillance-of-infectious-diseases|x64.ActiveCfg = Surveillance-of-infectious-diseases|x64
		{B1DE5562-91D6-4AEE-AA26-72EF2DFC7C75}.Surveillance-of-infectious-diseases|x64.Build.0 = Surveillance-of-infectious-diseases|x64
		{B1DE5562-91D6-4AEE-AA26-72EF2DFC7C75}.Surveillance-of-infectious-diseases|x86.ActiveCfg = Surveillance-of-infectious-diseases|x86
		{B1DE5562-91D6-4AEE-AA26-72EF2DFC7C75}.Surveillance-of-infectious-diseases|x86.Build.0 = Surveillance-of-infectious-diseases|x86
		{B1DE5562-91D6-4AEE-AA26-72EF2DFC7C75}.Yilia-Release_x64|Any CPU.ActiveCfg = Release|Any CPU
		{B1DE5562-91D6-4AEE-AA26-72EF2DFC7C75}.Yilia-Release_x64|Any CPU.Build.0 = Release|Any CPU
		{B1DE5562-91D6-4AEE-AA26-72EF2DFC7C75}.Yilia-Release_x64|x64.ActiveCfg = Release|x64
		{B1DE5562-91D6-4AEE-AA26-72EF2DFC7C75}.Yilia-Release_x64|x64.Build.0 = Release|x64
		{B1DE5562-91D6-4AEE-AA26-72EF2DFC7C75}.Yilia-Release_x64|x86.ActiveCfg = Release|x86
		{B1DE5562-91D6-4AEE-AA26-72EF2DFC7C75}.Yilia-Release_x64|x86.Build.0 = Release|x86
		{2C34A044-1BDE-44E8-A86E-E9971C87DA21}.Biodeep_UNIX_x64|Any CPU.ActiveCfg = Biodeep_UNIX_x64|Any CPU
		{2C34A044-1BDE-44E8-A86E-E9971C87DA21}.Biodeep_UNIX_x64|Any CPU.Build.0 = Biodeep_UNIX_x64|Any CPU
		{2C34A044-1BDE-44E8-A86E-E9971C87DA21}.Biodeep_UNIX_x64|x64.ActiveCfg = Biodeep_UNIX_x64|x64
		{2C34A044-1BDE-44E8-A86E-E9971C87DA21}.Biodeep_UNIX_x64|x64.Build.0 = Biodeep_UNIX_x64|x64
		{2C34A044-1BDE-44E8-A86E-E9971C87DA21}.Biodeep_UNIX_x64|x86.ActiveCfg = Biodeep_UNIX_x64|x86
		{2C34A044-1BDE-44E8-A86E-E9971C87DA21}.Biodeep_UNIX_x64|x86.Build.0 = Biodeep_UNIX_x64|x86
		{2C34A044-1BDE-44E8-A86E-E9971C87DA21}.Biodeep|Any CPU.ActiveCfg = Biodeep|Any CPU
		{2C34A044-1BDE-44E8-A86E-E9971C87DA21}.Biodeep|Any CPU.Build.0 = Biodeep|Any CPU
		{2C34A044-1BDE-44E8-A86E-E9971C87DA21}.Biodeep|x64.ActiveCfg = Biodeep|x64
		{2C34A044-1BDE-44E8-A86E-E9971C87DA21}.Biodeep|x64.Build.0 = Biodeep|x64
		{2C34A044-1BDE-44E8-A86E-E9971C87DA21}.Biodeep|x86.ActiveCfg = Biodeep|x86
		{2C34A044-1BDE-44E8-A86E-E9971C87DA21}.Biodeep|x86.Build.0 = Biodeep|x86
		{2C34A044-1BDE-44E8-A86E-E9971C87DA21}.Debug|Any CPU.ActiveCfg = Debug|Any CPU
		{2C34A044-1BDE-44E8-A86E-E9971C87DA21}.Debug|Any CPU.Build.0 = Debug|Any CPU
		{2C34A044-1BDE-44E8-A86E-E9971C87DA21}.Debug|x64.ActiveCfg = Debug|x64
		{2C34A044-1BDE-44E8-A86E-E9971C87DA21}.Debug|x64.Build.0 = Debug|x64
		{2C34A044-1BDE-44E8-A86E-E9971C87DA21}.Debug|x86.ActiveCfg = Debug|x86
		{2C34A044-1BDE-44E8-A86E-E9971C87DA21}.Debug|x86.Build.0 = Debug|x86
		{2C34A044-1BDE-44E8-A86E-E9971C87DA21}.DEMO|Any CPU.ActiveCfg = Debug|Any CPU
		{2C34A044-1BDE-44E8-A86E-E9971C87DA21}.DEMO|Any CPU.Build.0 = Debug|Any CPU
		{2C34A044-1BDE-44E8-A86E-E9971C87DA21}.DEMO|x64.ActiveCfg = Debug|x64
		{2C34A044-1BDE-44E8-A86E-E9971C87DA21}.DEMO|x64.Build.0 = Debug|x64
		{2C34A044-1BDE-44E8-A86E-E9971C87DA21}.DEMO|x86.ActiveCfg = Debug|x86
		{2C34A044-1BDE-44E8-A86E-E9971C87DA21}.DEMO|x86.Build.0 = Debug|x86
		{2C34A044-1BDE-44E8-A86E-E9971C87DA21}.docs|Any CPU.ActiveCfg = docs|Any CPU
		{2C34A044-1BDE-44E8-A86E-E9971C87DA21}.docs|Any CPU.Build.0 = docs|Any CPU
		{2C34A044-1BDE-44E8-A86E-E9971C87DA21}.docs|x64.ActiveCfg = docs|x64
		{2C34A044-1BDE-44E8-A86E-E9971C87DA21}.docs|x64.Build.0 = docs|x64
		{2C34A044-1BDE-44E8-A86E-E9971C87DA21}.docs|x86.ActiveCfg = docs|x86
		{2C34A044-1BDE-44E8-A86E-E9971C87DA21}.docs|x86.Build.0 = docs|x86
		{2C34A044-1BDE-44E8-A86E-E9971C87DA21}.GCModeller(Release_X64)|Any CPU.ActiveCfg = GCModeller(Release_X64)|Any CPU
		{2C34A044-1BDE-44E8-A86E-E9971C87DA21}.GCModeller(Release_X64)|Any CPU.Build.0 = GCModeller(Release_X64)|Any CPU
		{2C34A044-1BDE-44E8-A86E-E9971C87DA21}.GCModeller(Release_X64)|x64.ActiveCfg = GCModeller(Release_X64)|x64
		{2C34A044-1BDE-44E8-A86E-E9971C87DA21}.GCModeller(Release_X64)|x64.Build.0 = GCModeller(Release_X64)|x64
		{2C34A044-1BDE-44E8-A86E-E9971C87DA21}.GCModeller(Release_X64)|x86.ActiveCfg = GCModeller(Release_X64)|x86
		{2C34A044-1BDE-44E8-A86E-E9971C87DA21}.GCModeller(Release_X64)|x86.Build.0 = GCModeller(Release_X64)|x86
		{2C34A044-1BDE-44E8-A86E-E9971C87DA21}.GCModeller(UNIX-Release_X64)|Any CPU.ActiveCfg = GCModeller(UNIX-Release_X64)|Any CPU
		{2C34A044-1BDE-44E8-A86E-E9971C87DA21}.GCModeller(UNIX-Release_X64)|Any CPU.Build.0 = GCModeller(UNIX-Release_X64)|Any CPU
		{2C34A044-1BDE-44E8-A86E-E9971C87DA21}.GCModeller(UNIX-Release_X64)|x64.ActiveCfg = GCModeller(UNIX-Release_X64)|x64
		{2C34A044-1BDE-44E8-A86E-E9971C87DA21}.GCModeller(UNIX-Release_X64)|x64.Build.0 = GCModeller(UNIX-Release_X64)|x64
		{2C34A044-1BDE-44E8-A86E-E9971C87DA21}.GCModeller(UNIX-Release_X64)|x86.ActiveCfg = GCModeller(UNIX-Release_X64)|x86
		{2C34A044-1BDE-44E8-A86E-E9971C87DA21}.GCModeller(UNIX-Release_X64)|x86.Build.0 = GCModeller(UNIX-Release_X64)|x86
		{2C34A044-1BDE-44E8-A86E-E9971C87DA21}.installer_x64|Any CPU.ActiveCfg = Biodeep_UNIX_x64|Any CPU
		{2C34A044-1BDE-44E8-A86E-E9971C87DA21}.installer_x64|Any CPU.Build.0 = Biodeep_UNIX_x64|Any CPU
		{2C34A044-1BDE-44E8-A86E-E9971C87DA21}.installer_x64|x64.ActiveCfg = Biodeep_UNIX_x64|x64
		{2C34A044-1BDE-44E8-A86E-E9971C87DA21}.installer_x64|x64.Build.0 = Biodeep_UNIX_x64|x64
		{2C34A044-1BDE-44E8-A86E-E9971C87DA21}.installer_x64|x86.ActiveCfg = Biodeep_UNIX_x64|x86
		{2C34A044-1BDE-44E8-A86E-E9971C87DA21}.installer_x64|x86.Build.0 = Biodeep_UNIX_x64|x86
		{2C34A044-1BDE-44E8-A86E-E9971C87DA21}.mysqli_X64_release|Any CPU.ActiveCfg = mysqli_X64_release|Any CPU
		{2C34A044-1BDE-44E8-A86E-E9971C87DA21}.mysqli_X64_release|Any CPU.Build.0 = mysqli_X64_release|Any CPU
		{2C34A044-1BDE-44E8-A86E-E9971C87DA21}.mysqli_X64_release|x64.ActiveCfg = mysqli_X64_release|x64
		{2C34A044-1BDE-44E8-A86E-E9971C87DA21}.mysqli_X64_release|x64.Build.0 = mysqli_X64_release|x64
		{2C34A044-1BDE-44E8-A86E-E9971C87DA21}.mysqli_X64_release|x86.ActiveCfg = mysqli_X64_release|x86
		{2C34A044-1BDE-44E8-A86E-E9971C87DA21}.mysqli_X64_release|x86.Build.0 = mysqli_X64_release|x86
		{2C34A044-1BDE-44E8-A86E-E9971C87DA21}.ProteoWizard.d|Any CPU.ActiveCfg = Publish|Any CPU
		{2C34A044-1BDE-44E8-A86E-E9971C87DA21}.ProteoWizard.d|Any CPU.Build.0 = Publish|Any CPU
		{2C34A044-1BDE-44E8-A86E-E9971C87DA21}.ProteoWizard.d|x64.ActiveCfg = Publish|x64
		{2C34A044-1BDE-44E8-A86E-E9971C87DA21}.ProteoWizard.d|x64.Build.0 = Publish|x64
		{2C34A044-1BDE-44E8-A86E-E9971C87DA21}.ProteoWizard.d|x86.ActiveCfg = Publish|x86
		{2C34A044-1BDE-44E8-A86E-E9971C87DA21}.ProteoWizard.d|x86.Build.0 = Publish|x86
		{2C34A044-1BDE-44E8-A86E-E9971C87DA21}.Publish|Any CPU.ActiveCfg = Publish|Any CPU
		{2C34A044-1BDE-44E8-A86E-E9971C87DA21}.Publish|Any CPU.Build.0 = Publish|Any CPU
		{2C34A044-1BDE-44E8-A86E-E9971C87DA21}.Publish|x64.ActiveCfg = Publish|x64
		{2C34A044-1BDE-44E8-A86E-E9971C87DA21}.Publish|x64.Build.0 = Publish|x64
		{2C34A044-1BDE-44E8-A86E-E9971C87DA21}.Publish|x86.ActiveCfg = Publish|x86
		{2C34A044-1BDE-44E8-A86E-E9971C87DA21}.Publish|x86.Build.0 = Publish|x86
		{2C34A044-1BDE-44E8-A86E-E9971C87DA21}.Release|Any CPU.ActiveCfg = Release|Any CPU
		{2C34A044-1BDE-44E8-A86E-E9971C87DA21}.Release|Any CPU.Build.0 = Release|Any CPU
		{2C34A044-1BDE-44E8-A86E-E9971C87DA21}.Release|x64.ActiveCfg = Release|x64
		{2C34A044-1BDE-44E8-A86E-E9971C87DA21}.Release|x64.Build.0 = Release|x64
		{2C34A044-1BDE-44E8-A86E-E9971C87DA21}.Release|x86.ActiveCfg = Release|x86
		{2C34A044-1BDE-44E8-A86E-E9971C87DA21}.Release|x86.Build.0 = Release|x86
		{2C34A044-1BDE-44E8-A86E-E9971C87DA21}.Release2|Any CPU.ActiveCfg = Release|Any CPU
		{2C34A044-1BDE-44E8-A86E-E9971C87DA21}.Release2|Any CPU.Build.0 = Release|Any CPU
		{2C34A044-1BDE-44E8-A86E-E9971C87DA21}.Release2|x64.ActiveCfg = Release|x64
		{2C34A044-1BDE-44E8-A86E-E9971C87DA21}.Release2|x64.Build.0 = Release|x64
		{2C34A044-1BDE-44E8-A86E-E9971C87DA21}.Release2|x86.ActiveCfg = Release|x86
		{2C34A044-1BDE-44E8-A86E-E9971C87DA21}.Release2|x86.Build.0 = Release|x86
		{2C34A044-1BDE-44E8-A86E-E9971C87DA21}.sciBASIC.NET-test-release|Any CPU.ActiveCfg = Surveillance-of-infectious-diseases|Any CPU
		{2C34A044-1BDE-44E8-A86E-E9971C87DA21}.sciBASIC.NET-test-release|Any CPU.Build.0 = Surveillance-of-infectious-diseases|Any CPU
		{2C34A044-1BDE-44E8-A86E-E9971C87DA21}.sciBASIC.NET-test-release|x64.ActiveCfg = Surveillance-of-infectious-diseases|x64
		{2C34A044-1BDE-44E8-A86E-E9971C87DA21}.sciBASIC.NET-test-release|x64.Build.0 = Surveillance-of-infectious-diseases|x64
		{2C34A044-1BDE-44E8-A86E-E9971C87DA21}.sciBASIC.NET-test-release|x86.ActiveCfg = Surveillance-of-infectious-diseases|x86
		{2C34A044-1BDE-44E8-A86E-E9971C87DA21}.sciBASIC.NET-test-release|x86.Build.0 = Surveillance-of-infectious-diseases|x86
		{2C34A044-1BDE-44E8-A86E-E9971C87DA21}.Surveillance-of-infectious-diseases|Any CPU.ActiveCfg = Surveillance-of-infectious-diseases|Any CPU
		{2C34A044-1BDE-44E8-A86E-E9971C87DA21}.Surveillance-of-infectious-diseases|Any CPU.Build.0 = Surveillance-of-infectious-diseases|Any CPU
		{2C34A044-1BDE-44E8-A86E-E9971C87DA21}.Surveillance-of-infectious-diseases|x64.ActiveCfg = Surveillance-of-infectious-diseases|x64
		{2C34A044-1BDE-44E8-A86E-E9971C87DA21}.Surveillance-of-infectious-diseases|x64.Build.0 = Surveillance-of-infectious-diseases|x64
		{2C34A044-1BDE-44E8-A86E-E9971C87DA21}.Surveillance-of-infectious-diseases|x86.ActiveCfg = Surveillance-of-infectious-diseases|x86
		{2C34A044-1BDE-44E8-A86E-E9971C87DA21}.Surveillance-of-infectious-diseases|x86.Build.0 = Surveillance-of-infectious-diseases|x86
		{2C34A044-1BDE-44E8-A86E-E9971C87DA21}.Yilia-Release_x64|Any CPU.ActiveCfg = Release|Any CPU
		{2C34A044-1BDE-44E8-A86E-E9971C87DA21}.Yilia-Release_x64|Any CPU.Build.0 = Release|Any CPU
		{2C34A044-1BDE-44E8-A86E-E9971C87DA21}.Yilia-Release_x64|x64.ActiveCfg = Release|x64
		{2C34A044-1BDE-44E8-A86E-E9971C87DA21}.Yilia-Release_x64|x64.Build.0 = Release|x64
		{2C34A044-1BDE-44E8-A86E-E9971C87DA21}.Yilia-Release_x64|x86.ActiveCfg = Release|x86
		{2C34A044-1BDE-44E8-A86E-E9971C87DA21}.Yilia-Release_x64|x86.Build.0 = Release|x86
		{E6352F66-3446-4705-A775-7AED6AE643D4}.Biodeep_UNIX_x64|Any CPU.ActiveCfg = Release|Any CPU
		{E6352F66-3446-4705-A775-7AED6AE643D4}.Biodeep_UNIX_x64|Any CPU.Build.0 = Release|Any CPU
		{E6352F66-3446-4705-A775-7AED6AE643D4}.Biodeep_UNIX_x64|x64.ActiveCfg = Release|Any CPU
		{E6352F66-3446-4705-A775-7AED6AE643D4}.Biodeep_UNIX_x64|x64.Build.0 = Release|Any CPU
		{E6352F66-3446-4705-A775-7AED6AE643D4}.Biodeep_UNIX_x64|x86.ActiveCfg = Release|Any CPU
		{E6352F66-3446-4705-A775-7AED6AE643D4}.Biodeep_UNIX_x64|x86.Build.0 = Release|Any CPU
		{E6352F66-3446-4705-A775-7AED6AE643D4}.Biodeep|Any CPU.ActiveCfg = Release|Any CPU
		{E6352F66-3446-4705-A775-7AED6AE643D4}.Biodeep|Any CPU.Build.0 = Release|Any CPU
		{E6352F66-3446-4705-A775-7AED6AE643D4}.Biodeep|x64.ActiveCfg = Release|Any CPU
		{E6352F66-3446-4705-A775-7AED6AE643D4}.Biodeep|x64.Build.0 = Release|Any CPU
		{E6352F66-3446-4705-A775-7AED6AE643D4}.Biodeep|x86.ActiveCfg = Release|Any CPU
		{E6352F66-3446-4705-A775-7AED6AE643D4}.Biodeep|x86.Build.0 = Release|Any CPU
		{E6352F66-3446-4705-A775-7AED6AE643D4}.Debug|Any CPU.ActiveCfg = Debug|Any CPU
		{E6352F66-3446-4705-A775-7AED6AE643D4}.Debug|Any CPU.Build.0 = Debug|Any CPU
		{E6352F66-3446-4705-A775-7AED6AE643D4}.Debug|x64.ActiveCfg = Debug|x64
		{E6352F66-3446-4705-A775-7AED6AE643D4}.Debug|x64.Build.0 = Debug|x64
		{E6352F66-3446-4705-A775-7AED6AE643D4}.Debug|x86.ActiveCfg = Debug|Any CPU
		{E6352F66-3446-4705-A775-7AED6AE643D4}.Debug|x86.Build.0 = Debug|Any CPU
		{E6352F66-3446-4705-A775-7AED6AE643D4}.DEMO|Any CPU.ActiveCfg = Debug|Any CPU
		{E6352F66-3446-4705-A775-7AED6AE643D4}.DEMO|Any CPU.Build.0 = Debug|Any CPU
		{E6352F66-3446-4705-A775-7AED6AE643D4}.DEMO|x64.ActiveCfg = Debug|Any CPU
		{E6352F66-3446-4705-A775-7AED6AE643D4}.DEMO|x64.Build.0 = Debug|Any CPU
		{E6352F66-3446-4705-A775-7AED6AE643D4}.DEMO|x86.ActiveCfg = Debug|Any CPU
		{E6352F66-3446-4705-A775-7AED6AE643D4}.DEMO|x86.Build.0 = Debug|Any CPU
		{E6352F66-3446-4705-A775-7AED6AE643D4}.docs|Any CPU.ActiveCfg = Debug|Any CPU
		{E6352F66-3446-4705-A775-7AED6AE643D4}.docs|Any CPU.Build.0 = Debug|Any CPU
		{E6352F66-3446-4705-A775-7AED6AE643D4}.docs|x64.ActiveCfg = Debug|Any CPU
		{E6352F66-3446-4705-A775-7AED6AE643D4}.docs|x64.Build.0 = Debug|Any CPU
		{E6352F66-3446-4705-A775-7AED6AE643D4}.docs|x86.ActiveCfg = Debug|Any CPU
		{E6352F66-3446-4705-A775-7AED6AE643D4}.docs|x86.Build.0 = Debug|Any CPU
		{E6352F66-3446-4705-A775-7AED6AE643D4}.GCModeller(Release_X64)|Any CPU.ActiveCfg = Release|Any CPU
		{E6352F66-3446-4705-A775-7AED6AE643D4}.GCModeller(Release_X64)|Any CPU.Build.0 = Release|Any CPU
		{E6352F66-3446-4705-A775-7AED6AE643D4}.GCModeller(Release_X64)|x64.ActiveCfg = Release|Any CPU
		{E6352F66-3446-4705-A775-7AED6AE643D4}.GCModeller(Release_X64)|x64.Build.0 = Release|Any CPU
		{E6352F66-3446-4705-A775-7AED6AE643D4}.GCModeller(Release_X64)|x86.ActiveCfg = Release|Any CPU
		{E6352F66-3446-4705-A775-7AED6AE643D4}.GCModeller(Release_X64)|x86.Build.0 = Release|Any CPU
		{E6352F66-3446-4705-A775-7AED6AE643D4}.GCModeller(UNIX-Release_X64)|Any CPU.ActiveCfg = Release|Any CPU
		{E6352F66-3446-4705-A775-7AED6AE643D4}.GCModeller(UNIX-Release_X64)|Any CPU.Build.0 = Release|Any CPU
		{E6352F66-3446-4705-A775-7AED6AE643D4}.GCModeller(UNIX-Release_X64)|x64.ActiveCfg = Release|Any CPU
		{E6352F66-3446-4705-A775-7AED6AE643D4}.GCModeller(UNIX-Release_X64)|x64.Build.0 = Release|Any CPU
		{E6352F66-3446-4705-A775-7AED6AE643D4}.GCModeller(UNIX-Release_X64)|x86.ActiveCfg = Release|Any CPU
		{E6352F66-3446-4705-A775-7AED6AE643D4}.GCModeller(UNIX-Release_X64)|x86.Build.0 = Release|Any CPU
		{E6352F66-3446-4705-A775-7AED6AE643D4}.installer_x64|Any CPU.ActiveCfg = Release|Any CPU
		{E6352F66-3446-4705-A775-7AED6AE643D4}.installer_x64|Any CPU.Build.0 = Release|Any CPU
		{E6352F66-3446-4705-A775-7AED6AE643D4}.installer_x64|x64.ActiveCfg = Release|Any CPU
		{E6352F66-3446-4705-A775-7AED6AE643D4}.installer_x64|x64.Build.0 = Release|Any CPU
		{E6352F66-3446-4705-A775-7AED6AE643D4}.installer_x64|x86.ActiveCfg = Release|Any CPU
		{E6352F66-3446-4705-A775-7AED6AE643D4}.installer_x64|x86.Build.0 = Release|Any CPU
		{E6352F66-3446-4705-A775-7AED6AE643D4}.mysqli_X64_release|Any CPU.ActiveCfg = Release|Any CPU
		{E6352F66-3446-4705-A775-7AED6AE643D4}.mysqli_X64_release|Any CPU.Build.0 = Release|Any CPU
		{E6352F66-3446-4705-A775-7AED6AE643D4}.mysqli_X64_release|x64.ActiveCfg = Release|Any CPU
		{E6352F66-3446-4705-A775-7AED6AE643D4}.mysqli_X64_release|x64.Build.0 = Release|Any CPU
		{E6352F66-3446-4705-A775-7AED6AE643D4}.mysqli_X64_release|x86.ActiveCfg = Release|Any CPU
		{E6352F66-3446-4705-A775-7AED6AE643D4}.mysqli_X64_release|x86.Build.0 = Release|Any CPU
		{E6352F66-3446-4705-A775-7AED6AE643D4}.ProteoWizard.d|Any CPU.ActiveCfg = Release|Any CPU
		{E6352F66-3446-4705-A775-7AED6AE643D4}.ProteoWizard.d|Any CPU.Build.0 = Release|Any CPU
		{E6352F66-3446-4705-A775-7AED6AE643D4}.ProteoWizard.d|x64.ActiveCfg = Release|Any CPU
		{E6352F66-3446-4705-A775-7AED6AE643D4}.ProteoWizard.d|x64.Build.0 = Release|Any CPU
		{E6352F66-3446-4705-A775-7AED6AE643D4}.ProteoWizard.d|x86.ActiveCfg = Release|Any CPU
		{E6352F66-3446-4705-A775-7AED6AE643D4}.ProteoWizard.d|x86.Build.0 = Release|Any CPU
		{E6352F66-3446-4705-A775-7AED6AE643D4}.Publish|Any CPU.ActiveCfg = Release|Any CPU
		{E6352F66-3446-4705-A775-7AED6AE643D4}.Publish|Any CPU.Build.0 = Release|Any CPU
		{E6352F66-3446-4705-A775-7AED6AE643D4}.Publish|x64.ActiveCfg = Release|Any CPU
		{E6352F66-3446-4705-A775-7AED6AE643D4}.Publish|x64.Build.0 = Release|Any CPU
		{E6352F66-3446-4705-A775-7AED6AE643D4}.Publish|x86.ActiveCfg = Release|Any CPU
		{E6352F66-3446-4705-A775-7AED6AE643D4}.Publish|x86.Build.0 = Release|Any CPU
		{E6352F66-3446-4705-A775-7AED6AE643D4}.Release|Any CPU.ActiveCfg = Release|Any CPU
		{E6352F66-3446-4705-A775-7AED6AE643D4}.Release|Any CPU.Build.0 = Release|Any CPU
		{E6352F66-3446-4705-A775-7AED6AE643D4}.Release|x64.ActiveCfg = Release|Any CPU
		{E6352F66-3446-4705-A775-7AED6AE643D4}.Release|x64.Build.0 = Release|Any CPU
		{E6352F66-3446-4705-A775-7AED6AE643D4}.Release|x86.ActiveCfg = Release|Any CPU
		{E6352F66-3446-4705-A775-7AED6AE643D4}.Release|x86.Build.0 = Release|Any CPU
		{E6352F66-3446-4705-A775-7AED6AE643D4}.Release2|Any CPU.ActiveCfg = Release|Any CPU
		{E6352F66-3446-4705-A775-7AED6AE643D4}.Release2|Any CPU.Build.0 = Release|Any CPU
		{E6352F66-3446-4705-A775-7AED6AE643D4}.Release2|x64.ActiveCfg = Release|Any CPU
		{E6352F66-3446-4705-A775-7AED6AE643D4}.Release2|x64.Build.0 = Release|Any CPU
		{E6352F66-3446-4705-A775-7AED6AE643D4}.Release2|x86.ActiveCfg = Release|Any CPU
		{E6352F66-3446-4705-A775-7AED6AE643D4}.Release2|x86.Build.0 = Release|Any CPU
		{E6352F66-3446-4705-A775-7AED6AE643D4}.sciBASIC.NET-test-release|Any CPU.ActiveCfg = Release|Any CPU
		{E6352F66-3446-4705-A775-7AED6AE643D4}.sciBASIC.NET-test-release|Any CPU.Build.0 = Release|Any CPU
		{E6352F66-3446-4705-A775-7AED6AE643D4}.sciBASIC.NET-test-release|x64.ActiveCfg = Release|Any CPU
		{E6352F66-3446-4705-A775-7AED6AE643D4}.sciBASIC.NET-test-release|x64.Build.0 = Release|Any CPU
		{E6352F66-3446-4705-A775-7AED6AE643D4}.sciBASIC.NET-test-release|x86.ActiveCfg = Release|Any CPU
		{E6352F66-3446-4705-A775-7AED6AE643D4}.sciBASIC.NET-test-release|x86.Build.0 = Release|Any CPU
		{E6352F66-3446-4705-A775-7AED6AE643D4}.Surveillance-of-infectious-diseases|Any CPU.ActiveCfg = Release|Any CPU
		{E6352F66-3446-4705-A775-7AED6AE643D4}.Surveillance-of-infectious-diseases|Any CPU.Build.0 = Release|Any CPU
		{E6352F66-3446-4705-A775-7AED6AE643D4}.Surveillance-of-infectious-diseases|x64.ActiveCfg = Release|Any CPU
		{E6352F66-3446-4705-A775-7AED6AE643D4}.Surveillance-of-infectious-diseases|x64.Build.0 = Release|Any CPU
		{E6352F66-3446-4705-A775-7AED6AE643D4}.Surveillance-of-infectious-diseases|x86.ActiveCfg = Release|Any CPU
		{E6352F66-3446-4705-A775-7AED6AE643D4}.Surveillance-of-infectious-diseases|x86.Build.0 = Release|Any CPU
		{E6352F66-3446-4705-A775-7AED6AE643D4}.Yilia-Release_x64|Any CPU.ActiveCfg = Release|Any CPU
		{E6352F66-3446-4705-A775-7AED6AE643D4}.Yilia-Release_x64|Any CPU.Build.0 = Release|Any CPU
		{E6352F66-3446-4705-A775-7AED6AE643D4}.Yilia-Release_x64|x64.ActiveCfg = Release|Any CPU
		{E6352F66-3446-4705-A775-7AED6AE643D4}.Yilia-Release_x64|x64.Build.0 = Release|Any CPU
		{E6352F66-3446-4705-A775-7AED6AE643D4}.Yilia-Release_x64|x86.ActiveCfg = Release|Any CPU
		{E6352F66-3446-4705-A775-7AED6AE643D4}.Yilia-Release_x64|x86.Build.0 = Release|Any CPU
	EndGlobalSection
	GlobalSection(SolutionProperties) = preSolution
		HideSolutionNode = FALSE
	EndGlobalSection
	GlobalSection(NestedProjects) = preSolution
		{FECCE1FD-E1D4-49E3-A668-60BB5E7AED99} = {273C0BB3-2385-4464-B2FB-56A7E4E8C9B1}
		{7283C179-F852-4EAD-8D8F-B82EF2CBD7DB} = {273C0BB3-2385-4464-B2FB-56A7E4E8C9B1}
		{AFE06B59-9DFC-4A8B-B771-0FBA57D36149} = {273C0BB3-2385-4464-B2FB-56A7E4E8C9B1}
		{FBFC1455-B232-4F16-AFC7-4054A8B864AB} = {AFE06B59-9DFC-4A8B-B771-0FBA57D36149}
		{CE825E49-0386-4AB1-B452-B104ED3F7DEB} = {AFE06B59-9DFC-4A8B-B771-0FBA57D36149}
		{B1DE5562-91D6-4AEE-AA26-72EF2DFC7C75} = {AFE06B59-9DFC-4A8B-B771-0FBA57D36149}
		{2C34A044-1BDE-44E8-A86E-E9971C87DA21} = {2BF7E9D1-ACF6-42A6-952D-7A9AE854244E}
		{2BF7E9D1-ACF6-42A6-952D-7A9AE854244E} = {273C0BB3-2385-4464-B2FB-56A7E4E8C9B1}
		{7404646F-5BBA-4E31-B108-8C551E84DD09} = {2BF7E9D1-ACF6-42A6-952D-7A9AE854244E}
		{507B358A-8812-4EEA-9D80-5AAD2333189C} = {273C0BB3-2385-4464-B2FB-56A7E4E8C9B1}
		{3D1FB85C-C35B-4AE8-BC0A-36FCE222551E} = {507B358A-8812-4EEA-9D80-5AAD2333189C}
	EndGlobalSection
	GlobalSection(ExtensibilityGlobals) = postSolution
		SolutionGuid = {759C6AC1-044F-446F-8B14-15EB2C1F9109}
	EndGlobalSection
EndGlobal
